
Microsoft Visual Studio Solution File, Format Version 12.00
# Visual Studio Version 16
VisualStudioVersion = 16.0.28922.388
MinimumVisualStudioVersion = 10.0.40219.1
Project("{2150E333-8FDC-42A3-9474-1A3956D46DE8}") = "Solution Items", "Solution Items", "{8D122F41-9B35-4129-B519-364425685F4E}"
	ProjectSection(SolutionItems) = preProject
		.editorconfig = .editorconfig
	EndProjectSection
EndProject
Project("{9A19103F-16F7-4668-BE54-9A1E7A4F7556}") = "LiveSharp.Runtime", "src\LiveSharp.Runtime\LiveSharp.Runtime.csproj", "{5653D4F7-485F-41E7-AF5B-C50EFF1F9D02}"	
EndProject
Project("{9A19103F-16F7-4668-BE54-9A1E7A4F7556}") = "LiveSharp.CodedUiTest", "src\LiveSharp.CodedUiTest\LiveSharp.CodedUiTest.csproj", "{59EAEC6B-8FB6-4191-9F19-2325FA95E74E}"
EndProject
Project("{2150E333-8FDC-42A3-9474-1A3956D46DE8}") = "Tests", "Tests", "{61987F64-E278-41CF-A541-80D891263570}"
EndProject
Project("{9A19103F-16F7-4668-BE54-9A1E7A4F7556}") = "LiveSharp.RuntimeTests", "test\LiveSharp.RuntimeTests\LiveSharp.RuntimeTests.csproj", "{95D792A0-CF77-42AA-B78A-2D1ACE22E6E2}"
EndProject
Project("{FAE04EC0-301F-11D3-BF4B-00C04F79EFBC}") = "LiveSharp.Interfaces", "src\LiveSharp.Interfaces\LiveSharp.Interfaces.csproj", "{8919FE5A-7CE6-4F55-915D-28B61E06BC57}"
EndProject
Project("{FAE04EC0-301F-11D3-BF4B-00C04F79EFBC}") = "LiveSharp", "src\LiveSharp\LiveSharp.csproj", "{F729322A-1327-41C5-B212-1A9CE0D73528}"
EndProject
Global
	GlobalSection(SolutionConfigurationPlatforms) = preSolution
		Ad-Hoc|Any CPU = Ad-Hoc|Any CPU
		Ad-Hoc|ARM = Ad-Hoc|ARM
		Ad-Hoc|iPhone = Ad-Hoc|iPhone
		Ad-Hoc|iPhoneSimulator = Ad-Hoc|iPhoneSimulator
		Ad-Hoc|x64 = Ad-Hoc|x64
		Ad-Hoc|x86 = Ad-Hoc|x86
		AppStore|Any CPU = AppStore|Any CPU
		AppStore|ARM = AppStore|ARM
		AppStore|iPhone = AppStore|iPhone
		AppStore|iPhoneSimulator = AppStore|iPhoneSimulator
		AppStore|x64 = AppStore|x64
		AppStore|x86 = AppStore|x86
		Debug|Any CPU = Debug|Any CPU
		Debug|ARM = Debug|ARM
		Debug|iPhone = Debug|iPhone
		Debug|iPhoneSimulator = Debug|iPhoneSimulator
		Debug|x64 = Debug|x64
		Debug|x86 = Debug|x86
		Release|Any CPU = Release|Any CPU
		Release|ARM = Release|ARM
		Release|iPhone = Release|iPhone
		Release|iPhoneSimulator = Release|iPhoneSimulator
		Release|x64 = Release|x64
		Release|x86 = Release|x86
		Test|Any CPU = Test|Any CPU
		Test|ARM = Test|ARM
		Test|iPhone = Test|iPhone
		Test|iPhoneSimulator = Test|iPhoneSimulator
		Test|x64 = Test|x64
		Test|x86 = Test|x86
	EndGlobalSection
	GlobalSection(ProjectConfigurationPlatforms) = postSolution
		{5653D4F7-485F-41E7-AF5B-C50EFF1F9D02}.Ad-Hoc|Any CPU.ActiveCfg = Release|Any CPU
		{5653D4F7-485F-41E7-AF5B-C50EFF1F9D02}.Ad-Hoc|Any CPU.Build.0 = Release|Any CPU
		{5653D4F7-485F-41E7-AF5B-C50EFF1F9D02}.Ad-Hoc|ARM.ActiveCfg = Release|Any CPU
		{5653D4F7-485F-41E7-AF5B-C50EFF1F9D02}.Ad-Hoc|ARM.Build.0 = Release|Any CPU
		{5653D4F7-485F-41E7-AF5B-C50EFF1F9D02}.Ad-Hoc|iPhone.ActiveCfg = Release|Any CPU
		{5653D4F7-485F-41E7-AF5B-C50EFF1F9D02}.Ad-Hoc|iPhone.Build.0 = Release|Any CPU
		{5653D4F7-485F-41E7-AF5B-C50EFF1F9D02}.Ad-Hoc|iPhoneSimulator.ActiveCfg = Release|Any CPU
		{5653D4F7-485F-41E7-AF5B-C50EFF1F9D02}.Ad-Hoc|iPhoneSimulator.Build.0 = Release|Any CPU
		{5653D4F7-485F-41E7-AF5B-C50EFF1F9D02}.Ad-Hoc|x64.ActiveCfg = Release|Any CPU
		{5653D4F7-485F-41E7-AF5B-C50EFF1F9D02}.Ad-Hoc|x64.Build.0 = Release|Any CPU
		{5653D4F7-485F-41E7-AF5B-C50EFF1F9D02}.Ad-Hoc|x86.ActiveCfg = Release|Any CPU
		{5653D4F7-485F-41E7-AF5B-C50EFF1F9D02}.Ad-Hoc|x86.Build.0 = Release|Any CPU
		{5653D4F7-485F-41E7-AF5B-C50EFF1F9D02}.AppStore|Any CPU.ActiveCfg = Release|Any CPU
		{5653D4F7-485F-41E7-AF5B-C50EFF1F9D02}.AppStore|Any CPU.Build.0 = Release|Any CPU
		{5653D4F7-485F-41E7-AF5B-C50EFF1F9D02}.AppStore|ARM.ActiveCfg = Release|Any CPU
		{5653D4F7-485F-41E7-AF5B-C50EFF1F9D02}.AppStore|ARM.Build.0 = Release|Any CPU
		{5653D4F7-485F-41E7-AF5B-C50EFF1F9D02}.AppStore|iPhone.ActiveCfg = Release|Any CPU
		{5653D4F7-485F-41E7-AF5B-C50EFF1F9D02}.AppStore|iPhone.Build.0 = Release|Any CPU
		{5653D4F7-485F-41E7-AF5B-C50EFF1F9D02}.AppStore|iPhoneSimulator.ActiveCfg = Release|Any CPU
		{5653D4F7-485F-41E7-AF5B-C50EFF1F9D02}.AppStore|iPhoneSimulator.Build.0 = Release|Any CPU
		{5653D4F7-485F-41E7-AF5B-C50EFF1F9D02}.AppStore|x64.ActiveCfg = Release|Any CPU
		{5653D4F7-485F-41E7-AF5B-C50EFF1F9D02}.AppStore|x64.Build.0 = Release|Any CPU
		{5653D4F7-485F-41E7-AF5B-C50EFF1F9D02}.AppStore|x86.ActiveCfg = Release|Any CPU
		{5653D4F7-485F-41E7-AF5B-C50EFF1F9D02}.AppStore|x86.Build.0 = Release|Any CPU
		{5653D4F7-485F-41E7-AF5B-C50EFF1F9D02}.Debug|Any CPU.ActiveCfg = Debug|Any CPU
		{5653D4F7-485F-41E7-AF5B-C50EFF1F9D02}.Debug|Any CPU.Build.0 = Debug|Any CPU
		{5653D4F7-485F-41E7-AF5B-C50EFF1F9D02}.Debug|ARM.ActiveCfg = Debug|Any CPU
		{5653D4F7-485F-41E7-AF5B-C50EFF1F9D02}.Debug|ARM.Build.0 = Debug|Any CPU
		{5653D4F7-485F-41E7-AF5B-C50EFF1F9D02}.Debug|iPhone.ActiveCfg = Debug|Any CPU
		{5653D4F7-485F-41E7-AF5B-C50EFF1F9D02}.Debug|iPhone.Build.0 = Debug|Any CPU
		{5653D4F7-485F-41E7-AF5B-C50EFF1F9D02}.Debug|iPhoneSimulator.ActiveCfg = Debug|Any CPU
		{5653D4F7-485F-41E7-AF5B-C50EFF1F9D02}.Debug|iPhoneSimulator.Build.0 = Debug|Any CPU
		{5653D4F7-485F-41E7-AF5B-C50EFF1F9D02}.Debug|x64.ActiveCfg = Debug|Any CPU
		{5653D4F7-485F-41E7-AF5B-C50EFF1F9D02}.Debug|x64.Build.0 = Debug|Any CPU
		{5653D4F7-485F-41E7-AF5B-C50EFF1F9D02}.Debug|x86.ActiveCfg = Debug|Any CPU
		{5653D4F7-485F-41E7-AF5B-C50EFF1F9D02}.Debug|x86.Build.0 = Debug|Any CPU
		{5653D4F7-485F-41E7-AF5B-C50EFF1F9D02}.Release|Any CPU.ActiveCfg = Release|Any CPU
		{5653D4F7-485F-41E7-AF5B-C50EFF1F9D02}.Release|Any CPU.Build.0 = Release|Any CPU
		{5653D4F7-485F-41E7-AF5B-C50EFF1F9D02}.Release|ARM.ActiveCfg = Release|Any CPU
		{5653D4F7-485F-41E7-AF5B-C50EFF1F9D02}.Release|ARM.Build.0 = Release|Any CPU
		{5653D4F7-485F-41E7-AF5B-C50EFF1F9D02}.Release|iPhone.ActiveCfg = Release|Any CPU
		{5653D4F7-485F-41E7-AF5B-C50EFF1F9D02}.Release|iPhone.Build.0 = Release|Any CPU
		{5653D4F7-485F-41E7-AF5B-C50EFF1F9D02}.Release|iPhoneSimulator.ActiveCfg = Release|Any CPU
		{5653D4F7-485F-41E7-AF5B-C50EFF1F9D02}.Release|iPhoneSimulator.Build.0 = Release|Any CPU
		{5653D4F7-485F-41E7-AF5B-C50EFF1F9D02}.Release|x64.ActiveCfg = Release|Any CPU
		{5653D4F7-485F-41E7-AF5B-C50EFF1F9D02}.Release|x64.Build.0 = Release|Any CPU
		{5653D4F7-485F-41E7-AF5B-C50EFF1F9D02}.Release|x86.ActiveCfg = Release|Any CPU
		{5653D4F7-485F-41E7-AF5B-C50EFF1F9D02}.Release|x86.Build.0 = Release|Any CPU
		{5653D4F7-485F-41E7-AF5B-C50EFF1F9D02}.Test|Any CPU.ActiveCfg = Release|Any CPU
		{5653D4F7-485F-41E7-AF5B-C50EFF1F9D02}.Test|Any CPU.Build.0 = Release|Any CPU
		{5653D4F7-485F-41E7-AF5B-C50EFF1F9D02}.Test|ARM.ActiveCfg = Release|Any CPU
		{5653D4F7-485F-41E7-AF5B-C50EFF1F9D02}.Test|ARM.Build.0 = Release|Any CPU
		{5653D4F7-485F-41E7-AF5B-C50EFF1F9D02}.Test|iPhone.ActiveCfg = Release|Any CPU
		{5653D4F7-485F-41E7-AF5B-C50EFF1F9D02}.Test|iPhone.Build.0 = Release|Any CPU
		{5653D4F7-485F-41E7-AF5B-C50EFF1F9D02}.Test|iPhoneSimulator.ActiveCfg = Release|Any CPU
		{5653D4F7-485F-41E7-AF5B-C50EFF1F9D02}.Test|iPhoneSimulator.Build.0 = Release|Any CPU
		{5653D4F7-485F-41E7-AF5B-C50EFF1F9D02}.Test|x64.ActiveCfg = Release|Any CPU
		{5653D4F7-485F-41E7-AF5B-C50EFF1F9D02}.Test|x64.Build.0 = Release|Any CPU
		{5653D4F7-485F-41E7-AF5B-C50EFF1F9D02}.Test|x86.ActiveCfg = Release|Any CPU
		{5653D4F7-485F-41E7-AF5B-C50EFF1F9D02}.Test|x86.Build.0 = Release|Any CPU
		{59EAEC6B-8FB6-4191-9F19-2325FA95E74E}.Ad-Hoc|Any CPU.ActiveCfg = Release|Any CPU
		{59EAEC6B-8FB6-4191-9F19-2325FA95E74E}.Ad-Hoc|Any CPU.Build.0 = Release|Any CPU
		{59EAEC6B-8FB6-4191-9F19-2325FA95E74E}.Ad-Hoc|ARM.ActiveCfg = Release|Any CPU
		{59EAEC6B-8FB6-4191-9F19-2325FA95E74E}.Ad-Hoc|ARM.Build.0 = Release|Any CPU
		{59EAEC6B-8FB6-4191-9F19-2325FA95E74E}.Ad-Hoc|iPhone.ActiveCfg = Release|Any CPU
		{59EAEC6B-8FB6-4191-9F19-2325FA95E74E}.Ad-Hoc|iPhone.Build.0 = Release|Any CPU
		{59EAEC6B-8FB6-4191-9F19-2325FA95E74E}.Ad-Hoc|iPhoneSimulator.ActiveCfg = Release|Any CPU
		{59EAEC6B-8FB6-4191-9F19-2325FA95E74E}.Ad-Hoc|iPhoneSimulator.Build.0 = Release|Any CPU
		{59EAEC6B-8FB6-4191-9F19-2325FA95E74E}.Ad-Hoc|x64.ActiveCfg = Release|Any CPU
		{59EAEC6B-8FB6-4191-9F19-2325FA95E74E}.Ad-Hoc|x64.Build.0 = Release|Any CPU
		{59EAEC6B-8FB6-4191-9F19-2325FA95E74E}.Ad-Hoc|x86.ActiveCfg = Release|Any CPU
		{59EAEC6B-8FB6-4191-9F19-2325FA95E74E}.Ad-Hoc|x86.Build.0 = Release|Any CPU
		{59EAEC6B-8FB6-4191-9F19-2325FA95E74E}.AppStore|Any CPU.ActiveCfg = Release|Any CPU
		{59EAEC6B-8FB6-4191-9F19-2325FA95E74E}.AppStore|Any CPU.Build.0 = Release|Any CPU
		{59EAEC6B-8FB6-4191-9F19-2325FA95E74E}.AppStore|ARM.ActiveCfg = Release|Any CPU
		{59EAEC6B-8FB6-4191-9F19-2325FA95E74E}.AppStore|ARM.Build.0 = Release|Any CPU
		{59EAEC6B-8FB6-4191-9F19-2325FA95E74E}.AppStore|iPhone.ActiveCfg = Release|Any CPU
		{59EAEC6B-8FB6-4191-9F19-2325FA95E74E}.AppStore|iPhone.Build.0 = Release|Any CPU
		{59EAEC6B-8FB6-4191-9F19-2325FA95E74E}.AppStore|iPhoneSimulator.ActiveCfg = Release|Any CPU
		{59EAEC6B-8FB6-4191-9F19-2325FA95E74E}.AppStore|iPhoneSimulator.Build.0 = Release|Any CPU
		{59EAEC6B-8FB6-4191-9F19-2325FA95E74E}.AppStore|x64.ActiveCfg = Release|Any CPU
		{59EAEC6B-8FB6-4191-9F19-2325FA95E74E}.AppStore|x64.Build.0 = Release|Any CPU
		{59EAEC6B-8FB6-4191-9F19-2325FA95E74E}.AppStore|x86.ActiveCfg = Release|Any CPU
		{59EAEC6B-8FB6-4191-9F19-2325FA95E74E}.AppStore|x86.Build.0 = Release|Any CPU
		{59EAEC6B-8FB6-4191-9F19-2325FA95E74E}.Debug|Any CPU.ActiveCfg = Debug|Any CPU
		{59EAEC6B-8FB6-4191-9F19-2325FA95E74E}.Debug|Any CPU.Build.0 = Debug|Any CPU
		{59EAEC6B-8FB6-4191-9F19-2325FA95E74E}.Debug|ARM.ActiveCfg = Debug|Any CPU
		{59EAEC6B-8FB6-4191-9F19-2325FA95E74E}.Debug|ARM.Build.0 = Debug|Any CPU
		{59EAEC6B-8FB6-4191-9F19-2325FA95E74E}.Debug|iPhone.ActiveCfg = Debug|Any CPU
		{59EAEC6B-8FB6-4191-9F19-2325FA95E74E}.Debug|iPhone.Build.0 = Debug|Any CPU
		{59EAEC6B-8FB6-4191-9F19-2325FA95E74E}.Debug|iPhoneSimulator.ActiveCfg = Debug|Any CPU
		{59EAEC6B-8FB6-4191-9F19-2325FA95E74E}.Debug|iPhoneSimulator.Build.0 = Debug|Any CPU
		{59EAEC6B-8FB6-4191-9F19-2325FA95E74E}.Debug|x64.ActiveCfg = Debug|Any CPU
		{59EAEC6B-8FB6-4191-9F19-2325FA95E74E}.Debug|x64.Build.0 = Debug|Any CPU
		{59EAEC6B-8FB6-4191-9F19-2325FA95E74E}.Debug|x86.ActiveCfg = Debug|Any CPU
		{59EAEC6B-8FB6-4191-9F19-2325FA95E74E}.Debug|x86.Build.0 = Debug|Any CPU
		{59EAEC6B-8FB6-4191-9F19-2325FA95E74E}.Release|Any CPU.ActiveCfg = Release|Any CPU
		{59EAEC6B-8FB6-4191-9F19-2325FA95E74E}.Release|Any CPU.Build.0 = Release|Any CPU
		{59EAEC6B-8FB6-4191-9F19-2325FA95E74E}.Release|ARM.ActiveCfg = Release|Any CPU
		{59EAEC6B-8FB6-4191-9F19-2325FA95E74E}.Release|ARM.Build.0 = Release|Any CPU
		{59EAEC6B-8FB6-4191-9F19-2325FA95E74E}.Release|iPhone.ActiveCfg = Release|Any CPU
		{59EAEC6B-8FB6-4191-9F19-2325FA95E74E}.Release|iPhone.Build.0 = Release|Any CPU
		{59EAEC6B-8FB6-4191-9F19-2325FA95E74E}.Release|iPhoneSimulator.ActiveCfg = Release|Any CPU
		{59EAEC6B-8FB6-4191-9F19-2325FA95E74E}.Release|iPhoneSimulator.Build.0 = Release|Any CPU
		{59EAEC6B-8FB6-4191-9F19-2325FA95E74E}.Release|x64.ActiveCfg = Release|Any CPU
		{59EAEC6B-8FB6-4191-9F19-2325FA95E74E}.Release|x64.Build.0 = Release|Any CPU
		{59EAEC6B-8FB6-4191-9F19-2325FA95E74E}.Release|x86.ActiveCfg = Release|Any CPU
		{59EAEC6B-8FB6-4191-9F19-2325FA95E74E}.Release|x86.Build.0 = Release|Any CPU
		{59EAEC6B-8FB6-4191-9F19-2325FA95E74E}.Test|Any CPU.ActiveCfg = Release|Any CPU
		{59EAEC6B-8FB6-4191-9F19-2325FA95E74E}.Test|Any CPU.Build.0 = Release|Any CPU
		{59EAEC6B-8FB6-4191-9F19-2325FA95E74E}.Test|ARM.ActiveCfg = Release|Any CPU
		{59EAEC6B-8FB6-4191-9F19-2325FA95E74E}.Test|ARM.Build.0 = Release|Any CPU
		{59EAEC6B-8FB6-4191-9F19-2325FA95E74E}.Test|iPhone.ActiveCfg = Release|Any CPU
		{59EAEC6B-8FB6-4191-9F19-2325FA95E74E}.Test|iPhone.Build.0 = Release|Any CPU
		{59EAEC6B-8FB6-4191-9F19-2325FA95E74E}.Test|iPhoneSimulator.ActiveCfg = Release|Any CPU
		{59EAEC6B-8FB6-4191-9F19-2325FA95E74E}.Test|iPhoneSimulator.Build.0 = Release|Any CPU
		{59EAEC6B-8FB6-4191-9F19-2325FA95E74E}.Test|x64.ActiveCfg = Release|Any CPU
		{59EAEC6B-8FB6-4191-9F19-2325FA95E74E}.Test|x64.Build.0 = Release|Any CPU
		{59EAEC6B-8FB6-4191-9F19-2325FA95E74E}.Test|x86.ActiveCfg = Release|Any CPU
		{59EAEC6B-8FB6-4191-9F19-2325FA95E74E}.Test|x86.Build.0 = Release|Any CPU
		{0DA9268F-E80E-4352-A667-3CDFD2EA5CB6}.Ad-Hoc|Any CPU.ActiveCfg = Release|Any CPU
		{0DA9268F-E80E-4352-A667-3CDFD2EA5CB6}.Ad-Hoc|Any CPU.Build.0 = Release|Any CPU
		{0DA9268F-E80E-4352-A667-3CDFD2EA5CB6}.Ad-Hoc|ARM.ActiveCfg = Release|Any CPU
		{0DA9268F-E80E-4352-A667-3CDFD2EA5CB6}.Ad-Hoc|ARM.Build.0 = Release|Any CPU
		{0DA9268F-E80E-4352-A667-3CDFD2EA5CB6}.Ad-Hoc|iPhone.ActiveCfg = Release|Any CPU
		{0DA9268F-E80E-4352-A667-3CDFD2EA5CB6}.Ad-Hoc|iPhone.Build.0 = Release|Any CPU
		{0DA9268F-E80E-4352-A667-3CDFD2EA5CB6}.Ad-Hoc|iPhoneSimulator.ActiveCfg = Release|Any CPU
		{0DA9268F-E80E-4352-A667-3CDFD2EA5CB6}.Ad-Hoc|iPhoneSimulator.Build.0 = Release|Any CPU
		{0DA9268F-E80E-4352-A667-3CDFD2EA5CB6}.Ad-Hoc|x64.ActiveCfg = Release|Any CPU
		{0DA9268F-E80E-4352-A667-3CDFD2EA5CB6}.Ad-Hoc|x64.Build.0 = Release|Any CPU
		{0DA9268F-E80E-4352-A667-3CDFD2EA5CB6}.Ad-Hoc|x86.ActiveCfg = Release|Any CPU
		{0DA9268F-E80E-4352-A667-3CDFD2EA5CB6}.Ad-Hoc|x86.Build.0 = Release|Any CPU
		{0DA9268F-E80E-4352-A667-3CDFD2EA5CB6}.AppStore|Any CPU.ActiveCfg = Release|Any CPU
		{0DA9268F-E80E-4352-A667-3CDFD2EA5CB6}.AppStore|Any CPU.Build.0 = Release|Any CPU
		{0DA9268F-E80E-4352-A667-3CDFD2EA5CB6}.AppStore|ARM.ActiveCfg = Release|Any CPU
		{0DA9268F-E80E-4352-A667-3CDFD2EA5CB6}.AppStore|ARM.Build.0 = Release|Any CPU
		{0DA9268F-E80E-4352-A667-3CDFD2EA5CB6}.AppStore|iPhone.ActiveCfg = Release|Any CPU
		{0DA9268F-E80E-4352-A667-3CDFD2EA5CB6}.AppStore|iPhone.Build.0 = Release|Any CPU
		{0DA9268F-E80E-4352-A667-3CDFD2EA5CB6}.AppStore|iPhoneSimulator.ActiveCfg = Release|Any CPU
		{0DA9268F-E80E-4352-A667-3CDFD2EA5CB6}.AppStore|iPhoneSimulator.Build.0 = Release|Any CPU
		{0DA9268F-E80E-4352-A667-3CDFD2EA5CB6}.AppStore|x64.ActiveCfg = Release|Any CPU
		{0DA9268F-E80E-4352-A667-3CDFD2EA5CB6}.AppStore|x64.Build.0 = Release|Any CPU
		{0DA9268F-E80E-4352-A667-3CDFD2EA5CB6}.AppStore|x86.ActiveCfg = Release|Any CPU
		{0DA9268F-E80E-4352-A667-3CDFD2EA5CB6}.AppStore|x86.Build.0 = Release|Any CPU
		{0DA9268F-E80E-4352-A667-3CDFD2EA5CB6}.Debug|Any CPU.ActiveCfg = Debug|Any CPU
		{0DA9268F-E80E-4352-A667-3CDFD2EA5CB6}.Debug|Any CPU.Build.0 = Debug|Any CPU
		{0DA9268F-E80E-4352-A667-3CDFD2EA5CB6}.Debug|ARM.ActiveCfg = Debug|Any CPU
		{0DA9268F-E80E-4352-A667-3CDFD2EA5CB6}.Debug|ARM.Build.0 = Debug|Any CPU
		{0DA9268F-E80E-4352-A667-3CDFD2EA5CB6}.Debug|iPhone.ActiveCfg = Debug|Any CPU
		{0DA9268F-E80E-4352-A667-3CDFD2EA5CB6}.Debug|iPhone.Build.0 = Debug|Any CPU
		{0DA9268F-E80E-4352-A667-3CDFD2EA5CB6}.Debug|iPhoneSimulator.ActiveCfg = Debug|Any CPU
		{0DA9268F-E80E-4352-A667-3CDFD2EA5CB6}.Debug|iPhoneSimulator.Build.0 = Debug|Any CPU
		{0DA9268F-E80E-4352-A667-3CDFD2EA5CB6}.Debug|x64.ActiveCfg = Debug|Any CPU
		{0DA9268F-E80E-4352-A667-3CDFD2EA5CB6}.Debug|x64.Build.0 = Debug|Any CPU
		{0DA9268F-E80E-4352-A667-3CDFD2EA5CB6}.Debug|x86.ActiveCfg = Debug|Any CPU
		{0DA9268F-E80E-4352-A667-3CDFD2EA5CB6}.Debug|x86.Build.0 = Debug|Any CPU
		{0DA9268F-E80E-4352-A667-3CDFD2EA5CB6}.Release|Any CPU.ActiveCfg = Release|Any CPU
		{0DA9268F-E80E-4352-A667-3CDFD2EA5CB6}.Release|Any CPU.Build.0 = Release|Any CPU
		{0DA9268F-E80E-4352-A667-3CDFD2EA5CB6}.Release|ARM.ActiveCfg = Release|Any CPU
		{0DA9268F-E80E-4352-A667-3CDFD2EA5CB6}.Release|ARM.Build.0 = Release|Any CPU
		{0DA9268F-E80E-4352-A667-3CDFD2EA5CB6}.Release|iPhone.ActiveCfg = Release|Any CPU
		{0DA9268F-E80E-4352-A667-3CDFD2EA5CB6}.Release|iPhone.Build.0 = Release|Any CPU
		{0DA9268F-E80E-4352-A667-3CDFD2EA5CB6}.Release|iPhoneSimulator.ActiveCfg = Release|Any CPU
		{0DA9268F-E80E-4352-A667-3CDFD2EA5CB6}.Release|iPhoneSimulator.Build.0 = Release|Any CPU
		{0DA9268F-E80E-4352-A667-3CDFD2EA5CB6}.Release|x64.ActiveCfg = Release|Any CPU
		{0DA9268F-E80E-4352-A667-3CDFD2EA5CB6}.Release|x64.Build.0 = Release|Any CPU
		{0DA9268F-E80E-4352-A667-3CDFD2EA5CB6}.Release|x86.ActiveCfg = Release|Any CPU
		{0DA9268F-E80E-4352-A667-3CDFD2EA5CB6}.Release|x86.Build.0 = Release|Any CPU
		{0DA9268F-E80E-4352-A667-3CDFD2EA5CB6}.Test|Any CPU.ActiveCfg = Release|Any CPU
		{0DA9268F-E80E-4352-A667-3CDFD2EA5CB6}.Test|Any CPU.Build.0 = Release|Any CPU
		{0DA9268F-E80E-4352-A667-3CDFD2EA5CB6}.Test|ARM.ActiveCfg = Release|Any CPU
		{0DA9268F-E80E-4352-A667-3CDFD2EA5CB6}.Test|ARM.Build.0 = Release|Any CPU
		{0DA9268F-E80E-4352-A667-3CDFD2EA5CB6}.Test|iPhone.ActiveCfg = Release|Any CPU
		{0DA9268F-E80E-4352-A667-3CDFD2EA5CB6}.Test|iPhone.Build.0 = Release|Any CPU
		{0DA9268F-E80E-4352-A667-3CDFD2EA5CB6}.Test|iPhoneSimulator.ActiveCfg = Release|Any CPU
		{0DA9268F-E80E-4352-A667-3CDFD2EA5CB6}.Test|iPhoneSimulator.Build.0 = Release|Any CPU
		{0DA9268F-E80E-4352-A667-3CDFD2EA5CB6}.Test|x64.ActiveCfg = Release|Any CPU
		{0DA9268F-E80E-4352-A667-3CDFD2EA5CB6}.Test|x64.Build.0 = Release|Any CPU
		{0DA9268F-E80E-4352-A667-3CDFD2EA5CB6}.Test|x86.ActiveCfg = Release|Any CPU
		{0DA9268F-E80E-4352-A667-3CDFD2EA5CB6}.Test|x86.Build.0 = Release|Any CPU
		{95D792A0-CF77-42AA-B78A-2D1ACE22E6E2}.Ad-Hoc|Any CPU.ActiveCfg = Debug|Any CPU
		{95D792A0-CF77-42AA-B78A-2D1ACE22E6E2}.Ad-Hoc|Any CPU.Build.0 = Debug|Any CPU
		{95D792A0-CF77-42AA-B78A-2D1ACE22E6E2}.Ad-Hoc|ARM.ActiveCfg = Debug|Any CPU
		{95D792A0-CF77-42AA-B78A-2D1ACE22E6E2}.Ad-Hoc|ARM.Build.0 = Debug|Any CPU
		{95D792A0-CF77-42AA-B78A-2D1ACE22E6E2}.Ad-Hoc|iPhone.ActiveCfg = Debug|Any CPU
		{95D792A0-CF77-42AA-B78A-2D1ACE22E6E2}.Ad-Hoc|iPhone.Build.0 = Debug|Any CPU
		{95D792A0-CF77-42AA-B78A-2D1ACE22E6E2}.Ad-Hoc|iPhoneSimulator.ActiveCfg = Debug|Any CPU
		{95D792A0-CF77-42AA-B78A-2D1ACE22E6E2}.Ad-Hoc|iPhoneSimulator.Build.0 = Debug|Any CPU
		{95D792A0-CF77-42AA-B78A-2D1ACE22E6E2}.Ad-Hoc|x64.ActiveCfg = Debug|Any CPU
		{95D792A0-CF77-42AA-B78A-2D1ACE22E6E2}.Ad-Hoc|x64.Build.0 = Debug|Any CPU
		{95D792A0-CF77-42AA-B78A-2D1ACE22E6E2}.Ad-Hoc|x86.ActiveCfg = Debug|Any CPU
		{95D792A0-CF77-42AA-B78A-2D1ACE22E6E2}.Ad-Hoc|x86.Build.0 = Debug|Any CPU
		{95D792A0-CF77-42AA-B78A-2D1ACE22E6E2}.AppStore|Any CPU.ActiveCfg = Debug|Any CPU
		{95D792A0-CF77-42AA-B78A-2D1ACE22E6E2}.AppStore|Any CPU.Build.0 = Debug|Any CPU
		{95D792A0-CF77-42AA-B78A-2D1ACE22E6E2}.AppStore|ARM.ActiveCfg = Debug|Any CPU
		{95D792A0-CF77-42AA-B78A-2D1ACE22E6E2}.AppStore|ARM.Build.0 = Debug|Any CPU
		{95D792A0-CF77-42AA-B78A-2D1ACE22E6E2}.AppStore|iPhone.ActiveCfg = Debug|Any CPU
		{95D792A0-CF77-42AA-B78A-2D1ACE22E6E2}.AppStore|iPhone.Build.0 = Debug|Any CPU
		{95D792A0-CF77-42AA-B78A-2D1ACE22E6E2}.AppStore|iPhoneSimulator.ActiveCfg = Debug|Any CPU
		{95D792A0-CF77-42AA-B78A-2D1ACE22E6E2}.AppStore|iPhoneSimulator.Build.0 = Debug|Any CPU
		{95D792A0-CF77-42AA-B78A-2D1ACE22E6E2}.AppStore|x64.ActiveCfg = Debug|Any CPU
		{95D792A0-CF77-42AA-B78A-2D1ACE22E6E2}.AppStore|x64.Build.0 = Debug|Any CPU
		{95D792A0-CF77-42AA-B78A-2D1ACE22E6E2}.AppStore|x86.ActiveCfg = Debug|Any CPU
		{95D792A0-CF77-42AA-B78A-2D1ACE22E6E2}.AppStore|x86.Build.0 = Debug|Any CPU
		{95D792A0-CF77-42AA-B78A-2D1ACE22E6E2}.Debug|Any CPU.ActiveCfg = Debug|Any CPU
		{95D792A0-CF77-42AA-B78A-2D1ACE22E6E2}.Debug|Any CPU.Build.0 = Debug|Any CPU
		{95D792A0-CF77-42AA-B78A-2D1ACE22E6E2}.Debug|ARM.ActiveCfg = Debug|Any CPU
		{95D792A0-CF77-42AA-B78A-2D1ACE22E6E2}.Debug|ARM.Build.0 = Debug|Any CPU
		{95D792A0-CF77-42AA-B78A-2D1ACE22E6E2}.Debug|iPhone.ActiveCfg = Debug|Any CPU
		{95D792A0-CF77-42AA-B78A-2D1ACE22E6E2}.Debug|iPhone.Build.0 = Debug|Any CPU
		{95D792A0-CF77-42AA-B78A-2D1ACE22E6E2}.Debug|iPhoneSimulator.ActiveCfg = Debug|Any CPU
		{95D792A0-CF77-42AA-B78A-2D1ACE22E6E2}.Debug|iPhoneSimulator.Build.0 = Debug|Any CPU
		{95D792A0-CF77-42AA-B78A-2D1ACE22E6E2}.Debug|x64.ActiveCfg = Debug|Any CPU
		{95D792A0-CF77-42AA-B78A-2D1ACE22E6E2}.Debug|x64.Build.0 = Debug|Any CPU
		{95D792A0-CF77-42AA-B78A-2D1ACE22E6E2}.Debug|x86.ActiveCfg = Debug|Any CPU
		{95D792A0-CF77-42AA-B78A-2D1ACE22E6E2}.Debug|x86.Build.0 = Debug|Any CPU
		{95D792A0-CF77-42AA-B78A-2D1ACE22E6E2}.Release|Any CPU.ActiveCfg = Release|Any CPU
		{95D792A0-CF77-42AA-B78A-2D1ACE22E6E2}.Release|Any CPU.Build.0 = Release|Any CPU
		{95D792A0-CF77-42AA-B78A-2D1ACE22E6E2}.Release|ARM.ActiveCfg = Release|Any CPU
		{95D792A0-CF77-42AA-B78A-2D1ACE22E6E2}.Release|ARM.Build.0 = Release|Any CPU
		{95D792A0-CF77-42AA-B78A-2D1ACE22E6E2}.Release|iPhone.ActiveCfg = Release|Any CPU
		{95D792A0-CF77-42AA-B78A-2D1ACE22E6E2}.Release|iPhone.Build.0 = Release|Any CPU
		{95D792A0-CF77-42AA-B78A-2D1ACE22E6E2}.Release|iPhoneSimulator.ActiveCfg = Release|Any CPU
		{95D792A0-CF77-42AA-B78A-2D1ACE22E6E2}.Release|iPhoneSimulator.Build.0 = Release|Any CPU
		{95D792A0-CF77-42AA-B78A-2D1ACE22E6E2}.Release|x64.ActiveCfg = Release|Any CPU
		{95D792A0-CF77-42AA-B78A-2D1ACE22E6E2}.Release|x64.Build.0 = Release|Any CPU
		{95D792A0-CF77-42AA-B78A-2D1ACE22E6E2}.Release|x86.ActiveCfg = Release|Any CPU
		{95D792A0-CF77-42AA-B78A-2D1ACE22E6E2}.Release|x86.Build.0 = Release|Any CPU
		{95D792A0-CF77-42AA-B78A-2D1ACE22E6E2}.Test|Any CPU.ActiveCfg = Debug|Any CPU
		{95D792A0-CF77-42AA-B78A-2D1ACE22E6E2}.Test|Any CPU.Build.0 = Debug|Any CPU
		{95D792A0-CF77-42AA-B78A-2D1ACE22E6E2}.Test|ARM.ActiveCfg = Debug|Any CPU
		{95D792A0-CF77-42AA-B78A-2D1ACE22E6E2}.Test|ARM.Build.0 = Debug|Any CPU
		{95D792A0-CF77-42AA-B78A-2D1ACE22E6E2}.Test|iPhone.ActiveCfg = Debug|Any CPU
		{95D792A0-CF77-42AA-B78A-2D1ACE22E6E2}.Test|iPhone.Build.0 = Debug|Any CPU
		{95D792A0-CF77-42AA-B78A-2D1ACE22E6E2}.Test|iPhoneSimulator.ActiveCfg = Debug|Any CPU
		{95D792A0-CF77-42AA-B78A-2D1ACE22E6E2}.Test|iPhoneSimulator.Build.0 = Debug|Any CPU
		{95D792A0-CF77-42AA-B78A-2D1ACE22E6E2}.Test|x64.ActiveCfg = Debug|Any CPU
		{95D792A0-CF77-42AA-B78A-2D1ACE22E6E2}.Test|x64.Build.0 = Debug|Any CPU
		{95D792A0-CF77-42AA-B78A-2D1ACE22E6E2}.Test|x86.ActiveCfg = Debug|Any CPU
		{95D792A0-CF77-42AA-B78A-2D1ACE22E6E2}.Test|x86.Build.0 = Debug|Any CPU
		{B156ECA4-2C79-4759-B718-5E77E4C0ABB5}.Ad-Hoc|Any CPU.ActiveCfg = Debug|Any CPU
		{B156ECA4-2C79-4759-B718-5E77E4C0ABB5}.Ad-Hoc|Any CPU.Build.0 = Debug|Any CPU
		{B156ECA4-2C79-4759-B718-5E77E4C0ABB5}.Ad-Hoc|ARM.ActiveCfg = Debug|Any CPU
		{B156ECA4-2C79-4759-B718-5E77E4C0ABB5}.Ad-Hoc|ARM.Build.0 = Debug|Any CPU
		{B156ECA4-2C79-4759-B718-5E77E4C0ABB5}.Ad-Hoc|iPhone.ActiveCfg = Debug|Any CPU
		{B156ECA4-2C79-4759-B718-5E77E4C0ABB5}.Ad-Hoc|iPhone.Build.0 = Debug|Any CPU
		{B156ECA4-2C79-4759-B718-5E77E4C0ABB5}.Ad-Hoc|iPhoneSimulator.ActiveCfg = Debug|Any CPU
		{B156ECA4-2C79-4759-B718-5E77E4C0ABB5}.Ad-Hoc|iPhoneSimulator.Build.0 = Debug|Any CPU
		{B156ECA4-2C79-4759-B718-5E77E4C0ABB5}.Ad-Hoc|x64.ActiveCfg = Debug|Any CPU
		{B156ECA4-2C79-4759-B718-5E77E4C0ABB5}.Ad-Hoc|x64.Build.0 = Debug|Any CPU
		{B156ECA4-2C79-4759-B718-5E77E4C0ABB5}.Ad-Hoc|x86.ActiveCfg = Debug|Any CPU
		{B156ECA4-2C79-4759-B718-5E77E4C0ABB5}.Ad-Hoc|x86.Build.0 = Debug|Any CPU
		{B156ECA4-2C79-4759-B718-5E77E4C0ABB5}.AppStore|Any CPU.ActiveCfg = Debug|Any CPU
		{B156ECA4-2C79-4759-B718-5E77E4C0ABB5}.AppStore|Any CPU.Build.0 = Debug|Any CPU
		{B156ECA4-2C79-4759-B718-5E77E4C0ABB5}.AppStore|ARM.ActiveCfg = Debug|Any CPU
		{B156ECA4-2C79-4759-B718-5E77E4C0ABB5}.AppStore|ARM.Build.0 = Debug|Any CPU
		{B156ECA4-2C79-4759-B718-5E77E4C0ABB5}.AppStore|iPhone.ActiveCfg = Debug|Any CPU
		{B156ECA4-2C79-4759-B718-5E77E4C0ABB5}.AppStore|iPhone.Build.0 = Debug|Any CPU
		{B156ECA4-2C79-4759-B718-5E77E4C0ABB5}.AppStore|iPhoneSimulator.ActiveCfg = Debug|Any CPU
		{B156ECA4-2C79-4759-B718-5E77E4C0ABB5}.AppStore|iPhoneSimulator.Build.0 = Debug|Any CPU
		{B156ECA4-2C79-4759-B718-5E77E4C0ABB5}.AppStore|x64.ActiveCfg = Debug|Any CPU
		{B156ECA4-2C79-4759-B718-5E77E4C0ABB5}.AppStore|x64.Build.0 = Debug|Any CPU
		{B156ECA4-2C79-4759-B718-5E77E4C0ABB5}.AppStore|x86.ActiveCfg = Debug|Any CPU
		{B156ECA4-2C79-4759-B718-5E77E4C0ABB5}.AppStore|x86.Build.0 = Debug|Any CPU
		{B156ECA4-2C79-4759-B718-5E77E4C0ABB5}.Debug|Any CPU.ActiveCfg = Debug|Any CPU
		{B156ECA4-2C79-4759-B718-5E77E4C0ABB5}.Debug|Any CPU.Build.0 = Debug|Any CPU
		{B156ECA4-2C79-4759-B718-5E77E4C0ABB5}.Debug|ARM.ActiveCfg = Debug|Any CPU
		{B156ECA4-2C79-4759-B718-5E77E4C0ABB5}.Debug|ARM.Build.0 = Debug|Any CPU
		{B156ECA4-2C79-4759-B718-5E77E4C0ABB5}.Debug|iPhone.ActiveCfg = Debug|Any CPU
		{B156ECA4-2C79-4759-B718-5E77E4C0ABB5}.Debug|iPhone.Build.0 = Debug|Any CPU
		{B156ECA4-2C79-4759-B718-5E77E4C0ABB5}.Debug|iPhoneSimulator.ActiveCfg = Debug|Any CPU
		{B156ECA4-2C79-4759-B718-5E77E4C0ABB5}.Debug|iPhoneSimulator.Build.0 = Debug|Any CPU
		{B156ECA4-2C79-4759-B718-5E77E4C0ABB5}.Debug|x64.ActiveCfg = Debug|Any CPU
		{B156ECA4-2C79-4759-B718-5E77E4C0ABB5}.Debug|x64.Build.0 = Debug|Any CPU
		{B156ECA4-2C79-4759-B718-5E77E4C0ABB5}.Debug|x86.ActiveCfg = Debug|Any CPU
		{B156ECA4-2C79-4759-B718-5E77E4C0ABB5}.Debug|x86.Build.0 = Debug|Any CPU
		{B156ECA4-2C79-4759-B718-5E77E4C0ABB5}.Release|Any CPU.ActiveCfg = Release|Any CPU
		{B156ECA4-2C79-4759-B718-5E77E4C0ABB5}.Release|Any CPU.Build.0 = Release|Any CPU
		{B156ECA4-2C79-4759-B718-5E77E4C0ABB5}.Release|ARM.ActiveCfg = Release|Any CPU
		{B156ECA4-2C79-4759-B718-5E77E4C0ABB5}.Release|ARM.Build.0 = Release|Any CPU
		{B156ECA4-2C79-4759-B718-5E77E4C0ABB5}.Release|iPhone.ActiveCfg = Release|Any CPU
		{B156ECA4-2C79-4759-B718-5E77E4C0ABB5}.Release|iPhone.Build.0 = Release|Any CPU
		{B156ECA4-2C79-4759-B718-5E77E4C0ABB5}.Release|iPhoneSimulator.ActiveCfg = Release|Any CPU
		{B156ECA4-2C79-4759-B718-5E77E4C0ABB5}.Release|iPhoneSimulator.Build.0 = Release|Any CPU
		{B156ECA4-2C79-4759-B718-5E77E4C0ABB5}.Release|x64.ActiveCfg = Release|Any CPU
		{B156ECA4-2C79-4759-B718-5E77E4C0ABB5}.Release|x64.Build.0 = Release|Any CPU
		{B156ECA4-2C79-4759-B718-5E77E4C0ABB5}.Release|x86.ActiveCfg = Release|Any CPU
		{B156ECA4-2C79-4759-B718-5E77E4C0ABB5}.Release|x86.Build.0 = Release|Any CPU
		{B156ECA4-2C79-4759-B718-5E77E4C0ABB5}.Test|Any CPU.ActiveCfg = Debug|Any CPU
		{B156ECA4-2C79-4759-B718-5E77E4C0ABB5}.Test|Any CPU.Build.0 = Debug|Any CPU
		{B156ECA4-2C79-4759-B718-5E77E4C0ABB5}.Test|ARM.ActiveCfg = Debug|Any CPU
		{B156ECA4-2C79-4759-B718-5E77E4C0ABB5}.Test|ARM.Build.0 = Debug|Any CPU
		{B156ECA4-2C79-4759-B718-5E77E4C0ABB5}.Test|iPhone.ActiveCfg = Debug|Any CPU
		{B156ECA4-2C79-4759-B718-5E77E4C0ABB5}.Test|iPhone.Build.0 = Debug|Any CPU
		{B156ECA4-2C79-4759-B718-5E77E4C0ABB5}.Test|iPhoneSimulator.ActiveCfg = Debug|Any CPU
		{B156ECA4-2C79-4759-B718-5E77E4C0ABB5}.Test|iPhoneSimulator.Build.0 = Debug|Any CPU
		{B156ECA4-2C79-4759-B718-5E77E4C0ABB5}.Test|x64.ActiveCfg = Debug|Any CPU
		{B156ECA4-2C79-4759-B718-5E77E4C0ABB5}.Test|x64.Build.0 = Debug|Any CPU
		{B156ECA4-2C79-4759-B718-5E77E4C0ABB5}.Test|x86.ActiveCfg = Debug|Any CPU
		{B156ECA4-2C79-4759-B718-5E77E4C0ABB5}.Test|x86.Build.0 = Debug|Any CPU		
		{8919FE5A-7CE6-4F55-915D-28B61E06BC57}.Ad-Hoc|Any CPU.ActiveCfg = Debug|Any CPU
		{8919FE5A-7CE6-4F55-915D-28B61E06BC57}.Ad-Hoc|Any CPU.Build.0 = Debug|Any CPU
		{8919FE5A-7CE6-4F55-915D-28B61E06BC57}.Ad-Hoc|ARM.ActiveCfg = Debug|Any CPU
		{8919FE5A-7CE6-4F55-915D-28B61E06BC57}.Ad-Hoc|ARM.Build.0 = Debug|Any CPU
		{8919FE5A-7CE6-4F55-915D-28B61E06BC57}.Ad-Hoc|iPhone.ActiveCfg = Debug|Any CPU
		{8919FE5A-7CE6-4F55-915D-28B61E06BC57}.Ad-Hoc|iPhone.Build.0 = Debug|Any CPU
		{8919FE5A-7CE6-4F55-915D-28B61E06BC57}.Ad-Hoc|iPhoneSimulator.ActiveCfg = Debug|Any CPU
		{8919FE5A-7CE6-4F55-915D-28B61E06BC57}.Ad-Hoc|iPhoneSimulator.Build.0 = Debug|Any CPU
		{8919FE5A-7CE6-4F55-915D-28B61E06BC57}.Ad-Hoc|x64.ActiveCfg = Debug|Any CPU
		{8919FE5A-7CE6-4F55-915D-28B61E06BC57}.Ad-Hoc|x64.Build.0 = Debug|Any CPU
		{8919FE5A-7CE6-4F55-915D-28B61E06BC57}.Ad-Hoc|x86.ActiveCfg = Debug|Any CPU
		{8919FE5A-7CE6-4F55-915D-28B61E06BC57}.Ad-Hoc|x86.Build.0 = Debug|Any CPU
		{8919FE5A-7CE6-4F55-915D-28B61E06BC57}.AppStore|Any CPU.ActiveCfg = Debug|Any CPU
		{8919FE5A-7CE6-4F55-915D-28B61E06BC57}.AppStore|Any CPU.Build.0 = Debug|Any CPU
		{8919FE5A-7CE6-4F55-915D-28B61E06BC57}.AppStore|ARM.ActiveCfg = Debug|Any CPU
		{8919FE5A-7CE6-4F55-915D-28B61E06BC57}.AppStore|ARM.Build.0 = Debug|Any CPU
		{8919FE5A-7CE6-4F55-915D-28B61E06BC57}.AppStore|iPhone.ActiveCfg = Debug|Any CPU
		{8919FE5A-7CE6-4F55-915D-28B61E06BC57}.AppStore|iPhone.Build.0 = Debug|Any CPU
		{8919FE5A-7CE6-4F55-915D-28B61E06BC57}.AppStore|iPhoneSimulator.ActiveCfg = Debug|Any CPU
		{8919FE5A-7CE6-4F55-915D-28B61E06BC57}.AppStore|iPhoneSimulator.Build.0 = Debug|Any CPU
		{8919FE5A-7CE6-4F55-915D-28B61E06BC57}.AppStore|x64.ActiveCfg = Debug|Any CPU
		{8919FE5A-7CE6-4F55-915D-28B61E06BC57}.AppStore|x64.Build.0 = Debug|Any CPU
		{8919FE5A-7CE6-4F55-915D-28B61E06BC57}.AppStore|x86.ActiveCfg = Debug|Any CPU
		{8919FE5A-7CE6-4F55-915D-28B61E06BC57}.AppStore|x86.Build.0 = Debug|Any CPU
		{8919FE5A-7CE6-4F55-915D-28B61E06BC57}.Debug|Any CPU.ActiveCfg = Debug|Any CPU
		{8919FE5A-7CE6-4F55-915D-28B61E06BC57}.Debug|Any CPU.Build.0 = Debug|Any CPU
		{8919FE5A-7CE6-4F55-915D-28B61E06BC57}.Debug|ARM.ActiveCfg = Debug|Any CPU
		{8919FE5A-7CE6-4F55-915D-28B61E06BC57}.Debug|ARM.Build.0 = Debug|Any CPU
		{8919FE5A-7CE6-4F55-915D-28B61E06BC57}.Debug|iPhone.ActiveCfg = Debug|Any CPU
		{8919FE5A-7CE6-4F55-915D-28B61E06BC57}.Debug|iPhone.Build.0 = Debug|Any CPU
		{8919FE5A-7CE6-4F55-915D-28B61E06BC57}.Debug|iPhoneSimulator.ActiveCfg = Debug|Any CPU
		{8919FE5A-7CE6-4F55-915D-28B61E06BC57}.Debug|iPhoneSimulator.Build.0 = Debug|Any CPU
		{8919FE5A-7CE6-4F55-915D-28B61E06BC57}.Debug|x64.ActiveCfg = Debug|Any CPU
		{8919FE5A-7CE6-4F55-915D-28B61E06BC57}.Debug|x64.Build.0 = Debug|Any CPU
		{8919FE5A-7CE6-4F55-915D-28B61E06BC57}.Debug|x86.ActiveCfg = Debug|Any CPU
		{8919FE5A-7CE6-4F55-915D-28B61E06BC57}.Debug|x86.Build.0 = Debug|Any CPU
		{8919FE5A-7CE6-4F55-915D-28B61E06BC57}.Release|Any CPU.ActiveCfg = Release|Any CPU
		{8919FE5A-7CE6-4F55-915D-28B61E06BC57}.Release|Any CPU.Build.0 = Release|Any CPU
		{8919FE5A-7CE6-4F55-915D-28B61E06BC57}.Release|ARM.ActiveCfg = Release|Any CPU
		{8919FE5A-7CE6-4F55-915D-28B61E06BC57}.Release|ARM.Build.0 = Release|Any CPU
		{8919FE5A-7CE6-4F55-915D-28B61E06BC57}.Release|iPhone.ActiveCfg = Release|Any CPU
		{8919FE5A-7CE6-4F55-915D-28B61E06BC57}.Release|iPhone.Build.0 = Release|Any CPU
		{8919FE5A-7CE6-4F55-915D-28B61E06BC57}.Release|iPhoneSimulator.ActiveCfg = Release|Any CPU
		{8919FE5A-7CE6-4F55-915D-28B61E06BC57}.Release|iPhoneSimulator.Build.0 = Release|Any CPU
		{8919FE5A-7CE6-4F55-915D-28B61E06BC57}.Release|x64.ActiveCfg = Release|Any CPU
		{8919FE5A-7CE6-4F55-915D-28B61E06BC57}.Release|x64.Build.0 = Release|Any CPU
		{8919FE5A-7CE6-4F55-915D-28B61E06BC57}.Release|x86.ActiveCfg = Release|Any CPU
		{8919FE5A-7CE6-4F55-915D-28B61E06BC57}.Release|x86.Build.0 = Release|Any CPU
		{8919FE5A-7CE6-4F55-915D-28B61E06BC57}.Test|Any CPU.ActiveCfg = Debug|Any CPU
		{8919FE5A-7CE6-4F55-915D-28B61E06BC57}.Test|Any CPU.Build.0 = Debug|Any CPU
		{8919FE5A-7CE6-4F55-915D-28B61E06BC57}.Test|ARM.ActiveCfg = Debug|Any CPU
		{8919FE5A-7CE6-4F55-915D-28B61E06BC57}.Test|ARM.Build.0 = Debug|Any CPU
		{8919FE5A-7CE6-4F55-915D-28B61E06BC57}.Test|iPhone.ActiveCfg = Debug|Any CPU
		{8919FE5A-7CE6-4F55-915D-28B61E06BC57}.Test|iPhone.Build.0 = Debug|Any CPU
		{8919FE5A-7CE6-4F55-915D-28B61E06BC57}.Test|iPhoneSimulator.ActiveCfg = Debug|Any CPU
		{8919FE5A-7CE6-4F55-915D-28B61E06BC57}.Test|iPhoneSimulator.Build.0 = Debug|Any CPU
		{8919FE5A-7CE6-4F55-915D-28B61E06BC57}.Test|x64.ActiveCfg = Debug|Any CPU
		{8919FE5A-7CE6-4F55-915D-28B61E06BC57}.Test|x64.Build.0 = Debug|Any CPU
		{8919FE5A-7CE6-4F55-915D-28B61E06BC57}.Test|x86.ActiveCfg = Debug|Any CPU
		{8919FE5A-7CE6-4F55-915D-28B61E06BC57}.Test|x86.Build.0 = Debug|Any CPU
		{1ADA75CC-EFB1-4BDB-A21C-304CFCE61141}.Ad-Hoc|Any CPU.ActiveCfg = Debug|Any CPU
		{1ADA75CC-EFB1-4BDB-A21C-304CFCE61141}.Ad-Hoc|Any CPU.Build.0 = Debug|Any CPU
		{1ADA75CC-EFB1-4BDB-A21C-304CFCE61141}.Ad-Hoc|ARM.ActiveCfg = Debug|Any CPU
		{1ADA75CC-EFB1-4BDB-A21C-304CFCE61141}.Ad-Hoc|ARM.Build.0 = Debug|Any CPU
		{1ADA75CC-EFB1-4BDB-A21C-304CFCE61141}.Ad-Hoc|iPhone.ActiveCfg = Debug|Any CPU
		{1ADA75CC-EFB1-4BDB-A21C-304CFCE61141}.Ad-Hoc|iPhone.Build.0 = Debug|Any CPU
		{1ADA75CC-EFB1-4BDB-A21C-304CFCE61141}.Ad-Hoc|iPhoneSimulator.ActiveCfg = Debug|Any CPU
		{1ADA75CC-EFB1-4BDB-A21C-304CFCE61141}.Ad-Hoc|iPhoneSimulator.Build.0 = Debug|Any CPU
		{1ADA75CC-EFB1-4BDB-A21C-304CFCE61141}.Ad-Hoc|x64.ActiveCfg = Debug|Any CPU
		{1ADA75CC-EFB1-4BDB-A21C-304CFCE61141}.Ad-Hoc|x64.Build.0 = Debug|Any CPU
		{1ADA75CC-EFB1-4BDB-A21C-304CFCE61141}.Ad-Hoc|x86.ActiveCfg = Debug|Any CPU
		{1ADA75CC-EFB1-4BDB-A21C-304CFCE61141}.Ad-Hoc|x86.Build.0 = Debug|Any CPU
		{1ADA75CC-EFB1-4BDB-A21C-304CFCE61141}.AppStore|Any CPU.ActiveCfg = Debug|Any CPU
		{1ADA75CC-EFB1-4BDB-A21C-304CFCE61141}.AppStore|Any CPU.Build.0 = Debug|Any CPU
		{1ADA75CC-EFB1-4BDB-A21C-304CFCE61141}.AppStore|ARM.ActiveCfg = Debug|Any CPU
		{1ADA75CC-EFB1-4BDB-A21C-304CFCE61141}.AppStore|ARM.Build.0 = Debug|Any CPU
		{1ADA75CC-EFB1-4BDB-A21C-304CFCE61141}.AppStore|iPhone.ActiveCfg = Debug|Any CPU
		{1ADA75CC-EFB1-4BDB-A21C-304CFCE61141}.AppStore|iPhone.Build.0 = Debug|Any CPU
		{1ADA75CC-EFB1-4BDB-A21C-304CFCE61141}.AppStore|iPhoneSimulator.ActiveCfg = Debug|Any CPU
		{1ADA75CC-EFB1-4BDB-A21C-304CFCE61141}.AppStore|iPhoneSimulator.Build.0 = Debug|Any CPU
		{1ADA75CC-EFB1-4BDB-A21C-304CFCE61141}.AppStore|x64.ActiveCfg = Debug|Any CPU
		{1ADA75CC-EFB1-4BDB-A21C-304CFCE61141}.AppStore|x64.Build.0 = Debug|Any CPU
		{1ADA75CC-EFB1-4BDB-A21C-304CFCE61141}.AppStore|x86.ActiveCfg = Debug|Any CPU
		{1ADA75CC-EFB1-4BDB-A21C-304CFCE61141}.AppStore|x86.Build.0 = Debug|Any CPU
		{1ADA75CC-EFB1-4BDB-A21C-304CFCE61141}.Debug|Any CPU.ActiveCfg = Debug|Any CPU
		{1ADA75CC-EFB1-4BDB-A21C-304CFCE61141}.Debug|Any CPU.Build.0 = Debug|Any CPU
		{1ADA75CC-EFB1-4BDB-A21C-304CFCE61141}.Debug|ARM.ActiveCfg = Debug|Any CPU
		{1ADA75CC-EFB1-4BDB-A21C-304CFCE61141}.Debug|ARM.Build.0 = Debug|Any CPU
		{1ADA75CC-EFB1-4BDB-A21C-304CFCE61141}.Debug|iPhone.ActiveCfg = Debug|Any CPU
		{1ADA75CC-EFB1-4BDB-A21C-304CFCE61141}.Debug|iPhone.Build.0 = Debug|Any CPU
		{1ADA75CC-EFB1-4BDB-A21C-304CFCE61141}.Debug|iPhoneSimulator.ActiveCfg = Debug|Any CPU
		{1ADA75CC-EFB1-4BDB-A21C-304CFCE61141}.Debug|iPhoneSimulator.Build.0 = Debug|Any CPU
		{1ADA75CC-EFB1-4BDB-A21C-304CFCE61141}.Debug|x64.ActiveCfg = Debug|Any CPU
		{1ADA75CC-EFB1-4BDB-A21C-304CFCE61141}.Debug|x64.Build.0 = Debug|Any CPU
		{1ADA75CC-EFB1-4BDB-A21C-304CFCE61141}.Debug|x86.ActiveCfg = Debug|Any CPU
		{1ADA75CC-EFB1-4BDB-A21C-304CFCE61141}.Debug|x86.Build.0 = Debug|Any CPU
		{1ADA75CC-EFB1-4BDB-A21C-304CFCE61141}.Release|Any CPU.ActiveCfg = Release|Any CPU
		{1ADA75CC-EFB1-4BDB-A21C-304CFCE61141}.Release|Any CPU.Build.0 = Release|Any CPU
		{1ADA75CC-EFB1-4BDB-A21C-304CFCE61141}.Release|ARM.ActiveCfg = Release|Any CPU
		{1ADA75CC-EFB1-4BDB-A21C-304CFCE61141}.Release|ARM.Build.0 = Release|Any CPU
		{1ADA75CC-EFB1-4BDB-A21C-304CFCE61141}.Release|iPhone.ActiveCfg = Release|Any CPU
		{1ADA75CC-EFB1-4BDB-A21C-304CFCE61141}.Release|iPhone.Build.0 = Release|Any CPU
		{1ADA75CC-EFB1-4BDB-A21C-304CFCE61141}.Release|iPhoneSimulator.ActiveCfg = Release|Any CPU
		{1ADA75CC-EFB1-4BDB-A21C-304CFCE61141}.Release|iPhoneSimulator.Build.0 = Release|Any CPU
		{1ADA75CC-EFB1-4BDB-A21C-304CFCE61141}.Release|x64.ActiveCfg = Release|Any CPU
		{1ADA75CC-EFB1-4BDB-A21C-304CFCE61141}.Release|x64.Build.0 = Release|Any CPU
		{1ADA75CC-EFB1-4BDB-A21C-304CFCE61141}.Release|x86.ActiveCfg = Release|Any CPU
		{1ADA75CC-EFB1-4BDB-A21C-304CFCE61141}.Release|x86.Build.0 = Release|Any CPU
		{1ADA75CC-EFB1-4BDB-A21C-304CFCE61141}.Test|Any CPU.ActiveCfg = Debug|Any CPU
		{1ADA75CC-EFB1-4BDB-A21C-304CFCE61141}.Test|Any CPU.Build.0 = Debug|Any CPU
		{1ADA75CC-EFB1-4BDB-A21C-304CFCE61141}.Test|ARM.ActiveCfg = Debug|Any CPU
		{1ADA75CC-EFB1-4BDB-A21C-304CFCE61141}.Test|ARM.Build.0 = Debug|Any CPU
		{1ADA75CC-EFB1-4BDB-A21C-304CFCE61141}.Test|iPhone.ActiveCfg = Debug|Any CPU
		{1ADA75CC-EFB1-4BDB-A21C-304CFCE61141}.Test|iPhone.Build.0 = Debug|Any CPU
		{1ADA75CC-EFB1-4BDB-A21C-304CFCE61141}.Test|iPhoneSimulator.ActiveCfg = Debug|Any CPU
		{1ADA75CC-EFB1-4BDB-A21C-304CFCE61141}.Test|iPhoneSimulator.Build.0 = Debug|Any CPU
		{1ADA75CC-EFB1-4BDB-A21C-304CFCE61141}.Test|x64.ActiveCfg = Debug|Any CPU
		{1ADA75CC-EFB1-4BDB-A21C-304CFCE61141}.Test|x64.Build.0 = Debug|Any CPU
		{1ADA75CC-EFB1-4BDB-A21C-304CFCE61141}.Test|x86.ActiveCfg = Debug|Any CPU
		{1ADA75CC-EFB1-4BDB-A21C-304CFCE61141}.Test|x86.Build.0 = Debug|Any CPU
		{F729322A-1327-41C5-B212-1A9CE0D73528}.Ad-Hoc|Any CPU.ActiveCfg = Debug|Any CPU
		{F729322A-1327-41C5-B212-1A9CE0D73528}.Ad-Hoc|Any CPU.Build.0 = Debug|Any CPU
		{F729322A-1327-41C5-B212-1A9CE0D73528}.Ad-Hoc|ARM.ActiveCfg = Debug|Any CPU
		{F729322A-1327-41C5-B212-1A9CE0D73528}.Ad-Hoc|ARM.Build.0 = Debug|Any CPU
		{F729322A-1327-41C5-B212-1A9CE0D73528}.Ad-Hoc|iPhone.ActiveCfg = Debug|Any CPU
		{F729322A-1327-41C5-B212-1A9CE0D73528}.Ad-Hoc|iPhone.Build.0 = Debug|Any CPU
		{F729322A-1327-41C5-B212-1A9CE0D73528}.Ad-Hoc|iPhoneSimulator.ActiveCfg = Debug|Any CPU
		{F729322A-1327-41C5-B212-1A9CE0D73528}.Ad-Hoc|iPhoneSimulator.Build.0 = Debug|Any CPU
		{F729322A-1327-41C5-B212-1A9CE0D73528}.Ad-Hoc|x64.ActiveCfg = Debug|Any CPU
		{F729322A-1327-41C5-B212-1A9CE0D73528}.Ad-Hoc|x64.Build.0 = Debug|Any CPU
		{F729322A-1327-41C5-B212-1A9CE0D73528}.Ad-Hoc|x86.ActiveCfg = Debug|Any CPU
		{F729322A-1327-41C5-B212-1A9CE0D73528}.Ad-Hoc|x86.Build.0 = Debug|Any CPU
		{F729322A-1327-41C5-B212-1A9CE0D73528}.AppStore|Any CPU.ActiveCfg = Debug|Any CPU
		{F729322A-1327-41C5-B212-1A9CE0D73528}.AppStore|Any CPU.Build.0 = Debug|Any CPU
		{F729322A-1327-41C5-B212-1A9CE0D73528}.AppStore|ARM.ActiveCfg = Debug|Any CPU
		{F729322A-1327-41C5-B212-1A9CE0D73528}.AppStore|ARM.Build.0 = Debug|Any CPU
		{F729322A-1327-41C5-B212-1A9CE0D73528}.AppStore|iPhone.ActiveCfg = Debug|Any CPU
		{F729322A-1327-41C5-B212-1A9CE0D73528}.AppStore|iPhone.Build.0 = Debug|Any CPU
		{F729322A-1327-41C5-B212-1A9CE0D73528}.AppStore|iPhoneSimulator.ActiveCfg = Debug|Any CPU
		{F729322A-1327-41C5-B212-1A9CE0D73528}.AppStore|iPhoneSimulator.Build.0 = Debug|Any CPU
		{F729322A-1327-41C5-B212-1A9CE0D73528}.AppStore|x64.ActiveCfg = Debug|Any CPU
		{F729322A-1327-41C5-B212-1A9CE0D73528}.AppStore|x64.Build.0 = Debug|Any CPU
		{F729322A-1327-41C5-B212-1A9CE0D73528}.AppStore|x86.ActiveCfg = Debug|Any CPU
		{F729322A-1327-41C5-B212-1A9CE0D73528}.AppStore|x86.Build.0 = Debug|Any CPU
		{F729322A-1327-41C5-B212-1A9CE0D73528}.Debug|Any CPU.ActiveCfg = Debug|Any CPU
		{F729322A-1327-41C5-B212-1A9CE0D73528}.Debug|Any CPU.Build.0 = Debug|Any CPU
		{F729322A-1327-41C5-B212-1A9CE0D73528}.Debug|ARM.ActiveCfg = Debug|Any CPU
		{F729322A-1327-41C5-B212-1A9CE0D73528}.Debug|ARM.Build.0 = Debug|Any CPU
		{F729322A-1327-41C5-B212-1A9CE0D73528}.Debug|iPhone.ActiveCfg = Debug|Any CPU
		{F729322A-1327-41C5-B212-1A9CE0D73528}.Debug|iPhone.Build.0 = Debug|Any CPU
		{F729322A-1327-41C5-B212-1A9CE0D73528}.Debug|iPhoneSimulator.ActiveCfg = Debug|Any CPU
		{F729322A-1327-41C5-B212-1A9CE0D73528}.Debug|iPhoneSimulator.Build.0 = Debug|Any CPU
		{F729322A-1327-41C5-B212-1A9CE0D73528}.Debug|x64.ActiveCfg = Debug|Any CPU
		{F729322A-1327-41C5-B212-1A9CE0D73528}.Debug|x64.Build.0 = Debug|Any CPU
		{F729322A-1327-41C5-B212-1A9CE0D73528}.Debug|x86.ActiveCfg = Debug|Any CPU
		{F729322A-1327-41C5-B212-1A9CE0D73528}.Debug|x86.Build.0 = Debug|Any CPU
		{F729322A-1327-41C5-B212-1A9CE0D73528}.Release|Any CPU.ActiveCfg = Release|Any CPU
		{F729322A-1327-41C5-B212-1A9CE0D73528}.Release|Any CPU.Build.0 = Release|Any CPU
		{F729322A-1327-41C5-B212-1A9CE0D73528}.Release|ARM.ActiveCfg = Release|Any CPU
		{F729322A-1327-41C5-B212-1A9CE0D73528}.Release|ARM.Build.0 = Release|Any CPU
		{F729322A-1327-41C5-B212-1A9CE0D73528}.Release|iPhone.ActiveCfg = Release|Any CPU
		{F729322A-1327-41C5-B212-1A9CE0D73528}.Release|iPhone.Build.0 = Release|Any CPU
		{F729322A-1327-41C5-B212-1A9CE0D73528}.Release|iPhoneSimulator.ActiveCfg = Release|Any CPU
		{F729322A-1327-41C5-B212-1A9CE0D73528}.Release|iPhoneSimulator.Build.0 = Release|Any CPU
		{F729322A-1327-41C5-B212-1A9CE0D73528}.Release|x64.ActiveCfg = Release|Any CPU
		{F729322A-1327-41C5-B212-1A9CE0D73528}.Release|x64.Build.0 = Release|Any CPU
		{F729322A-1327-41C5-B212-1A9CE0D73528}.Release|x86.ActiveCfg = Release|Any CPU
		{F729322A-1327-41C5-B212-1A9CE0D73528}.Release|x86.Build.0 = Release|Any CPU
		{F729322A-1327-41C5-B212-1A9CE0D73528}.Test|Any CPU.ActiveCfg = Debug|Any CPU
		{F729322A-1327-41C5-B212-1A9CE0D73528}.Test|Any CPU.Build.0 = Debug|Any CPU
		{F729322A-1327-41C5-B212-1A9CE0D73528}.Test|ARM.ActiveCfg = Debug|Any CPU
		{F729322A-1327-41C5-B212-1A9CE0D73528}.Test|ARM.Build.0 = Debug|Any CPU
		{F729322A-1327-41C5-B212-1A9CE0D73528}.Test|iPhone.ActiveCfg = Debug|Any CPU
		{F729322A-1327-41C5-B212-1A9CE0D73528}.Test|iPhone.Build.0 = Debug|Any CPU
		{F729322A-1327-41C5-B212-1A9CE0D73528}.Test|iPhoneSimulator.ActiveCfg = Debug|Any CPU
		{F729322A-1327-41C5-B212-1A9CE0D73528}.Test|iPhoneSimulator.Build.0 = Debug|Any CPU
		{F729322A-1327-41C5-B212-1A9CE0D73528}.Test|x64.ActiveCfg = Debug|Any CPU
		{F729322A-1327-41C5-B212-1A9CE0D73528}.Test|x64.Build.0 = Debug|Any CPU
		{F729322A-1327-41C5-B212-1A9CE0D73528}.Test|x86.ActiveCfg = Debug|Any CPU
		{F729322A-1327-41C5-B212-1A9CE0D73528}.Test|x86.Build.0 = Debug|Any CPU
		{9C72A32B-AA2F-422F-A01B-F461CE6B0D5A}.Ad-Hoc|Any CPU.ActiveCfg = Debug|Any CPU
		{9C72A32B-AA2F-422F-A01B-F461CE6B0D5A}.Ad-Hoc|Any CPU.Build.0 = Debug|Any CPU
		{9C72A32B-AA2F-422F-A01B-F461CE6B0D5A}.Ad-Hoc|ARM.ActiveCfg = Debug|Any CPU
		{9C72A32B-AA2F-422F-A01B-F461CE6B0D5A}.Ad-Hoc|ARM.Build.0 = Debug|Any CPU
		{9C72A32B-AA2F-422F-A01B-F461CE6B0D5A}.Ad-Hoc|iPhone.ActiveCfg = Debug|Any CPU
		{9C72A32B-AA2F-422F-A01B-F461CE6B0D5A}.Ad-Hoc|iPhone.Build.0 = Debug|Any CPU
		{9C72A32B-AA2F-422F-A01B-F461CE6B0D5A}.Ad-Hoc|iPhoneSimulator.ActiveCfg = Debug|Any CPU
		{9C72A32B-AA2F-422F-A01B-F461CE6B0D5A}.Ad-Hoc|iPhoneSimulator.Build.0 = Debug|Any CPU
		{9C72A32B-AA2F-422F-A01B-F461CE6B0D5A}.Ad-Hoc|x64.ActiveCfg = Debug|Any CPU
		{9C72A32B-AA2F-422F-A01B-F461CE6B0D5A}.Ad-Hoc|x64.Build.0 = Debug|Any CPU
		{9C72A32B-AA2F-422F-A01B-F461CE6B0D5A}.Ad-Hoc|x86.ActiveCfg = Debug|Any CPU
		{9C72A32B-AA2F-422F-A01B-F461CE6B0D5A}.Ad-Hoc|x86.Build.0 = Debug|Any CPU
		{9C72A32B-AA2F-422F-A01B-F461CE6B0D5A}.AppStore|Any CPU.ActiveCfg = Debug|Any CPU
		{9C72A32B-AA2F-422F-A01B-F461CE6B0D5A}.AppStore|Any CPU.Build.0 = Debug|Any CPU
		{9C72A32B-AA2F-422F-A01B-F461CE6B0D5A}.AppStore|ARM.ActiveCfg = Debug|Any CPU
		{9C72A32B-AA2F-422F-A01B-F461CE6B0D5A}.AppStore|ARM.Build.0 = Debug|Any CPU
		{9C72A32B-AA2F-422F-A01B-F461CE6B0D5A}.AppStore|iPhone.ActiveCfg = Debug|Any CPU
		{9C72A32B-AA2F-422F-A01B-F461CE6B0D5A}.AppStore|iPhone.Build.0 = Debug|Any CPU
		{9C72A32B-AA2F-422F-A01B-F461CE6B0D5A}.AppStore|iPhoneSimulator.ActiveCfg = Debug|Any CPU
		{9C72A32B-AA2F-422F-A01B-F461CE6B0D5A}.AppStore|iPhoneSimulator.Build.0 = Debug|Any CPU
		{9C72A32B-AA2F-422F-A01B-F461CE6B0D5A}.AppStore|x64.ActiveCfg = Debug|Any CPU
		{9C72A32B-AA2F-422F-A01B-F461CE6B0D5A}.AppStore|x64.Build.0 = Debug|Any CPU
		{9C72A32B-AA2F-422F-A01B-F461CE6B0D5A}.AppStore|x86.ActiveCfg = Debug|Any CPU
		{9C72A32B-AA2F-422F-A01B-F461CE6B0D5A}.AppStore|x86.Build.0 = Debug|Any CPU
		{9C72A32B-AA2F-422F-A01B-F461CE6B0D5A}.Debug|Any CPU.ActiveCfg = Debug|Any CPU
		{9C72A32B-AA2F-422F-A01B-F461CE6B0D5A}.Debug|Any CPU.Build.0 = Debug|Any CPU
		{9C72A32B-AA2F-422F-A01B-F461CE6B0D5A}.Debug|ARM.ActiveCfg = Debug|Any CPU
		{9C72A32B-AA2F-422F-A01B-F461CE6B0D5A}.Debug|ARM.Build.0 = Debug|Any CPU
		{9C72A32B-AA2F-422F-A01B-F461CE6B0D5A}.Debug|iPhone.ActiveCfg = Debug|Any CPU
		{9C72A32B-AA2F-422F-A01B-F461CE6B0D5A}.Debug|iPhone.Build.0 = Debug|Any CPU
		{9C72A32B-AA2F-422F-A01B-F461CE6B0D5A}.Debug|iPhoneSimulator.ActiveCfg = Debug|Any CPU
		{9C72A32B-AA2F-422F-A01B-F461CE6B0D5A}.Debug|iPhoneSimulator.Build.0 = Debug|Any CPU
		{9C72A32B-AA2F-422F-A01B-F461CE6B0D5A}.Debug|x64.ActiveCfg = Debug|Any CPU
		{9C72A32B-AA2F-422F-A01B-F461CE6B0D5A}.Debug|x64.Build.0 = Debug|Any CPU
		{9C72A32B-AA2F-422F-A01B-F461CE6B0D5A}.Debug|x86.ActiveCfg = Debug|Any CPU
		{9C72A32B-AA2F-422F-A01B-F461CE6B0D5A}.Debug|x86.Build.0 = Debug|Any CPU
		{9C72A32B-AA2F-422F-A01B-F461CE6B0D5A}.Release|Any CPU.ActiveCfg = Release|Any CPU
		{9C72A32B-AA2F-422F-A01B-F461CE6B0D5A}.Release|Any CPU.Build.0 = Release|Any CPU
		{9C72A32B-AA2F-422F-A01B-F461CE6B0D5A}.Release|ARM.ActiveCfg = Release|Any CPU
		{9C72A32B-AA2F-422F-A01B-F461CE6B0D5A}.Release|ARM.Build.0 = Release|Any CPU
		{9C72A32B-AA2F-422F-A01B-F461CE6B0D5A}.Release|iPhone.ActiveCfg = Release|Any CPU
		{9C72A32B-AA2F-422F-A01B-F461CE6B0D5A}.Release|iPhone.Build.0 = Release|Any CPU
		{9C72A32B-AA2F-422F-A01B-F461CE6B0D5A}.Release|iPhoneSimulator.ActiveCfg = Release|Any CPU
		{9C72A32B-AA2F-422F-A01B-F461CE6B0D5A}.Release|iPhoneSimulator.Build.0 = Release|Any CPU
		{9C72A32B-AA2F-422F-A01B-F461CE6B0D5A}.Release|x64.ActiveCfg = Release|Any CPU
		{9C72A32B-AA2F-422F-A01B-F461CE6B0D5A}.Release|x64.Build.0 = Release|Any CPU
		{9C72A32B-AA2F-422F-A01B-F461CE6B0D5A}.Release|x86.ActiveCfg = Release|Any CPU
		{9C72A32B-AA2F-422F-A01B-F461CE6B0D5A}.Release|x86.Build.0 = Release|Any CPU
		{9C72A32B-AA2F-422F-A01B-F461CE6B0D5A}.Test|Any CPU.ActiveCfg = Debug|Any CPU
		{9C72A32B-AA2F-422F-A01B-F461CE6B0D5A}.Test|Any CPU.Build.0 = Debug|Any CPU
		{9C72A32B-AA2F-422F-A01B-F461CE6B0D5A}.Test|ARM.ActiveCfg = Debug|Any CPU
		{9C72A32B-AA2F-422F-A01B-F461CE6B0D5A}.Test|ARM.Build.0 = Debug|Any CPU
		{9C72A32B-AA2F-422F-A01B-F461CE6B0D5A}.Test|iPhone.ActiveCfg = Debug|Any CPU
		{9C72A32B-AA2F-422F-A01B-F461CE6B0D5A}.Test|iPhone.Build.0 = Debug|Any CPU
		{9C72A32B-AA2F-422F-A01B-F461CE6B0D5A}.Test|iPhoneSimulator.ActiveCfg = Debug|Any CPU
		{9C72A32B-AA2F-422F-A01B-F461CE6B0D5A}.Test|iPhoneSimulator.Build.0 = Debug|Any CPU
		{9C72A32B-AA2F-422F-A01B-F461CE6B0D5A}.Test|x64.ActiveCfg = Debug|Any CPU
		{9C72A32B-AA2F-422F-A01B-F461CE6B0D5A}.Test|x64.Build.0 = Debug|Any CPU
		{9C72A32B-AA2F-422F-A01B-F461CE6B0D5A}.Test|x86.ActiveCfg = Debug|Any CPU
		{9C72A32B-AA2F-422F-A01B-F461CE6B0D5A}.Test|x86.Build.0 = Debug|Any CPU
		{5D2128FD-1BA6-4611-8FD1-5B7DE00E54E5}.Ad-Hoc|Any CPU.ActiveCfg = Debug|Any CPU
		{5D2128FD-1BA6-4611-8FD1-5B7DE00E54E5}.Ad-Hoc|Any CPU.Build.0 = Debug|Any CPU
		{5D2128FD-1BA6-4611-8FD1-5B7DE00E54E5}.Ad-Hoc|ARM.ActiveCfg = Debug|Any CPU
		{5D2128FD-1BA6-4611-8FD1-5B7DE00E54E5}.Ad-Hoc|ARM.Build.0 = Debug|Any CPU
		{5D2128FD-1BA6-4611-8FD1-5B7DE00E54E5}.Ad-Hoc|iPhone.ActiveCfg = Debug|Any CPU
		{5D2128FD-1BA6-4611-8FD1-5B7DE00E54E5}.Ad-Hoc|iPhone.Build.0 = Debug|Any CPU
		{5D2128FD-1BA6-4611-8FD1-5B7DE00E54E5}.Ad-Hoc|iPhoneSimulator.ActiveCfg = Debug|Any CPU
		{5D2128FD-1BA6-4611-8FD1-5B7DE00E54E5}.Ad-Hoc|iPhoneSimulator.Build.0 = Debug|Any CPU
		{5D2128FD-1BA6-4611-8FD1-5B7DE00E54E5}.Ad-Hoc|x64.ActiveCfg = Debug|Any CPU
		{5D2128FD-1BA6-4611-8FD1-5B7DE00E54E5}.Ad-Hoc|x64.Build.0 = Debug|Any CPU
		{5D2128FD-1BA6-4611-8FD1-5B7DE00E54E5}.Ad-Hoc|x86.ActiveCfg = Debug|Any CPU
		{5D2128FD-1BA6-4611-8FD1-5B7DE00E54E5}.Ad-Hoc|x86.Build.0 = Debug|Any CPU
		{5D2128FD-1BA6-4611-8FD1-5B7DE00E54E5}.AppStore|Any CPU.ActiveCfg = Debug|Any CPU
		{5D2128FD-1BA6-4611-8FD1-5B7DE00E54E5}.AppStore|Any CPU.Build.0 = Debug|Any CPU
		{5D2128FD-1BA6-4611-8FD1-5B7DE00E54E5}.AppStore|ARM.ActiveCfg = Debug|Any CPU
		{5D2128FD-1BA6-4611-8FD1-5B7DE00E54E5}.AppStore|ARM.Build.0 = Debug|Any CPU
		{5D2128FD-1BA6-4611-8FD1-5B7DE00E54E5}.AppStore|iPhone.ActiveCfg = Debug|Any CPU
		{5D2128FD-1BA6-4611-8FD1-5B7DE00E54E5}.AppStore|iPhone.Build.0 = Debug|Any CPU
		{5D2128FD-1BA6-4611-8FD1-5B7DE00E54E5}.AppStore|iPhoneSimulator.ActiveCfg = Debug|Any CPU
		{5D2128FD-1BA6-4611-8FD1-5B7DE00E54E5}.AppStore|iPhoneSimulator.Build.0 = Debug|Any CPU
		{5D2128FD-1BA6-4611-8FD1-5B7DE00E54E5}.AppStore|x64.ActiveCfg = Debug|Any CPU
		{5D2128FD-1BA6-4611-8FD1-5B7DE00E54E5}.AppStore|x64.Build.0 = Debug|Any CPU
		{5D2128FD-1BA6-4611-8FD1-5B7DE00E54E5}.AppStore|x86.ActiveCfg = Debug|Any CPU
		{5D2128FD-1BA6-4611-8FD1-5B7DE00E54E5}.AppStore|x86.Build.0 = Debug|Any CPU
		{5D2128FD-1BA6-4611-8FD1-5B7DE00E54E5}.Debug|Any CPU.ActiveCfg = Debug|Any CPU
		{5D2128FD-1BA6-4611-8FD1-5B7DE00E54E5}.Debug|Any CPU.Build.0 = Debug|Any CPU
		{5D2128FD-1BA6-4611-8FD1-5B7DE00E54E5}.Debug|ARM.ActiveCfg = Debug|Any CPU
		{5D2128FD-1BA6-4611-8FD1-5B7DE00E54E5}.Debug|ARM.Build.0 = Debug|Any CPU
		{5D2128FD-1BA6-4611-8FD1-5B7DE00E54E5}.Debug|iPhone.ActiveCfg = Debug|Any CPU
		{5D2128FD-1BA6-4611-8FD1-5B7DE00E54E5}.Debug|iPhone.Build.0 = Debug|Any CPU
		{5D2128FD-1BA6-4611-8FD1-5B7DE00E54E5}.Debug|iPhoneSimulator.ActiveCfg = Debug|Any CPU
		{5D2128FD-1BA6-4611-8FD1-5B7DE00E54E5}.Debug|iPhoneSimulator.Build.0 = Debug|Any CPU
		{5D2128FD-1BA6-4611-8FD1-5B7DE00E54E5}.Debug|x64.ActiveCfg = Debug|Any CPU
		{5D2128FD-1BA6-4611-8FD1-5B7DE00E54E5}.Debug|x64.Build.0 = Debug|Any CPU
		{5D2128FD-1BA6-4611-8FD1-5B7DE00E54E5}.Debug|x86.ActiveCfg = Debug|Any CPU
		{5D2128FD-1BA6-4611-8FD1-5B7DE00E54E5}.Debug|x86.Build.0 = Debug|Any CPU
		{5D2128FD-1BA6-4611-8FD1-5B7DE00E54E5}.Release|Any CPU.ActiveCfg = Release|Any CPU
		{5D2128FD-1BA6-4611-8FD1-5B7DE00E54E5}.Release|Any CPU.Build.0 = Release|Any CPU
		{5D2128FD-1BA6-4611-8FD1-5B7DE00E54E5}.Release|ARM.ActiveCfg = Release|Any CPU
		{5D2128FD-1BA6-4611-8FD1-5B7DE00E54E5}.Release|ARM.Build.0 = Release|Any CPU
		{5D2128FD-1BA6-4611-8FD1-5B7DE00E54E5}.Release|iPhone.ActiveCfg = Release|Any CPU
		{5D2128FD-1BA6-4611-8FD1-5B7DE00E54E5}.Release|iPhone.Build.0 = Release|Any CPU
		{5D2128FD-1BA6-4611-8FD1-5B7DE00E54E5}.Release|iPhoneSimulator.ActiveCfg = Release|Any CPU
		{5D2128FD-1BA6-4611-8FD1-5B7DE00E54E5}.Release|iPhoneSimulator.Build.0 = Release|Any CPU
		{5D2128FD-1BA6-4611-8FD1-5B7DE00E54E5}.Release|x64.ActiveCfg = Release|Any CPU
		{5D2128FD-1BA6-4611-8FD1-5B7DE00E54E5}.Release|x64.Build.0 = Release|Any CPU
		{5D2128FD-1BA6-4611-8FD1-5B7DE00E54E5}.Release|x86.ActiveCfg = Release|Any CPU
		{5D2128FD-1BA6-4611-8FD1-5B7DE00E54E5}.Release|x86.Build.0 = Release|Any CPU
		{5D2128FD-1BA6-4611-8FD1-5B7DE00E54E5}.Test|Any CPU.ActiveCfg = Debug|Any CPU
		{5D2128FD-1BA6-4611-8FD1-5B7DE00E54E5}.Test|Any CPU.Build.0 = Debug|Any CPU
		{5D2128FD-1BA6-4611-8FD1-5B7DE00E54E5}.Test|ARM.ActiveCfg = Debug|Any CPU
		{5D2128FD-1BA6-4611-8FD1-5B7DE00E54E5}.Test|ARM.Build.0 = Debug|Any CPU
		{5D2128FD-1BA6-4611-8FD1-5B7DE00E54E5}.Test|iPhone.ActiveCfg = Debug|Any CPU
		{5D2128FD-1BA6-4611-8FD1-5B7DE00E54E5}.Test|iPhone.Build.0 = Debug|Any CPU
		{5D2128FD-1BA6-4611-8FD1-5B7DE00E54E5}.Test|iPhoneSimulator.ActiveCfg = Debug|Any CPU
		{5D2128FD-1BA6-4611-8FD1-5B7DE00E54E5}.Test|iPhoneSimulator.Build.0 = Debug|Any CPU
		{5D2128FD-1BA6-4611-8FD1-5B7DE00E54E5}.Test|x64.ActiveCfg = Debug|Any CPU
		{5D2128FD-1BA6-4611-8FD1-5B7DE00E54E5}.Test|x64.Build.0 = Debug|Any CPU
		{5D2128FD-1BA6-4611-8FD1-5B7DE00E54E5}.Test|x86.ActiveCfg = Debug|Any CPU
		{5D2128FD-1BA6-4611-8FD1-5B7DE00E54E5}.Test|x86.Build.0 = Debug|Any CPU
		{4A64F7AA-C614-4A2D-B36B-8A7BC6D3EDEA}.Ad-Hoc|Any CPU.ActiveCfg = Debug|Any CPU
		{4A64F7AA-C614-4A2D-B36B-8A7BC6D3EDEA}.Ad-Hoc|Any CPU.Build.0 = Debug|Any CPU
		{4A64F7AA-C614-4A2D-B36B-8A7BC6D3EDEA}.Ad-Hoc|ARM.ActiveCfg = Debug|Any CPU
		{4A64F7AA-C614-4A2D-B36B-8A7BC6D3EDEA}.Ad-Hoc|ARM.Build.0 = Debug|Any CPU
		{4A64F7AA-C614-4A2D-B36B-8A7BC6D3EDEA}.Ad-Hoc|iPhone.ActiveCfg = Debug|Any CPU
		{4A64F7AA-C614-4A2D-B36B-8A7BC6D3EDEA}.Ad-Hoc|iPhone.Build.0 = Debug|Any CPU
		{4A64F7AA-C614-4A2D-B36B-8A7BC6D3EDEA}.Ad-Hoc|iPhoneSimulator.ActiveCfg = Debug|Any CPU
		{4A64F7AA-C614-4A2D-B36B-8A7BC6D3EDEA}.Ad-Hoc|iPhoneSimulator.Build.0 = Debug|Any CPU
		{4A64F7AA-C614-4A2D-B36B-8A7BC6D3EDEA}.Ad-Hoc|x64.ActiveCfg = Debug|Any CPU
		{4A64F7AA-C614-4A2D-B36B-8A7BC6D3EDEA}.Ad-Hoc|x64.Build.0 = Debug|Any CPU
		{4A64F7AA-C614-4A2D-B36B-8A7BC6D3EDEA}.Ad-Hoc|x86.ActiveCfg = Debug|Any CPU
		{4A64F7AA-C614-4A2D-B36B-8A7BC6D3EDEA}.Ad-Hoc|x86.Build.0 = Debug|Any CPU
		{4A64F7AA-C614-4A2D-B36B-8A7BC6D3EDEA}.AppStore|Any CPU.ActiveCfg = Debug|Any CPU
		{4A64F7AA-C614-4A2D-B36B-8A7BC6D3EDEA}.AppStore|Any CPU.Build.0 = Debug|Any CPU
		{4A64F7AA-C614-4A2D-B36B-8A7BC6D3EDEA}.AppStore|ARM.ActiveCfg = Debug|Any CPU
		{4A64F7AA-C614-4A2D-B36B-8A7BC6D3EDEA}.AppStore|ARM.Build.0 = Debug|Any CPU
		{4A64F7AA-C614-4A2D-B36B-8A7BC6D3EDEA}.AppStore|iPhone.ActiveCfg = Debug|Any CPU
		{4A64F7AA-C614-4A2D-B36B-8A7BC6D3EDEA}.AppStore|iPhone.Build.0 = Debug|Any CPU
		{4A64F7AA-C614-4A2D-B36B-8A7BC6D3EDEA}.AppStore|iPhoneSimulator.ActiveCfg = Debug|Any CPU
		{4A64F7AA-C614-4A2D-B36B-8A7BC6D3EDEA}.AppStore|iPhoneSimulator.Build.0 = Debug|Any CPU
		{4A64F7AA-C614-4A2D-B36B-8A7BC6D3EDEA}.AppStore|x64.ActiveCfg = Debug|Any CPU
		{4A64F7AA-C614-4A2D-B36B-8A7BC6D3EDEA}.AppStore|x64.Build.0 = Debug|Any CPU
		{4A64F7AA-C614-4A2D-B36B-8A7BC6D3EDEA}.AppStore|x86.ActiveCfg = Debug|Any CPU
		{4A64F7AA-C614-4A2D-B36B-8A7BC6D3EDEA}.AppStore|x86.Build.0 = Debug|Any CPU
		{4A64F7AA-C614-4A2D-B36B-8A7BC6D3EDEA}.Debug|Any CPU.ActiveCfg = Debug|Any CPU
		{4A64F7AA-C614-4A2D-B36B-8A7BC6D3EDEA}.Debug|Any CPU.Build.0 = Debug|Any CPU
		{4A64F7AA-C614-4A2D-B36B-8A7BC6D3EDEA}.Debug|ARM.ActiveCfg = Debug|Any CPU
		{4A64F7AA-C614-4A2D-B36B-8A7BC6D3EDEA}.Debug|ARM.Build.0 = Debug|Any CPU
		{4A64F7AA-C614-4A2D-B36B-8A7BC6D3EDEA}.Debug|iPhone.ActiveCfg = Debug|Any CPU
		{4A64F7AA-C614-4A2D-B36B-8A7BC6D3EDEA}.Debug|iPhone.Build.0 = Debug|Any CPU
		{4A64F7AA-C614-4A2D-B36B-8A7BC6D3EDEA}.Debug|iPhoneSimulator.ActiveCfg = Debug|Any CPU
		{4A64F7AA-C614-4A2D-B36B-8A7BC6D3EDEA}.Debug|iPhoneSimulator.Build.0 = Debug|Any CPU
		{4A64F7AA-C614-4A2D-B36B-8A7BC6D3EDEA}.Debug|x64.ActiveCfg = Debug|Any CPU
		{4A64F7AA-C614-4A2D-B36B-8A7BC6D3EDEA}.Debug|x64.Build.0 = Debug|Any CPU
		{4A64F7AA-C614-4A2D-B36B-8A7BC6D3EDEA}.Debug|x86.ActiveCfg = Debug|Any CPU
		{4A64F7AA-C614-4A2D-B36B-8A7BC6D3EDEA}.Debug|x86.Build.0 = Debug|Any CPU
		{4A64F7AA-C614-4A2D-B36B-8A7BC6D3EDEA}.Release|Any CPU.ActiveCfg = Release|Any CPU
		{4A64F7AA-C614-4A2D-B36B-8A7BC6D3EDEA}.Release|Any CPU.Build.0 = Release|Any CPU
		{4A64F7AA-C614-4A2D-B36B-8A7BC6D3EDEA}.Release|ARM.ActiveCfg = Release|Any CPU
		{4A64F7AA-C614-4A2D-B36B-8A7BC6D3EDEA}.Release|ARM.Build.0 = Release|Any CPU
		{4A64F7AA-C614-4A2D-B36B-8A7BC6D3EDEA}.Release|iPhone.ActiveCfg = Release|Any CPU
		{4A64F7AA-C614-4A2D-B36B-8A7BC6D3EDEA}.Release|iPhone.Build.0 = Release|Any CPU
		{4A64F7AA-C614-4A2D-B36B-8A7BC6D3EDEA}.Release|iPhoneSimulator.ActiveCfg = Release|Any CPU
		{4A64F7AA-C614-4A2D-B36B-8A7BC6D3EDEA}.Release|iPhoneSimulator.Build.0 = Release|Any CPU
		{4A64F7AA-C614-4A2D-B36B-8A7BC6D3EDEA}.Release|x64.ActiveCfg = Release|Any CPU
		{4A64F7AA-C614-4A2D-B36B-8A7BC6D3EDEA}.Release|x64.Build.0 = Release|Any CPU
		{4A64F7AA-C614-4A2D-B36B-8A7BC6D3EDEA}.Release|x86.ActiveCfg = Release|Any CPU
		{4A64F7AA-C614-4A2D-B36B-8A7BC6D3EDEA}.Release|x86.Build.0 = Release|Any CPU
		{4A64F7AA-C614-4A2D-B36B-8A7BC6D3EDEA}.Test|Any CPU.ActiveCfg = Debug|Any CPU
		{4A64F7AA-C614-4A2D-B36B-8A7BC6D3EDEA}.Test|Any CPU.Build.0 = Debug|Any CPU
		{4A64F7AA-C614-4A2D-B36B-8A7BC6D3EDEA}.Test|ARM.ActiveCfg = Debug|Any CPU
		{4A64F7AA-C614-4A2D-B36B-8A7BC6D3EDEA}.Test|ARM.Build.0 = Debug|Any CPU
		{4A64F7AA-C614-4A2D-B36B-8A7BC6D3EDEA}.Test|iPhone.ActiveCfg = Debug|Any CPU
		{4A64F7AA-C614-4A2D-B36B-8A7BC6D3EDEA}.Test|iPhone.Build.0 = Debug|Any CPU
		{4A64F7AA-C614-4A2D-B36B-8A7BC6D3EDEA}.Test|iPhoneSimulator.ActiveCfg = Debug|Any CPU
		{4A64F7AA-C614-4A2D-B36B-8A7BC6D3EDEA}.Test|iPhoneSimulator.Build.0 = Debug|Any CPU
		{4A64F7AA-C614-4A2D-B36B-8A7BC6D3EDEA}.Test|x64.ActiveCfg = Debug|Any CPU
		{4A64F7AA-C614-4A2D-B36B-8A7BC6D3EDEA}.Test|x64.Build.0 = Debug|Any CPU
		{4A64F7AA-C614-4A2D-B36B-8A7BC6D3EDEA}.Test|x86.ActiveCfg = Debug|Any CPU
		{4A64F7AA-C614-4A2D-B36B-8A7BC6D3EDEA}.Test|x86.Build.0 = Debug|Any CPU
	EndGlobalSection
	GlobalSection(SolutionProperties) = preSolution
		HideSolutionNode = FALSE
	EndGlobalSection
	GlobalSection(NestedProjects) = preSolution
		{95D792A0-CF77-42AA-B78A-2D1ACE22E6E2} = {61987F64-E278-41CF-A541-80D891263570}
	EndGlobalSection
	GlobalSection(ExtensibilityGlobals) = postSolution
		SolutionGuid = {7F09451C-9AB3-4FB6-95C0-CB1CFD9160B4}
	EndGlobalSection
EndGlobal
