
Microsoft Visual Studio Solution File, Format Version 12.00
# Visual Studio Version 16
VisualStudioVersion = 16.0.28922.388
MinimumVisualStudioVersion = 10.0.40219.1
Project("{2150E333-8FDC-42A3-9474-1A3956D46DE8}") = "Solution Items", "Solution Items", "{8D122F41-9B35-4129-B519-364425685F4E}"
	ProjectSection(SolutionItems) = preProject
		.editorconfig = .editorconfig
	EndProjectSection
EndProject
Project("{9A19103F-16F7-4668-BE54-9A1E7A4F7556}") = "LiveSharp.Runtime", "src\LiveSharp.Runtime\LiveSharp.Runtime.csproj", "{5653D4F7-485F-41E7-AF5B-C50EFF1F9D02}"
EndProject
Project("{2150E333-8FDC-42A3-9474-1A3956D46DE8}") = "Tests", "Tests", "{61987F64-E278-41CF-A541-80D891263570}"
EndProject
Project("{9A19103F-16F7-4668-BE54-9A1E7A4F7556}") = "LiveSharp.Server", "src\LiveSharp.Server\LiveSharp.Server.csproj", "{8FBA811F-DBD7-43F1-8F61-615CCCBCD357}"
	ProjectSection(ProjectDependencies) = postProject
		{CB757FF5-EC69-4C6B-8A2F-922D2DBEE646} = {CB757FF5-EC69-4C6B-8A2F-922D2DBEE646}
	EndProjectSection
EndProject
Project("{2150E333-8FDC-42A3-9474-1A3956D46DE8}") = "Server", "Server", "{315A57C2-2AB1-4D88-8505-9E28EFE514D9}"
EndProject
Project("{9A19103F-16F7-4668-BE54-9A1E7A4F7556}") = "LiveSharp.Workspace", "src\LiveSharp.Workspace\LiveSharp.Workspace.csproj", "{CB757FF5-EC69-4C6B-8A2F-922D2DBEE646}"
EndProject
Project("{9A19103F-16F7-4668-BE54-9A1E7A4F7556}") = "LiveSharp.Dashboard", "src\LiveSharp.Dashboard\LiveSharp.Dashboard.csproj", "{337E970F-3244-44AC-B9F3-17B3FDB48EE6}"
EndProject
Project("{9A19103F-16F7-4668-BE54-9A1E7A4F7556}") = "LiveSharp.Support.Blazor", "src\LiveSharp.Support.Blazor\LiveSharp.Support.Blazor.csproj", "{B156ECA4-2C79-4759-B718-5E77E4C0ABB5}"
EndProject
Project("{9A19103F-16F7-4668-BE54-9A1E7A4F7556}") = "LiveSharp.ConsoleHost", "src\LiveSharp.ConsoleHost\LiveSharp.ConsoleHost.csproj", "{800D23EA-76AA-48ED-BA76-37E1A3106EAC}"
EndProject
Project("{9A19103F-16F7-4668-BE54-9A1E7A4F7556}") = "LiveSharp.SequenceRecorder", "test\LiveSharp.SequenceRecorder\LiveSharp.SequenceRecorder.csproj", "{9B77832F-F802-4A70-AD1F-3E9F010947DE}"
EndProject
Project("{9A19103F-16F7-4668-BE54-9A1E7A4F7556}") = "LiveSharp.Support.XamarinForms", "src\LiveSharp.Support.XamarinForms\LiveSharp.Support.XamarinForms.csproj", "{1ADA75CC-EFB1-4BDB-A21C-304CFCE61141}"
EndProject
Project("{9A19103F-16F7-4668-BE54-9A1E7A4F7556}") = "LiveSharp", "src\LiveSharp\LiveSharp.csproj", "{F729322A-1327-41C5-B212-1A9CE0D73528}"
EndProject
Project("{9A19103F-16F7-4668-BE54-9A1E7A4F7556}") = "LiveSharp.Support.Uno", "src\LiveSharp.Support.Uno\LiveSharp.Support.Uno.csproj", "{9C72A32B-AA2F-422F-A01B-F461CE6B0D5A}"
EndProject
Project("{9A19103F-16F7-4668-BE54-9A1E7A4F7556}") = "LiveSharp.Support.UnoWasm", "src\LiveSharp.Support.UnoWasm\LiveSharp.Support.UnoWasm.csproj", "{5D2128FD-1BA6-4611-8FD1-5B7DE00E54E5}"
EndProject
Project("{9A19103F-16F7-4668-BE54-9A1E7A4F7556}") = "LiveSharp.Support.BlazorWASM", "src\LiveSharp.Support.BlazorWASM\LiveSharp.Support.BlazorWASM.csproj", "{4A64F7AA-C614-4A2D-B36B-8A7BC6D3EDEA}"
EndProject
Project("{9A19103F-16F7-4668-BE54-9A1E7A4F7556}") = "LiveSharp.Rewriters", "src\LiveSharp.Rewriters\LiveSharp.Rewriters.csproj", "{F1D80718-D486-492D-99F7-02E767509EDF}"
EndProject
Project("{9A19103F-16F7-4668-BE54-9A1E7A4F7556}") = "LiveSharp.UnitTests", "test\LiveSharp.UnitTests\LiveSharp.UnitTests.csproj", "{624672A4-47A8-4C9E-A741-D7EE6A1661D5}"
EndProject
Project("{9A19103F-16F7-4668-BE54-9A1E7A4F7556}") = "LiveSharp.Support.TestHarness", "src\LiveSharp.Support.TestHarness\LiveSharp.Support.TestHarness.csproj", "{857B47AD-6516-49CD-A3B4-314BEB66F1B9}"
EndProject
Project("{9A19103F-16F7-4668-BE54-9A1E7A4F7556}") = "LiveSharp.Runtime.NS21", "src\LiveSharp.Runtime.NS21\LiveSharp.Runtime.NS21.csproj", "{4FAE6225-4B21-4B03-887E-4CE6EACDEEB5}"
EndProject
Project("{9A19103F-16F7-4668-BE54-9A1E7A4F7556}") = "LiveSharp.Shared", "src\LiveSharp.Shared\LiveSharp.Shared.csproj", "{4745E9BE-5BC0-41C7-830D-044BF9AA941C}"
EndProject
Project("{FAE04EC0-301F-11D3-BF4B-00C04F79EFBC}") = "LiveSharp.ServerTest", "test\LiveSharp.ServerTest\LiveSharp.ServerTest.csproj", "{12E18208-D84D-4CBB-AFE2-0D340263B156}"
EndProject
Global
	GlobalSection(SolutionConfigurationPlatforms) = preSolution
		Ad-Hoc|Any CPU = Ad-Hoc|Any CPU
		Ad-Hoc|ARM = Ad-Hoc|ARM
		Ad-Hoc|iPhone = Ad-Hoc|iPhone
		Ad-Hoc|iPhoneSimulator = Ad-Hoc|iPhoneSimulator
		Ad-Hoc|x64 = Ad-Hoc|x64
		Ad-Hoc|x86 = Ad-Hoc|x86
		AppStore|Any CPU = AppStore|Any CPU
		AppStore|ARM = AppStore|ARM
		AppStore|iPhone = AppStore|iPhone
		AppStore|iPhoneSimulator = AppStore|iPhoneSimulator
		AppStore|x64 = AppStore|x64
		AppStore|x86 = AppStore|x86
		Debug|Any CPU = Debug|Any CPU
		Debug|ARM = Debug|ARM
		Debug|iPhone = Debug|iPhone
		Debug|iPhoneSimulator = Debug|iPhoneSimulator
		Debug|x64 = Debug|x64
		Debug|x86 = Debug|x86
		Release|Any CPU = Release|Any CPU
		Release|ARM = Release|ARM
		Release|iPhone = Release|iPhone
		Release|iPhoneSimulator = Release|iPhoneSimulator
		Release|x64 = Release|x64
		Release|x86 = Release|x86
		Test|Any CPU = Test|Any CPU
		Test|ARM = Test|ARM
		Test|iPhone = Test|iPhone
		Test|iPhoneSimulator = Test|iPhoneSimulator
		Test|x64 = Test|x64
		Test|x86 = Test|x86
	EndGlobalSection
	GlobalSection(ProjectConfigurationPlatforms) = postSolution
		{5653D4F7-485F-41E7-AF5B-C50EFF1F9D02}.Ad-Hoc|Any CPU.ActiveCfg = Release|Any CPU
		{5653D4F7-485F-41E7-AF5B-C50EFF1F9D02}.Ad-Hoc|Any CPU.Build.0 = Release|Any CPU
		{5653D4F7-485F-41E7-AF5B-C50EFF1F9D02}.Ad-Hoc|ARM.ActiveCfg = Release|Any CPU
		{5653D4F7-485F-41E7-AF5B-C50EFF1F9D02}.Ad-Hoc|ARM.Build.0 = Release|Any CPU
		{5653D4F7-485F-41E7-AF5B-C50EFF1F9D02}.Ad-Hoc|iPhone.ActiveCfg = Release|Any CPU
		{5653D4F7-485F-41E7-AF5B-C50EFF1F9D02}.Ad-Hoc|iPhone.Build.0 = Release|Any CPU
		{5653D4F7-485F-41E7-AF5B-C50EFF1F9D02}.Ad-Hoc|iPhoneSimulator.ActiveCfg = Release|Any CPU
		{5653D4F7-485F-41E7-AF5B-C50EFF1F9D02}.Ad-Hoc|iPhoneSimulator.Build.0 = Release|Any CPU
		{5653D4F7-485F-41E7-AF5B-C50EFF1F9D02}.Ad-Hoc|x64.ActiveCfg = Release|Any CPU
		{5653D4F7-485F-41E7-AF5B-C50EFF1F9D02}.Ad-Hoc|x64.Build.0 = Release|Any CPU
		{5653D4F7-485F-41E7-AF5B-C50EFF1F9D02}.Ad-Hoc|x86.ActiveCfg = Release|Any CPU
		{5653D4F7-485F-41E7-AF5B-C50EFF1F9D02}.Ad-Hoc|x86.Build.0 = Release|Any CPU
		{5653D4F7-485F-41E7-AF5B-C50EFF1F9D02}.AppStore|Any CPU.ActiveCfg = Release|Any CPU
		{5653D4F7-485F-41E7-AF5B-C50EFF1F9D02}.AppStore|Any CPU.Build.0 = Release|Any CPU
		{5653D4F7-485F-41E7-AF5B-C50EFF1F9D02}.AppStore|ARM.ActiveCfg = Release|Any CPU
		{5653D4F7-485F-41E7-AF5B-C50EFF1F9D02}.AppStore|ARM.Build.0 = Release|Any CPU
		{5653D4F7-485F-41E7-AF5B-C50EFF1F9D02}.AppStore|iPhone.ActiveCfg = Release|Any CPU
		{5653D4F7-485F-41E7-AF5B-C50EFF1F9D02}.AppStore|iPhone.Build.0 = Release|Any CPU
		{5653D4F7-485F-41E7-AF5B-C50EFF1F9D02}.AppStore|iPhoneSimulator.ActiveCfg = Release|Any CPU
		{5653D4F7-485F-41E7-AF5B-C50EFF1F9D02}.AppStore|iPhoneSimulator.Build.0 = Release|Any CPU
		{5653D4F7-485F-41E7-AF5B-C50EFF1F9D02}.AppStore|x64.ActiveCfg = Release|Any CPU
		{5653D4F7-485F-41E7-AF5B-C50EFF1F9D02}.AppStore|x64.Build.0 = Release|Any CPU
		{5653D4F7-485F-41E7-AF5B-C50EFF1F9D02}.AppStore|x86.ActiveCfg = Release|Any CPU
		{5653D4F7-485F-41E7-AF5B-C50EFF1F9D02}.AppStore|x86.Build.0 = Release|Any CPU
		{5653D4F7-485F-41E7-AF5B-C50EFF1F9D02}.Debug|Any CPU.ActiveCfg = Debug|Any CPU
		{5653D4F7-485F-41E7-AF5B-C50EFF1F9D02}.Debug|Any CPU.Build.0 = Debug|Any CPU
		{5653D4F7-485F-41E7-AF5B-C50EFF1F9D02}.Debug|ARM.ActiveCfg = Debug|Any CPU
		{5653D4F7-485F-41E7-AF5B-C50EFF1F9D02}.Debug|ARM.Build.0 = Debug|Any CPU
		{5653D4F7-485F-41E7-AF5B-C50EFF1F9D02}.Debug|iPhone.ActiveCfg = Debug|Any CPU
		{5653D4F7-485F-41E7-AF5B-C50EFF1F9D02}.Debug|iPhone.Build.0 = Debug|Any CPU
		{5653D4F7-485F-41E7-AF5B-C50EFF1F9D02}.Debug|iPhoneSimulator.ActiveCfg = Debug|Any CPU
		{5653D4F7-485F-41E7-AF5B-C50EFF1F9D02}.Debug|iPhoneSimulator.Build.0 = Debug|Any CPU
		{5653D4F7-485F-41E7-AF5B-C50EFF1F9D02}.Debug|x64.ActiveCfg = Debug|Any CPU
		{5653D4F7-485F-41E7-AF5B-C50EFF1F9D02}.Debug|x64.Build.0 = Debug|Any CPU
		{5653D4F7-485F-41E7-AF5B-C50EFF1F9D02}.Debug|x86.ActiveCfg = Debug|Any CPU
		{5653D4F7-485F-41E7-AF5B-C50EFF1F9D02}.Debug|x86.Build.0 = Debug|Any CPU
		{5653D4F7-485F-41E7-AF5B-C50EFF1F9D02}.Release|Any CPU.ActiveCfg = Release|Any CPU
		{5653D4F7-485F-41E7-AF5B-C50EFF1F9D02}.Release|Any CPU.Build.0 = Release|Any CPU
		{5653D4F7-485F-41E7-AF5B-C50EFF1F9D02}.Release|ARM.ActiveCfg = Release|Any CPU
		{5653D4F7-485F-41E7-AF5B-C50EFF1F9D02}.Release|ARM.Build.0 = Release|Any CPU
		{5653D4F7-485F-41E7-AF5B-C50EFF1F9D02}.Release|iPhone.ActiveCfg = Release|Any CPU
		{5653D4F7-485F-41E7-AF5B-C50EFF1F9D02}.Release|iPhone.Build.0 = Release|Any CPU
		{5653D4F7-485F-41E7-AF5B-C50EFF1F9D02}.Release|iPhoneSimulator.ActiveCfg = Release|Any CPU
		{5653D4F7-485F-41E7-AF5B-C50EFF1F9D02}.Release|iPhoneSimulator.Build.0 = Release|Any CPU
		{5653D4F7-485F-41E7-AF5B-C50EFF1F9D02}.Release|x64.ActiveCfg = Release|Any CPU
		{5653D4F7-485F-41E7-AF5B-C50EFF1F9D02}.Release|x64.Build.0 = Release|Any CPU
		{5653D4F7-485F-41E7-AF5B-C50EFF1F9D02}.Release|x86.ActiveCfg = Release|Any CPU
		{5653D4F7-485F-41E7-AF5B-C50EFF1F9D02}.Release|x86.Build.0 = Release|Any CPU
		{5653D4F7-485F-41E7-AF5B-C50EFF1F9D02}.Test|Any CPU.ActiveCfg = Release|Any CPU
		{5653D4F7-485F-41E7-AF5B-C50EFF1F9D02}.Test|Any CPU.Build.0 = Release|Any CPU
		{5653D4F7-485F-41E7-AF5B-C50EFF1F9D02}.Test|ARM.ActiveCfg = Release|Any CPU
		{5653D4F7-485F-41E7-AF5B-C50EFF1F9D02}.Test|ARM.Build.0 = Release|Any CPU
		{5653D4F7-485F-41E7-AF5B-C50EFF1F9D02}.Test|iPhone.ActiveCfg = Release|Any CPU
		{5653D4F7-485F-41E7-AF5B-C50EFF1F9D02}.Test|iPhone.Build.0 = Release|Any CPU
		{5653D4F7-485F-41E7-AF5B-C50EFF1F9D02}.Test|iPhoneSimulator.ActiveCfg = Release|Any CPU
		{5653D4F7-485F-41E7-AF5B-C50EFF1F9D02}.Test|iPhoneSimulator.Build.0 = Release|Any CPU
		{5653D4F7-485F-41E7-AF5B-C50EFF1F9D02}.Test|x64.ActiveCfg = Release|Any CPU
		{5653D4F7-485F-41E7-AF5B-C50EFF1F9D02}.Test|x64.Build.0 = Release|Any CPU
		{5653D4F7-485F-41E7-AF5B-C50EFF1F9D02}.Test|x86.ActiveCfg = Release|Any CPU
		{5653D4F7-485F-41E7-AF5B-C50EFF1F9D02}.Test|x86.Build.0 = Release|Any CPU
		{8FBA811F-DBD7-43F1-8F61-615CCCBCD357}.Ad-Hoc|Any CPU.ActiveCfg = Debug|Any CPU
		{8FBA811F-DBD7-43F1-8F61-615CCCBCD357}.Ad-Hoc|Any CPU.Build.0 = Debug|Any CPU
		{8FBA811F-DBD7-43F1-8F61-615CCCBCD357}.Ad-Hoc|ARM.ActiveCfg = Debug|Any CPU
		{8FBA811F-DBD7-43F1-8F61-615CCCBCD357}.Ad-Hoc|ARM.Build.0 = Debug|Any CPU
		{8FBA811F-DBD7-43F1-8F61-615CCCBCD357}.Ad-Hoc|iPhone.ActiveCfg = Debug|Any CPU
		{8FBA811F-DBD7-43F1-8F61-615CCCBCD357}.Ad-Hoc|iPhone.Build.0 = Debug|Any CPU
		{8FBA811F-DBD7-43F1-8F61-615CCCBCD357}.Ad-Hoc|iPhoneSimulator.ActiveCfg = Debug|Any CPU
		{8FBA811F-DBD7-43F1-8F61-615CCCBCD357}.Ad-Hoc|iPhoneSimulator.Build.0 = Debug|Any CPU
		{8FBA811F-DBD7-43F1-8F61-615CCCBCD357}.Ad-Hoc|x64.ActiveCfg = Debug|Any CPU
		{8FBA811F-DBD7-43F1-8F61-615CCCBCD357}.Ad-Hoc|x64.Build.0 = Debug|Any CPU
		{8FBA811F-DBD7-43F1-8F61-615CCCBCD357}.Ad-Hoc|x86.ActiveCfg = Debug|Any CPU
		{8FBA811F-DBD7-43F1-8F61-615CCCBCD357}.Ad-Hoc|x86.Build.0 = Debug|Any CPU
		{8FBA811F-DBD7-43F1-8F61-615CCCBCD357}.AppStore|Any CPU.ActiveCfg = Debug|Any CPU
		{8FBA811F-DBD7-43F1-8F61-615CCCBCD357}.AppStore|Any CPU.Build.0 = Debug|Any CPU
		{8FBA811F-DBD7-43F1-8F61-615CCCBCD357}.AppStore|ARM.ActiveCfg = Debug|Any CPU
		{8FBA811F-DBD7-43F1-8F61-615CCCBCD357}.AppStore|ARM.Build.0 = Debug|Any CPU
		{8FBA811F-DBD7-43F1-8F61-615CCCBCD357}.AppStore|iPhone.ActiveCfg = Debug|Any CPU
		{8FBA811F-DBD7-43F1-8F61-615CCCBCD357}.AppStore|iPhone.Build.0 = Debug|Any CPU
		{8FBA811F-DBD7-43F1-8F61-615CCCBCD357}.AppStore|iPhoneSimulator.ActiveCfg = Debug|Any CPU
		{8FBA811F-DBD7-43F1-8F61-615CCCBCD357}.AppStore|iPhoneSimulator.Build.0 = Debug|Any CPU
		{8FBA811F-DBD7-43F1-8F61-615CCCBCD357}.AppStore|x64.ActiveCfg = Debug|Any CPU
		{8FBA811F-DBD7-43F1-8F61-615CCCBCD357}.AppStore|x64.Build.0 = Debug|Any CPU
		{8FBA811F-DBD7-43F1-8F61-615CCCBCD357}.AppStore|x86.ActiveCfg = Debug|Any CPU
		{8FBA811F-DBD7-43F1-8F61-615CCCBCD357}.AppStore|x86.Build.0 = Debug|Any CPU
		{8FBA811F-DBD7-43F1-8F61-615CCCBCD357}.Debug|Any CPU.ActiveCfg = Debug|Any CPU
		{8FBA811F-DBD7-43F1-8F61-615CCCBCD357}.Debug|Any CPU.Build.0 = Debug|Any CPU
		{8FBA811F-DBD7-43F1-8F61-615CCCBCD357}.Debug|ARM.ActiveCfg = Debug|Any CPU
		{8FBA811F-DBD7-43F1-8F61-615CCCBCD357}.Debug|ARM.Build.0 = Debug|Any CPU
		{8FBA811F-DBD7-43F1-8F61-615CCCBCD357}.Debug|iPhone.ActiveCfg = Debug|Any CPU
		{8FBA811F-DBD7-43F1-8F61-615CCCBCD357}.Debug|iPhone.Build.0 = Debug|Any CPU
		{8FBA811F-DBD7-43F1-8F61-615CCCBCD357}.Debug|iPhoneSimulator.ActiveCfg = Debug|Any CPU
		{8FBA811F-DBD7-43F1-8F61-615CCCBCD357}.Debug|iPhoneSimulator.Build.0 = Debug|Any CPU
		{8FBA811F-DBD7-43F1-8F61-615CCCBCD357}.Debug|x64.ActiveCfg = Debug|Any CPU
		{8FBA811F-DBD7-43F1-8F61-615CCCBCD357}.Debug|x64.Build.0 = Debug|Any CPU
		{8FBA811F-DBD7-43F1-8F61-615CCCBCD357}.Debug|x86.ActiveCfg = Debug|Any CPU
		{8FBA811F-DBD7-43F1-8F61-615CCCBCD357}.Debug|x86.Build.0 = Debug|Any CPU
		{8FBA811F-DBD7-43F1-8F61-615CCCBCD357}.Release|Any CPU.ActiveCfg = Release|Any CPU
		{8FBA811F-DBD7-43F1-8F61-615CCCBCD357}.Release|Any CPU.Build.0 = Release|Any CPU
		{8FBA811F-DBD7-43F1-8F61-615CCCBCD357}.Release|ARM.ActiveCfg = Release|Any CPU
		{8FBA811F-DBD7-43F1-8F61-615CCCBCD357}.Release|ARM.Build.0 = Release|Any CPU
		{8FBA811F-DBD7-43F1-8F61-615CCCBCD357}.Release|iPhone.ActiveCfg = Release|Any CPU
		{8FBA811F-DBD7-43F1-8F61-615CCCBCD357}.Release|iPhone.Build.0 = Release|Any CPU
		{8FBA811F-DBD7-43F1-8F61-615CCCBCD357}.Release|iPhoneSimulator.ActiveCfg = Release|Any CPU
		{8FBA811F-DBD7-43F1-8F61-615CCCBCD357}.Release|iPhoneSimulator.Build.0 = Release|Any CPU
		{8FBA811F-DBD7-43F1-8F61-615CCCBCD357}.Release|x64.ActiveCfg = Release|Any CPU
		{8FBA811F-DBD7-43F1-8F61-615CCCBCD357}.Release|x64.Build.0 = Release|Any CPU
		{8FBA811F-DBD7-43F1-8F61-615CCCBCD357}.Release|x86.ActiveCfg = Release|Any CPU
		{8FBA811F-DBD7-43F1-8F61-615CCCBCD357}.Release|x86.Build.0 = Release|Any CPU
		{8FBA811F-DBD7-43F1-8F61-615CCCBCD357}.Test|Any CPU.ActiveCfg = Debug|Any CPU
		{8FBA811F-DBD7-43F1-8F61-615CCCBCD357}.Test|Any CPU.Build.0 = Debug|Any CPU
		{8FBA811F-DBD7-43F1-8F61-615CCCBCD357}.Test|ARM.ActiveCfg = Debug|Any CPU
		{8FBA811F-DBD7-43F1-8F61-615CCCBCD357}.Test|ARM.Build.0 = Debug|Any CPU
		{8FBA811F-DBD7-43F1-8F61-615CCCBCD357}.Test|iPhone.ActiveCfg = Debug|Any CPU
		{8FBA811F-DBD7-43F1-8F61-615CCCBCD357}.Test|iPhone.Build.0 = Debug|Any CPU
		{8FBA811F-DBD7-43F1-8F61-615CCCBCD357}.Test|iPhoneSimulator.ActiveCfg = Debug|Any CPU
		{8FBA811F-DBD7-43F1-8F61-615CCCBCD357}.Test|iPhoneSimulator.Build.0 = Debug|Any CPU
		{8FBA811F-DBD7-43F1-8F61-615CCCBCD357}.Test|x64.ActiveCfg = Debug|Any CPU
		{8FBA811F-DBD7-43F1-8F61-615CCCBCD357}.Test|x64.Build.0 = Debug|Any CPU
		{8FBA811F-DBD7-43F1-8F61-615CCCBCD357}.Test|x86.ActiveCfg = Debug|Any CPU
		{8FBA811F-DBD7-43F1-8F61-615CCCBCD357}.Test|x86.Build.0 = Debug|Any CPU
		{CB757FF5-EC69-4C6B-8A2F-922D2DBEE646}.Ad-Hoc|Any CPU.ActiveCfg = Debug|Any CPU
		{CB757FF5-EC69-4C6B-8A2F-922D2DBEE646}.Ad-Hoc|Any CPU.Build.0 = Debug|Any CPU
		{CB757FF5-EC69-4C6B-8A2F-922D2DBEE646}.Ad-Hoc|ARM.ActiveCfg = Debug|Any CPU
		{CB757FF5-EC69-4C6B-8A2F-922D2DBEE646}.Ad-Hoc|ARM.Build.0 = Debug|Any CPU
		{CB757FF5-EC69-4C6B-8A2F-922D2DBEE646}.Ad-Hoc|iPhone.ActiveCfg = Debug|Any CPU
		{CB757FF5-EC69-4C6B-8A2F-922D2DBEE646}.Ad-Hoc|iPhone.Build.0 = Debug|Any CPU
		{CB757FF5-EC69-4C6B-8A2F-922D2DBEE646}.Ad-Hoc|iPhoneSimulator.ActiveCfg = Debug|Any CPU
		{CB757FF5-EC69-4C6B-8A2F-922D2DBEE646}.Ad-Hoc|iPhoneSimulator.Build.0 = Debug|Any CPU
		{CB757FF5-EC69-4C6B-8A2F-922D2DBEE646}.Ad-Hoc|x64.ActiveCfg = Debug|Any CPU
		{CB757FF5-EC69-4C6B-8A2F-922D2DBEE646}.Ad-Hoc|x64.Build.0 = Debug|Any CPU
		{CB757FF5-EC69-4C6B-8A2F-922D2DBEE646}.Ad-Hoc|x86.ActiveCfg = Debug|Any CPU
		{CB757FF5-EC69-4C6B-8A2F-922D2DBEE646}.Ad-Hoc|x86.Build.0 = Debug|Any CPU
		{CB757FF5-EC69-4C6B-8A2F-922D2DBEE646}.AppStore|Any CPU.ActiveCfg = Debug|Any CPU
		{CB757FF5-EC69-4C6B-8A2F-922D2DBEE646}.AppStore|Any CPU.Build.0 = Debug|Any CPU
		{CB757FF5-EC69-4C6B-8A2F-922D2DBEE646}.AppStore|ARM.ActiveCfg = Debug|Any CPU
		{CB757FF5-EC69-4C6B-8A2F-922D2DBEE646}.AppStore|ARM.Build.0 = Debug|Any CPU
		{CB757FF5-EC69-4C6B-8A2F-922D2DBEE646}.AppStore|iPhone.ActiveCfg = Debug|Any CPU
		{CB757FF5-EC69-4C6B-8A2F-922D2DBEE646}.AppStore|iPhone.Build.0 = Debug|Any CPU
		{CB757FF5-EC69-4C6B-8A2F-922D2DBEE646}.AppStore|iPhoneSimulator.ActiveCfg = Debug|Any CPU
		{CB757FF5-EC69-4C6B-8A2F-922D2DBEE646}.AppStore|iPhoneSimulator.Build.0 = Debug|Any CPU
		{CB757FF5-EC69-4C6B-8A2F-922D2DBEE646}.AppStore|x64.ActiveCfg = Debug|Any CPU
		{CB757FF5-EC69-4C6B-8A2F-922D2DBEE646}.AppStore|x64.Build.0 = Debug|Any CPU
		{CB757FF5-EC69-4C6B-8A2F-922D2DBEE646}.AppStore|x86.ActiveCfg = Debug|Any CPU
		{CB757FF5-EC69-4C6B-8A2F-922D2DBEE646}.AppStore|x86.Build.0 = Debug|Any CPU
		{CB757FF5-EC69-4C6B-8A2F-922D2DBEE646}.Debug|Any CPU.ActiveCfg = Debug|Any CPU
		{CB757FF5-EC69-4C6B-8A2F-922D2DBEE646}.Debug|Any CPU.Build.0 = Debug|Any CPU
		{CB757FF5-EC69-4C6B-8A2F-922D2DBEE646}.Debug|ARM.ActiveCfg = Debug|Any CPU
		{CB757FF5-EC69-4C6B-8A2F-922D2DBEE646}.Debug|ARM.Build.0 = Debug|Any CPU
		{CB757FF5-EC69-4C6B-8A2F-922D2DBEE646}.Debug|iPhone.ActiveCfg = Debug|Any CPU
		{CB757FF5-EC69-4C6B-8A2F-922D2DBEE646}.Debug|iPhone.Build.0 = Debug|Any CPU
		{CB757FF5-EC69-4C6B-8A2F-922D2DBEE646}.Debug|iPhoneSimulator.ActiveCfg = Debug|Any CPU
		{CB757FF5-EC69-4C6B-8A2F-922D2DBEE646}.Debug|iPhoneSimulator.Build.0 = Debug|Any CPU
		{CB757FF5-EC69-4C6B-8A2F-922D2DBEE646}.Debug|x64.ActiveCfg = Debug|Any CPU
		{CB757FF5-EC69-4C6B-8A2F-922D2DBEE646}.Debug|x64.Build.0 = Debug|Any CPU
		{CB757FF5-EC69-4C6B-8A2F-922D2DBEE646}.Debug|x86.ActiveCfg = Debug|Any CPU
		{CB757FF5-EC69-4C6B-8A2F-922D2DBEE646}.Debug|x86.Build.0 = Debug|Any CPU
		{CB757FF5-EC69-4C6B-8A2F-922D2DBEE646}.Release|Any CPU.ActiveCfg = Release|Any CPU
		{CB757FF5-EC69-4C6B-8A2F-922D2DBEE646}.Release|Any CPU.Build.0 = Release|Any CPU
		{CB757FF5-EC69-4C6B-8A2F-922D2DBEE646}.Release|ARM.ActiveCfg = Release|Any CPU
		{CB757FF5-EC69-4C6B-8A2F-922D2DBEE646}.Release|ARM.Build.0 = Release|Any CPU
		{CB757FF5-EC69-4C6B-8A2F-922D2DBEE646}.Release|iPhone.ActiveCfg = Release|Any CPU
		{CB757FF5-EC69-4C6B-8A2F-922D2DBEE646}.Release|iPhone.Build.0 = Release|Any CPU
		{CB757FF5-EC69-4C6B-8A2F-922D2DBEE646}.Release|iPhoneSimulator.ActiveCfg = Release|Any CPU
		{CB757FF5-EC69-4C6B-8A2F-922D2DBEE646}.Release|iPhoneSimulator.Build.0 = Release|Any CPU
		{CB757FF5-EC69-4C6B-8A2F-922D2DBEE646}.Release|x64.ActiveCfg = Release|Any CPU
		{CB757FF5-EC69-4C6B-8A2F-922D2DBEE646}.Release|x64.Build.0 = Release|Any CPU
		{CB757FF5-EC69-4C6B-8A2F-922D2DBEE646}.Release|x86.ActiveCfg = Release|Any CPU
		{CB757FF5-EC69-4C6B-8A2F-922D2DBEE646}.Release|x86.Build.0 = Release|Any CPU
		{CB757FF5-EC69-4C6B-8A2F-922D2DBEE646}.Test|Any CPU.ActiveCfg = Debug|Any CPU
		{CB757FF5-EC69-4C6B-8A2F-922D2DBEE646}.Test|Any CPU.Build.0 = Debug|Any CPU
		{CB757FF5-EC69-4C6B-8A2F-922D2DBEE646}.Test|ARM.ActiveCfg = Debug|Any CPU
		{CB757FF5-EC69-4C6B-8A2F-922D2DBEE646}.Test|ARM.Build.0 = Debug|Any CPU
		{CB757FF5-EC69-4C6B-8A2F-922D2DBEE646}.Test|iPhone.ActiveCfg = Debug|Any CPU
		{CB757FF5-EC69-4C6B-8A2F-922D2DBEE646}.Test|iPhone.Build.0 = Debug|Any CPU
		{CB757FF5-EC69-4C6B-8A2F-922D2DBEE646}.Test|iPhoneSimulator.ActiveCfg = Debug|Any CPU
		{CB757FF5-EC69-4C6B-8A2F-922D2DBEE646}.Test|iPhoneSimulator.Build.0 = Debug|Any CPU
		{CB757FF5-EC69-4C6B-8A2F-922D2DBEE646}.Test|x64.ActiveCfg = Debug|Any CPU
		{CB757FF5-EC69-4C6B-8A2F-922D2DBEE646}.Test|x64.Build.0 = Debug|Any CPU
		{CB757FF5-EC69-4C6B-8A2F-922D2DBEE646}.Test|x86.ActiveCfg = Debug|Any CPU
		{CB757FF5-EC69-4C6B-8A2F-922D2DBEE646}.Test|x86.Build.0 = Debug|Any CPU
		{337E970F-3244-44AC-B9F3-17B3FDB48EE6}.Ad-Hoc|Any CPU.ActiveCfg = Debug|Any CPU
		{337E970F-3244-44AC-B9F3-17B3FDB48EE6}.Ad-Hoc|Any CPU.Build.0 = Debug|Any CPU
		{337E970F-3244-44AC-B9F3-17B3FDB48EE6}.Ad-Hoc|ARM.ActiveCfg = Debug|Any CPU
		{337E970F-3244-44AC-B9F3-17B3FDB48EE6}.Ad-Hoc|ARM.Build.0 = Debug|Any CPU
		{337E970F-3244-44AC-B9F3-17B3FDB48EE6}.Ad-Hoc|iPhone.ActiveCfg = Debug|Any CPU
		{337E970F-3244-44AC-B9F3-17B3FDB48EE6}.Ad-Hoc|iPhone.Build.0 = Debug|Any CPU
		{337E970F-3244-44AC-B9F3-17B3FDB48EE6}.Ad-Hoc|iPhoneSimulator.ActiveCfg = Debug|Any CPU
		{337E970F-3244-44AC-B9F3-17B3FDB48EE6}.Ad-Hoc|iPhoneSimulator.Build.0 = Debug|Any CPU
		{337E970F-3244-44AC-B9F3-17B3FDB48EE6}.Ad-Hoc|x64.ActiveCfg = Debug|Any CPU
		{337E970F-3244-44AC-B9F3-17B3FDB48EE6}.Ad-Hoc|x64.Build.0 = Debug|Any CPU
		{337E970F-3244-44AC-B9F3-17B3FDB48EE6}.Ad-Hoc|x86.ActiveCfg = Debug|Any CPU
		{337E970F-3244-44AC-B9F3-17B3FDB48EE6}.Ad-Hoc|x86.Build.0 = Debug|Any CPU
		{337E970F-3244-44AC-B9F3-17B3FDB48EE6}.AppStore|Any CPU.ActiveCfg = Debug|Any CPU
		{337E970F-3244-44AC-B9F3-17B3FDB48EE6}.AppStore|Any CPU.Build.0 = Debug|Any CPU
		{337E970F-3244-44AC-B9F3-17B3FDB48EE6}.AppStore|ARM.ActiveCfg = Debug|Any CPU
		{337E970F-3244-44AC-B9F3-17B3FDB48EE6}.AppStore|ARM.Build.0 = Debug|Any CPU
		{337E970F-3244-44AC-B9F3-17B3FDB48EE6}.AppStore|iPhone.ActiveCfg = Debug|Any CPU
		{337E970F-3244-44AC-B9F3-17B3FDB48EE6}.AppStore|iPhone.Build.0 = Debug|Any CPU
		{337E970F-3244-44AC-B9F3-17B3FDB48EE6}.AppStore|iPhoneSimulator.ActiveCfg = Debug|Any CPU
		{337E970F-3244-44AC-B9F3-17B3FDB48EE6}.AppStore|iPhoneSimulator.Build.0 = Debug|Any CPU
		{337E970F-3244-44AC-B9F3-17B3FDB48EE6}.AppStore|x64.ActiveCfg = Debug|Any CPU
		{337E970F-3244-44AC-B9F3-17B3FDB48EE6}.AppStore|x64.Build.0 = Debug|Any CPU
		{337E970F-3244-44AC-B9F3-17B3FDB48EE6}.AppStore|x86.ActiveCfg = Debug|Any CPU
		{337E970F-3244-44AC-B9F3-17B3FDB48EE6}.AppStore|x86.Build.0 = Debug|Any CPU
		{337E970F-3244-44AC-B9F3-17B3FDB48EE6}.Debug|Any CPU.ActiveCfg = Debug|Any CPU
		{337E970F-3244-44AC-B9F3-17B3FDB48EE6}.Debug|Any CPU.Build.0 = Debug|Any CPU
		{337E970F-3244-44AC-B9F3-17B3FDB48EE6}.Debug|ARM.ActiveCfg = Debug|Any CPU
		{337E970F-3244-44AC-B9F3-17B3FDB48EE6}.Debug|ARM.Build.0 = Debug|Any CPU
		{337E970F-3244-44AC-B9F3-17B3FDB48EE6}.Debug|iPhone.ActiveCfg = Debug|Any CPU
		{337E970F-3244-44AC-B9F3-17B3FDB48EE6}.Debug|iPhone.Build.0 = Debug|Any CPU
		{337E970F-3244-44AC-B9F3-17B3FDB48EE6}.Debug|iPhoneSimulator.ActiveCfg = Debug|Any CPU
		{337E970F-3244-44AC-B9F3-17B3FDB48EE6}.Debug|iPhoneSimulator.Build.0 = Debug|Any CPU
		{337E970F-3244-44AC-B9F3-17B3FDB48EE6}.Debug|x64.ActiveCfg = Debug|Any CPU
		{337E970F-3244-44AC-B9F3-17B3FDB48EE6}.Debug|x64.Build.0 = Debug|Any CPU
		{337E970F-3244-44AC-B9F3-17B3FDB48EE6}.Debug|x86.ActiveCfg = Debug|Any CPU
		{337E970F-3244-44AC-B9F3-17B3FDB48EE6}.Debug|x86.Build.0 = Debug|Any CPU
		{337E970F-3244-44AC-B9F3-17B3FDB48EE6}.Release|Any CPU.ActiveCfg = Release|Any CPU
		{337E970F-3244-44AC-B9F3-17B3FDB48EE6}.Release|Any CPU.Build.0 = Release|Any CPU
		{337E970F-3244-44AC-B9F3-17B3FDB48EE6}.Release|ARM.ActiveCfg = Release|Any CPU
		{337E970F-3244-44AC-B9F3-17B3FDB48EE6}.Release|ARM.Build.0 = Release|Any CPU
		{337E970F-3244-44AC-B9F3-17B3FDB48EE6}.Release|iPhone.ActiveCfg = Release|Any CPU
		{337E970F-3244-44AC-B9F3-17B3FDB48EE6}.Release|iPhone.Build.0 = Release|Any CPU
		{337E970F-3244-44AC-B9F3-17B3FDB48EE6}.Release|iPhoneSimulator.ActiveCfg = Release|Any CPU
		{337E970F-3244-44AC-B9F3-17B3FDB48EE6}.Release|iPhoneSimulator.Build.0 = Release|Any CPU
		{337E970F-3244-44AC-B9F3-17B3FDB48EE6}.Release|x64.ActiveCfg = Release|Any CPU
		{337E970F-3244-44AC-B9F3-17B3FDB48EE6}.Release|x64.Build.0 = Release|Any CPU
		{337E970F-3244-44AC-B9F3-17B3FDB48EE6}.Release|x86.ActiveCfg = Release|Any CPU
		{337E970F-3244-44AC-B9F3-17B3FDB48EE6}.Release|x86.Build.0 = Release|Any CPU
		{337E970F-3244-44AC-B9F3-17B3FDB48EE6}.Test|Any CPU.ActiveCfg = Debug|Any CPU
		{337E970F-3244-44AC-B9F3-17B3FDB48EE6}.Test|Any CPU.Build.0 = Debug|Any CPU
		{337E970F-3244-44AC-B9F3-17B3FDB48EE6}.Test|ARM.ActiveCfg = Debug|Any CPU
		{337E970F-3244-44AC-B9F3-17B3FDB48EE6}.Test|ARM.Build.0 = Debug|Any CPU
		{337E970F-3244-44AC-B9F3-17B3FDB48EE6}.Test|iPhone.ActiveCfg = Debug|Any CPU
		{337E970F-3244-44AC-B9F3-17B3FDB48EE6}.Test|iPhone.Build.0 = Debug|Any CPU
		{337E970F-3244-44AC-B9F3-17B3FDB48EE6}.Test|iPhoneSimulator.ActiveCfg = Debug|Any CPU
		{337E970F-3244-44AC-B9F3-17B3FDB48EE6}.Test|iPhoneSimulator.Build.0 = Debug|Any CPU
		{337E970F-3244-44AC-B9F3-17B3FDB48EE6}.Test|x64.ActiveCfg = Debug|Any CPU
		{337E970F-3244-44AC-B9F3-17B3FDB48EE6}.Test|x64.Build.0 = Debug|Any CPU
		{337E970F-3244-44AC-B9F3-17B3FDB48EE6}.Test|x86.ActiveCfg = Debug|Any CPU
		{337E970F-3244-44AC-B9F3-17B3FDB48EE6}.Test|x86.Build.0 = Debug|Any CPU
		{B156ECA4-2C79-4759-B718-5E77E4C0ABB5}.Ad-Hoc|Any CPU.ActiveCfg = Debug|Any CPU
		{B156ECA4-2C79-4759-B718-5E77E4C0ABB5}.Ad-Hoc|Any CPU.Build.0 = Debug|Any CPU
		{B156ECA4-2C79-4759-B718-5E77E4C0ABB5}.Ad-Hoc|ARM.ActiveCfg = Debug|Any CPU
		{B156ECA4-2C79-4759-B718-5E77E4C0ABB5}.Ad-Hoc|ARM.Build.0 = Debug|Any CPU
		{B156ECA4-2C79-4759-B718-5E77E4C0ABB5}.Ad-Hoc|iPhone.ActiveCfg = Debug|Any CPU
		{B156ECA4-2C79-4759-B718-5E77E4C0ABB5}.Ad-Hoc|iPhone.Build.0 = Debug|Any CPU
		{B156ECA4-2C79-4759-B718-5E77E4C0ABB5}.Ad-Hoc|iPhoneSimulator.ActiveCfg = Debug|Any CPU
		{B156ECA4-2C79-4759-B718-5E77E4C0ABB5}.Ad-Hoc|iPhoneSimulator.Build.0 = Debug|Any CPU
		{B156ECA4-2C79-4759-B718-5E77E4C0ABB5}.Ad-Hoc|x64.ActiveCfg = Debug|Any CPU
		{B156ECA4-2C79-4759-B718-5E77E4C0ABB5}.Ad-Hoc|x64.Build.0 = Debug|Any CPU
		{B156ECA4-2C79-4759-B718-5E77E4C0ABB5}.Ad-Hoc|x86.ActiveCfg = Debug|Any CPU
		{B156ECA4-2C79-4759-B718-5E77E4C0ABB5}.Ad-Hoc|x86.Build.0 = Debug|Any CPU
		{B156ECA4-2C79-4759-B718-5E77E4C0ABB5}.AppStore|Any CPU.ActiveCfg = Debug|Any CPU
		{B156ECA4-2C79-4759-B718-5E77E4C0ABB5}.AppStore|Any CPU.Build.0 = Debug|Any CPU
		{B156ECA4-2C79-4759-B718-5E77E4C0ABB5}.AppStore|ARM.ActiveCfg = Debug|Any CPU
		{B156ECA4-2C79-4759-B718-5E77E4C0ABB5}.AppStore|ARM.Build.0 = Debug|Any CPU
		{B156ECA4-2C79-4759-B718-5E77E4C0ABB5}.AppStore|iPhone.ActiveCfg = Debug|Any CPU
		{B156ECA4-2C79-4759-B718-5E77E4C0ABB5}.AppStore|iPhone.Build.0 = Debug|Any CPU
		{B156ECA4-2C79-4759-B718-5E77E4C0ABB5}.AppStore|iPhoneSimulator.ActiveCfg = Debug|Any CPU
		{B156ECA4-2C79-4759-B718-5E77E4C0ABB5}.AppStore|iPhoneSimulator.Build.0 = Debug|Any CPU
		{B156ECA4-2C79-4759-B718-5E77E4C0ABB5}.AppStore|x64.ActiveCfg = Debug|Any CPU
		{B156ECA4-2C79-4759-B718-5E77E4C0ABB5}.AppStore|x64.Build.0 = Debug|Any CPU
		{B156ECA4-2C79-4759-B718-5E77E4C0ABB5}.AppStore|x86.ActiveCfg = Debug|Any CPU
		{B156ECA4-2C79-4759-B718-5E77E4C0ABB5}.AppStore|x86.Build.0 = Debug|Any CPU
		{B156ECA4-2C79-4759-B718-5E77E4C0ABB5}.Debug|Any CPU.ActiveCfg = Debug|Any CPU
		{B156ECA4-2C79-4759-B718-5E77E4C0ABB5}.Debug|Any CPU.Build.0 = Debug|Any CPU
		{B156ECA4-2C79-4759-B718-5E77E4C0ABB5}.Debug|ARM.ActiveCfg = Debug|Any CPU
		{B156ECA4-2C79-4759-B718-5E77E4C0ABB5}.Debug|ARM.Build.0 = Debug|Any CPU
		{B156ECA4-2C79-4759-B718-5E77E4C0ABB5}.Debug|iPhone.ActiveCfg = Debug|Any CPU
		{B156ECA4-2C79-4759-B718-5E77E4C0ABB5}.Debug|iPhone.Build.0 = Debug|Any CPU
		{B156ECA4-2C79-4759-B718-5E77E4C0ABB5}.Debug|iPhoneSimulator.ActiveCfg = Debug|Any CPU
		{B156ECA4-2C79-4759-B718-5E77E4C0ABB5}.Debug|iPhoneSimulator.Build.0 = Debug|Any CPU
		{B156ECA4-2C79-4759-B718-5E77E4C0ABB5}.Debug|x64.ActiveCfg = Debug|Any CPU
		{B156ECA4-2C79-4759-B718-5E77E4C0ABB5}.Debug|x64.Build.0 = Debug|Any CPU
		{B156ECA4-2C79-4759-B718-5E77E4C0ABB5}.Debug|x86.ActiveCfg = Debug|Any CPU
		{B156ECA4-2C79-4759-B718-5E77E4C0ABB5}.Debug|x86.Build.0 = Debug|Any CPU
		{B156ECA4-2C79-4759-B718-5E77E4C0ABB5}.Release|Any CPU.ActiveCfg = Release|Any CPU
		{B156ECA4-2C79-4759-B718-5E77E4C0ABB5}.Release|Any CPU.Build.0 = Release|Any CPU
		{B156ECA4-2C79-4759-B718-5E77E4C0ABB5}.Release|ARM.ActiveCfg = Release|Any CPU
		{B156ECA4-2C79-4759-B718-5E77E4C0ABB5}.Release|ARM.Build.0 = Release|Any CPU
		{B156ECA4-2C79-4759-B718-5E77E4C0ABB5}.Release|iPhone.ActiveCfg = Release|Any CPU
		{B156ECA4-2C79-4759-B718-5E77E4C0ABB5}.Release|iPhone.Build.0 = Release|Any CPU
		{B156ECA4-2C79-4759-B718-5E77E4C0ABB5}.Release|iPhoneSimulator.ActiveCfg = Release|Any CPU
		{B156ECA4-2C79-4759-B718-5E77E4C0ABB5}.Release|iPhoneSimulator.Build.0 = Release|Any CPU
		{B156ECA4-2C79-4759-B718-5E77E4C0ABB5}.Release|x64.ActiveCfg = Release|Any CPU
		{B156ECA4-2C79-4759-B718-5E77E4C0ABB5}.Release|x64.Build.0 = Release|Any CPU
		{B156ECA4-2C79-4759-B718-5E77E4C0ABB5}.Release|x86.ActiveCfg = Release|Any CPU
		{B156ECA4-2C79-4759-B718-5E77E4C0ABB5}.Release|x86.Build.0 = Release|Any CPU
		{B156ECA4-2C79-4759-B718-5E77E4C0ABB5}.Test|Any CPU.ActiveCfg = Debug|Any CPU
		{B156ECA4-2C79-4759-B718-5E77E4C0ABB5}.Test|Any CPU.Build.0 = Debug|Any CPU
		{B156ECA4-2C79-4759-B718-5E77E4C0ABB5}.Test|ARM.ActiveCfg = Debug|Any CPU
		{B156ECA4-2C79-4759-B718-5E77E4C0ABB5}.Test|ARM.Build.0 = Debug|Any CPU
		{B156ECA4-2C79-4759-B718-5E77E4C0ABB5}.Test|iPhone.ActiveCfg = Debug|Any CPU
		{B156ECA4-2C79-4759-B718-5E77E4C0ABB5}.Test|iPhone.Build.0 = Debug|Any CPU
		{B156ECA4-2C79-4759-B718-5E77E4C0ABB5}.Test|iPhoneSimulator.ActiveCfg = Debug|Any CPU
		{B156ECA4-2C79-4759-B718-5E77E4C0ABB5}.Test|iPhoneSimulator.Build.0 = Debug|Any CPU
		{B156ECA4-2C79-4759-B718-5E77E4C0ABB5}.Test|x64.ActiveCfg = Debug|Any CPU
		{B156ECA4-2C79-4759-B718-5E77E4C0ABB5}.Test|x64.Build.0 = Debug|Any CPU
		{B156ECA4-2C79-4759-B718-5E77E4C0ABB5}.Test|x86.ActiveCfg = Debug|Any CPU
		{B156ECA4-2C79-4759-B718-5E77E4C0ABB5}.Test|x86.Build.0 = Debug|Any CPU
		{800D23EA-76AA-48ED-BA76-37E1A3106EAC}.Ad-Hoc|Any CPU.ActiveCfg = Debug|Any CPU
		{800D23EA-76AA-48ED-BA76-37E1A3106EAC}.Ad-Hoc|Any CPU.Build.0 = Debug|Any CPU
		{800D23EA-76AA-48ED-BA76-37E1A3106EAC}.Ad-Hoc|ARM.ActiveCfg = Debug|Any CPU
		{800D23EA-76AA-48ED-BA76-37E1A3106EAC}.Ad-Hoc|ARM.Build.0 = Debug|Any CPU
		{800D23EA-76AA-48ED-BA76-37E1A3106EAC}.Ad-Hoc|iPhone.ActiveCfg = Debug|Any CPU
		{800D23EA-76AA-48ED-BA76-37E1A3106EAC}.Ad-Hoc|iPhone.Build.0 = Debug|Any CPU
		{800D23EA-76AA-48ED-BA76-37E1A3106EAC}.Ad-Hoc|iPhoneSimulator.ActiveCfg = Debug|Any CPU
		{800D23EA-76AA-48ED-BA76-37E1A3106EAC}.Ad-Hoc|iPhoneSimulator.Build.0 = Debug|Any CPU
		{800D23EA-76AA-48ED-BA76-37E1A3106EAC}.Ad-Hoc|x64.ActiveCfg = Debug|Any CPU
		{800D23EA-76AA-48ED-BA76-37E1A3106EAC}.Ad-Hoc|x64.Build.0 = Debug|Any CPU
		{800D23EA-76AA-48ED-BA76-37E1A3106EAC}.Ad-Hoc|x86.ActiveCfg = Debug|Any CPU
		{800D23EA-76AA-48ED-BA76-37E1A3106EAC}.Ad-Hoc|x86.Build.0 = Debug|Any CPU
		{800D23EA-76AA-48ED-BA76-37E1A3106EAC}.AppStore|Any CPU.ActiveCfg = Debug|Any CPU
		{800D23EA-76AA-48ED-BA76-37E1A3106EAC}.AppStore|Any CPU.Build.0 = Debug|Any CPU
		{800D23EA-76AA-48ED-BA76-37E1A3106EAC}.AppStore|ARM.ActiveCfg = Debug|Any CPU
		{800D23EA-76AA-48ED-BA76-37E1A3106EAC}.AppStore|ARM.Build.0 = Debug|Any CPU
		{800D23EA-76AA-48ED-BA76-37E1A3106EAC}.AppStore|iPhone.ActiveCfg = Debug|Any CPU
		{800D23EA-76AA-48ED-BA76-37E1A3106EAC}.AppStore|iPhone.Build.0 = Debug|Any CPU
		{800D23EA-76AA-48ED-BA76-37E1A3106EAC}.AppStore|iPhoneSimulator.ActiveCfg = Debug|Any CPU
		{800D23EA-76AA-48ED-BA76-37E1A3106EAC}.AppStore|iPhoneSimulator.Build.0 = Debug|Any CPU
		{800D23EA-76AA-48ED-BA76-37E1A3106EAC}.AppStore|x64.ActiveCfg = Debug|Any CPU
		{800D23EA-76AA-48ED-BA76-37E1A3106EAC}.AppStore|x64.Build.0 = Debug|Any CPU
		{800D23EA-76AA-48ED-BA76-37E1A3106EAC}.AppStore|x86.ActiveCfg = Debug|Any CPU
		{800D23EA-76AA-48ED-BA76-37E1A3106EAC}.AppStore|x86.Build.0 = Debug|Any CPU
		{800D23EA-76AA-48ED-BA76-37E1A3106EAC}.Debug|Any CPU.ActiveCfg = Debug|Any CPU
		{800D23EA-76AA-48ED-BA76-37E1A3106EAC}.Debug|Any CPU.Build.0 = Debug|Any CPU
		{800D23EA-76AA-48ED-BA76-37E1A3106EAC}.Debug|ARM.ActiveCfg = Debug|Any CPU
		{800D23EA-76AA-48ED-BA76-37E1A3106EAC}.Debug|ARM.Build.0 = Debug|Any CPU
		{800D23EA-76AA-48ED-BA76-37E1A3106EAC}.Debug|iPhone.ActiveCfg = Debug|Any CPU
		{800D23EA-76AA-48ED-BA76-37E1A3106EAC}.Debug|iPhone.Build.0 = Debug|Any CPU
		{800D23EA-76AA-48ED-BA76-37E1A3106EAC}.Debug|iPhoneSimulator.ActiveCfg = Debug|Any CPU
		{800D23EA-76AA-48ED-BA76-37E1A3106EAC}.Debug|iPhoneSimulator.Build.0 = Debug|Any CPU
		{800D23EA-76AA-48ED-BA76-37E1A3106EAC}.Debug|x64.ActiveCfg = Debug|Any CPU
		{800D23EA-76AA-48ED-BA76-37E1A3106EAC}.Debug|x64.Build.0 = Debug|Any CPU
		{800D23EA-76AA-48ED-BA76-37E1A3106EAC}.Debug|x86.ActiveCfg = Debug|Any CPU
		{800D23EA-76AA-48ED-BA76-37E1A3106EAC}.Debug|x86.Build.0 = Debug|Any CPU
		{800D23EA-76AA-48ED-BA76-37E1A3106EAC}.Release|Any CPU.ActiveCfg = Release|Any CPU
		{800D23EA-76AA-48ED-BA76-37E1A3106EAC}.Release|Any CPU.Build.0 = Release|Any CPU
		{800D23EA-76AA-48ED-BA76-37E1A3106EAC}.Release|ARM.ActiveCfg = Release|Any CPU
		{800D23EA-76AA-48ED-BA76-37E1A3106EAC}.Release|ARM.Build.0 = Release|Any CPU
		{800D23EA-76AA-48ED-BA76-37E1A3106EAC}.Release|iPhone.ActiveCfg = Release|Any CPU
		{800D23EA-76AA-48ED-BA76-37E1A3106EAC}.Release|iPhone.Build.0 = Release|Any CPU
		{800D23EA-76AA-48ED-BA76-37E1A3106EAC}.Release|iPhoneSimulator.ActiveCfg = Release|Any CPU
		{800D23EA-76AA-48ED-BA76-37E1A3106EAC}.Release|iPhoneSimulator.Build.0 = Release|Any CPU
		{800D23EA-76AA-48ED-BA76-37E1A3106EAC}.Release|x64.ActiveCfg = Release|Any CPU
		{800D23EA-76AA-48ED-BA76-37E1A3106EAC}.Release|x64.Build.0 = Release|Any CPU
		{800D23EA-76AA-48ED-BA76-37E1A3106EAC}.Release|x86.ActiveCfg = Release|Any CPU
		{800D23EA-76AA-48ED-BA76-37E1A3106EAC}.Release|x86.Build.0 = Release|Any CPU
		{800D23EA-76AA-48ED-BA76-37E1A3106EAC}.Test|Any CPU.ActiveCfg = Debug|Any CPU
		{800D23EA-76AA-48ED-BA76-37E1A3106EAC}.Test|Any CPU.Build.0 = Debug|Any CPU
		{800D23EA-76AA-48ED-BA76-37E1A3106EAC}.Test|ARM.ActiveCfg = Debug|Any CPU
		{800D23EA-76AA-48ED-BA76-37E1A3106EAC}.Test|ARM.Build.0 = Debug|Any CPU
		{800D23EA-76AA-48ED-BA76-37E1A3106EAC}.Test|iPhone.ActiveCfg = Debug|Any CPU
		{800D23EA-76AA-48ED-BA76-37E1A3106EAC}.Test|iPhone.Build.0 = Debug|Any CPU
		{800D23EA-76AA-48ED-BA76-37E1A3106EAC}.Test|iPhoneSimulator.ActiveCfg = Debug|Any CPU
		{800D23EA-76AA-48ED-BA76-37E1A3106EAC}.Test|iPhoneSimulator.Build.0 = Debug|Any CPU
		{800D23EA-76AA-48ED-BA76-37E1A3106EAC}.Test|x64.ActiveCfg = Debug|Any CPU
		{800D23EA-76AA-48ED-BA76-37E1A3106EAC}.Test|x64.Build.0 = Debug|Any CPU
		{800D23EA-76AA-48ED-BA76-37E1A3106EAC}.Test|x86.ActiveCfg = Debug|Any CPU
		{800D23EA-76AA-48ED-BA76-37E1A3106EAC}.Test|x86.Build.0 = Debug|Any CPU
		{9B77832F-F802-4A70-AD1F-3E9F010947DE}.Ad-Hoc|Any CPU.ActiveCfg = Debug|Any CPU
		{9B77832F-F802-4A70-AD1F-3E9F010947DE}.Ad-Hoc|Any CPU.Build.0 = Debug|Any CPU
		{9B77832F-F802-4A70-AD1F-3E9F010947DE}.Ad-Hoc|ARM.ActiveCfg = Debug|Any CPU
		{9B77832F-F802-4A70-AD1F-3E9F010947DE}.Ad-Hoc|ARM.Build.0 = Debug|Any CPU
		{9B77832F-F802-4A70-AD1F-3E9F010947DE}.Ad-Hoc|iPhone.ActiveCfg = Debug|Any CPU
		{9B77832F-F802-4A70-AD1F-3E9F010947DE}.Ad-Hoc|iPhone.Build.0 = Debug|Any CPU
		{9B77832F-F802-4A70-AD1F-3E9F010947DE}.Ad-Hoc|iPhoneSimulator.ActiveCfg = Debug|Any CPU
		{9B77832F-F802-4A70-AD1F-3E9F010947DE}.Ad-Hoc|iPhoneSimulator.Build.0 = Debug|Any CPU
		{9B77832F-F802-4A70-AD1F-3E9F010947DE}.Ad-Hoc|x64.ActiveCfg = Debug|Any CPU
		{9B77832F-F802-4A70-AD1F-3E9F010947DE}.Ad-Hoc|x64.Build.0 = Debug|Any CPU
		{9B77832F-F802-4A70-AD1F-3E9F010947DE}.Ad-Hoc|x86.ActiveCfg = Debug|Any CPU
		{9B77832F-F802-4A70-AD1F-3E9F010947DE}.Ad-Hoc|x86.Build.0 = Debug|Any CPU
		{9B77832F-F802-4A70-AD1F-3E9F010947DE}.AppStore|Any CPU.ActiveCfg = Debug|Any CPU
		{9B77832F-F802-4A70-AD1F-3E9F010947DE}.AppStore|Any CPU.Build.0 = Debug|Any CPU
		{9B77832F-F802-4A70-AD1F-3E9F010947DE}.AppStore|ARM.ActiveCfg = Debug|Any CPU
		{9B77832F-F802-4A70-AD1F-3E9F010947DE}.AppStore|ARM.Build.0 = Debug|Any CPU
		{9B77832F-F802-4A70-AD1F-3E9F010947DE}.AppStore|iPhone.ActiveCfg = Debug|Any CPU
		{9B77832F-F802-4A70-AD1F-3E9F010947DE}.AppStore|iPhone.Build.0 = Debug|Any CPU
		{9B77832F-F802-4A70-AD1F-3E9F010947DE}.AppStore|iPhoneSimulator.ActiveCfg = Debug|Any CPU
		{9B77832F-F802-4A70-AD1F-3E9F010947DE}.AppStore|iPhoneSimulator.Build.0 = Debug|Any CPU
		{9B77832F-F802-4A70-AD1F-3E9F010947DE}.AppStore|x64.ActiveCfg = Debug|Any CPU
		{9B77832F-F802-4A70-AD1F-3E9F010947DE}.AppStore|x64.Build.0 = Debug|Any CPU
		{9B77832F-F802-4A70-AD1F-3E9F010947DE}.AppStore|x86.ActiveCfg = Debug|Any CPU
		{9B77832F-F802-4A70-AD1F-3E9F010947DE}.AppStore|x86.Build.0 = Debug|Any CPU
		{9B77832F-F802-4A70-AD1F-3E9F010947DE}.Debug|Any CPU.ActiveCfg = Debug|Any CPU
		{9B77832F-F802-4A70-AD1F-3E9F010947DE}.Debug|Any CPU.Build.0 = Debug|Any CPU
		{9B77832F-F802-4A70-AD1F-3E9F010947DE}.Debug|ARM.ActiveCfg = Debug|Any CPU
		{9B77832F-F802-4A70-AD1F-3E9F010947DE}.Debug|ARM.Build.0 = Debug|Any CPU
		{9B77832F-F802-4A70-AD1F-3E9F010947DE}.Debug|iPhone.ActiveCfg = Debug|Any CPU
		{9B77832F-F802-4A70-AD1F-3E9F010947DE}.Debug|iPhone.Build.0 = Debug|Any CPU
		{9B77832F-F802-4A70-AD1F-3E9F010947DE}.Debug|iPhoneSimulator.ActiveCfg = Debug|Any CPU
		{9B77832F-F802-4A70-AD1F-3E9F010947DE}.Debug|iPhoneSimulator.Build.0 = Debug|Any CPU
		{9B77832F-F802-4A70-AD1F-3E9F010947DE}.Debug|x64.ActiveCfg = Debug|Any CPU
		{9B77832F-F802-4A70-AD1F-3E9F010947DE}.Debug|x64.Build.0 = Debug|Any CPU
		{9B77832F-F802-4A70-AD1F-3E9F010947DE}.Debug|x86.ActiveCfg = Debug|Any CPU
		{9B77832F-F802-4A70-AD1F-3E9F010947DE}.Debug|x86.Build.0 = Debug|Any CPU
		{9B77832F-F802-4A70-AD1F-3E9F010947DE}.Release|Any CPU.ActiveCfg = Release|Any CPU
		{9B77832F-F802-4A70-AD1F-3E9F010947DE}.Release|Any CPU.Build.0 = Release|Any CPU
		{9B77832F-F802-4A70-AD1F-3E9F010947DE}.Release|ARM.ActiveCfg = Release|Any CPU
		{9B77832F-F802-4A70-AD1F-3E9F010947DE}.Release|ARM.Build.0 = Release|Any CPU
		{9B77832F-F802-4A70-AD1F-3E9F010947DE}.Release|iPhone.ActiveCfg = Release|Any CPU
		{9B77832F-F802-4A70-AD1F-3E9F010947DE}.Release|iPhone.Build.0 = Release|Any CPU
		{9B77832F-F802-4A70-AD1F-3E9F010947DE}.Release|iPhoneSimulator.ActiveCfg = Release|Any CPU
		{9B77832F-F802-4A70-AD1F-3E9F010947DE}.Release|iPhoneSimulator.Build.0 = Release|Any CPU
		{9B77832F-F802-4A70-AD1F-3E9F010947DE}.Release|x64.ActiveCfg = Release|Any CPU
		{9B77832F-F802-4A70-AD1F-3E9F010947DE}.Release|x64.Build.0 = Release|Any CPU
		{9B77832F-F802-4A70-AD1F-3E9F010947DE}.Release|x86.ActiveCfg = Release|Any CPU
		{9B77832F-F802-4A70-AD1F-3E9F010947DE}.Release|x86.Build.0 = Release|Any CPU
		{9B77832F-F802-4A70-AD1F-3E9F010947DE}.Test|Any CPU.ActiveCfg = Debug|Any CPU
		{9B77832F-F802-4A70-AD1F-3E9F010947DE}.Test|Any CPU.Build.0 = Debug|Any CPU
		{9B77832F-F802-4A70-AD1F-3E9F010947DE}.Test|ARM.ActiveCfg = Debug|Any CPU
		{9B77832F-F802-4A70-AD1F-3E9F010947DE}.Test|ARM.Build.0 = Debug|Any CPU
		{9B77832F-F802-4A70-AD1F-3E9F010947DE}.Test|iPhone.ActiveCfg = Debug|Any CPU
		{9B77832F-F802-4A70-AD1F-3E9F010947DE}.Test|iPhone.Build.0 = Debug|Any CPU
		{9B77832F-F802-4A70-AD1F-3E9F010947DE}.Test|iPhoneSimulator.ActiveCfg = Debug|Any CPU
		{9B77832F-F802-4A70-AD1F-3E9F010947DE}.Test|iPhoneSimulator.Build.0 = Debug|Any CPU
		{9B77832F-F802-4A70-AD1F-3E9F010947DE}.Test|x64.ActiveCfg = Debug|Any CPU
		{9B77832F-F802-4A70-AD1F-3E9F010947DE}.Test|x64.Build.0 = Debug|Any CPU
		{9B77832F-F802-4A70-AD1F-3E9F010947DE}.Test|x86.ActiveCfg = Debug|Any CPU
		{9B77832F-F802-4A70-AD1F-3E9F010947DE}.Test|x86.Build.0 = Debug|Any CPU
		{1ADA75CC-EFB1-4BDB-A21C-304CFCE61141}.Ad-Hoc|Any CPU.ActiveCfg = Debug|Any CPU
		{1ADA75CC-EFB1-4BDB-A21C-304CFCE61141}.Ad-Hoc|Any CPU.Build.0 = Debug|Any CPU
		{1ADA75CC-EFB1-4BDB-A21C-304CFCE61141}.Ad-Hoc|ARM.ActiveCfg = Debug|Any CPU
		{1ADA75CC-EFB1-4BDB-A21C-304CFCE61141}.Ad-Hoc|ARM.Build.0 = Debug|Any CPU
		{1ADA75CC-EFB1-4BDB-A21C-304CFCE61141}.Ad-Hoc|iPhone.ActiveCfg = Debug|Any CPU
		{1ADA75CC-EFB1-4BDB-A21C-304CFCE61141}.Ad-Hoc|iPhone.Build.0 = Debug|Any CPU
		{1ADA75CC-EFB1-4BDB-A21C-304CFCE61141}.Ad-Hoc|iPhoneSimulator.ActiveCfg = Debug|Any CPU
		{1ADA75CC-EFB1-4BDB-A21C-304CFCE61141}.Ad-Hoc|iPhoneSimulator.Build.0 = Debug|Any CPU
		{1ADA75CC-EFB1-4BDB-A21C-304CFCE61141}.Ad-Hoc|x64.ActiveCfg = Debug|Any CPU
		{1ADA75CC-EFB1-4BDB-A21C-304CFCE61141}.Ad-Hoc|x64.Build.0 = Debug|Any CPU
		{1ADA75CC-EFB1-4BDB-A21C-304CFCE61141}.Ad-Hoc|x86.ActiveCfg = Debug|Any CPU
		{1ADA75CC-EFB1-4BDB-A21C-304CFCE61141}.Ad-Hoc|x86.Build.0 = Debug|Any CPU
		{1ADA75CC-EFB1-4BDB-A21C-304CFCE61141}.AppStore|Any CPU.ActiveCfg = Debug|Any CPU
		{1ADA75CC-EFB1-4BDB-A21C-304CFCE61141}.AppStore|Any CPU.Build.0 = Debug|Any CPU
		{1ADA75CC-EFB1-4BDB-A21C-304CFCE61141}.AppStore|ARM.ActiveCfg = Debug|Any CPU
		{1ADA75CC-EFB1-4BDB-A21C-304CFCE61141}.AppStore|ARM.Build.0 = Debug|Any CPU
		{1ADA75CC-EFB1-4BDB-A21C-304CFCE61141}.AppStore|iPhone.ActiveCfg = Debug|Any CPU
		{1ADA75CC-EFB1-4BDB-A21C-304CFCE61141}.AppStore|iPhone.Build.0 = Debug|Any CPU
		{1ADA75CC-EFB1-4BDB-A21C-304CFCE61141}.AppStore|iPhoneSimulator.ActiveCfg = Debug|Any CPU
		{1ADA75CC-EFB1-4BDB-A21C-304CFCE61141}.AppStore|iPhoneSimulator.Build.0 = Debug|Any CPU
		{1ADA75CC-EFB1-4BDB-A21C-304CFCE61141}.AppStore|x64.ActiveCfg = Debug|Any CPU
		{1ADA75CC-EFB1-4BDB-A21C-304CFCE61141}.AppStore|x64.Build.0 = Debug|Any CPU
		{1ADA75CC-EFB1-4BDB-A21C-304CFCE61141}.AppStore|x86.ActiveCfg = Debug|Any CPU
		{1ADA75CC-EFB1-4BDB-A21C-304CFCE61141}.AppStore|x86.Build.0 = Debug|Any CPU
		{1ADA75CC-EFB1-4BDB-A21C-304CFCE61141}.Debug|Any CPU.ActiveCfg = Debug|Any CPU
		{1ADA75CC-EFB1-4BDB-A21C-304CFCE61141}.Debug|Any CPU.Build.0 = Debug|Any CPU
		{1ADA75CC-EFB1-4BDB-A21C-304CFCE61141}.Debug|ARM.ActiveCfg = Debug|Any CPU
		{1ADA75CC-EFB1-4BDB-A21C-304CFCE61141}.Debug|ARM.Build.0 = Debug|Any CPU
		{1ADA75CC-EFB1-4BDB-A21C-304CFCE61141}.Debug|iPhone.ActiveCfg = Debug|Any CPU
		{1ADA75CC-EFB1-4BDB-A21C-304CFCE61141}.Debug|iPhone.Build.0 = Debug|Any CPU
		{1ADA75CC-EFB1-4BDB-A21C-304CFCE61141}.Debug|iPhoneSimulator.ActiveCfg = Debug|Any CPU
		{1ADA75CC-EFB1-4BDB-A21C-304CFCE61141}.Debug|iPhoneSimulator.Build.0 = Debug|Any CPU
		{1ADA75CC-EFB1-4BDB-A21C-304CFCE61141}.Debug|x64.ActiveCfg = Debug|Any CPU
		{1ADA75CC-EFB1-4BDB-A21C-304CFCE61141}.Debug|x64.Build.0 = Debug|Any CPU
		{1ADA75CC-EFB1-4BDB-A21C-304CFCE61141}.Debug|x86.ActiveCfg = Debug|Any CPU
		{1ADA75CC-EFB1-4BDB-A21C-304CFCE61141}.Debug|x86.Build.0 = Debug|Any CPU
		{1ADA75CC-EFB1-4BDB-A21C-304CFCE61141}.Release|Any CPU.ActiveCfg = Release|Any CPU
		{1ADA75CC-EFB1-4BDB-A21C-304CFCE61141}.Release|Any CPU.Build.0 = Release|Any CPU
		{1ADA75CC-EFB1-4BDB-A21C-304CFCE61141}.Release|ARM.ActiveCfg = Release|Any CPU
		{1ADA75CC-EFB1-4BDB-A21C-304CFCE61141}.Release|ARM.Build.0 = Release|Any CPU
		{1ADA75CC-EFB1-4BDB-A21C-304CFCE61141}.Release|iPhone.ActiveCfg = Release|Any CPU
		{1ADA75CC-EFB1-4BDB-A21C-304CFCE61141}.Release|iPhone.Build.0 = Release|Any CPU
		{1ADA75CC-EFB1-4BDB-A21C-304CFCE61141}.Release|iPhoneSimulator.ActiveCfg = Release|Any CPU
		{1ADA75CC-EFB1-4BDB-A21C-304CFCE61141}.Release|iPhoneSimulator.Build.0 = Release|Any CPU
		{1ADA75CC-EFB1-4BDB-A21C-304CFCE61141}.Release|x64.ActiveCfg = Release|Any CPU
		{1ADA75CC-EFB1-4BDB-A21C-304CFCE61141}.Release|x64.Build.0 = Release|Any CPU
		{1ADA75CC-EFB1-4BDB-A21C-304CFCE61141}.Release|x86.ActiveCfg = Release|Any CPU
		{1ADA75CC-EFB1-4BDB-A21C-304CFCE61141}.Release|x86.Build.0 = Release|Any CPU
		{1ADA75CC-EFB1-4BDB-A21C-304CFCE61141}.Test|Any CPU.ActiveCfg = Debug|Any CPU
		{1ADA75CC-EFB1-4BDB-A21C-304CFCE61141}.Test|Any CPU.Build.0 = Debug|Any CPU
		{1ADA75CC-EFB1-4BDB-A21C-304CFCE61141}.Test|ARM.ActiveCfg = Debug|Any CPU
		{1ADA75CC-EFB1-4BDB-A21C-304CFCE61141}.Test|ARM.Build.0 = Debug|Any CPU
		{1ADA75CC-EFB1-4BDB-A21C-304CFCE61141}.Test|iPhone.ActiveCfg = Debug|Any CPU
		{1ADA75CC-EFB1-4BDB-A21C-304CFCE61141}.Test|iPhone.Build.0 = Debug|Any CPU
		{1ADA75CC-EFB1-4BDB-A21C-304CFCE61141}.Test|iPhoneSimulator.ActiveCfg = Debug|Any CPU
		{1ADA75CC-EFB1-4BDB-A21C-304CFCE61141}.Test|iPhoneSimulator.Build.0 = Debug|Any CPU
		{1ADA75CC-EFB1-4BDB-A21C-304CFCE61141}.Test|x64.ActiveCfg = Debug|Any CPU
		{1ADA75CC-EFB1-4BDB-A21C-304CFCE61141}.Test|x64.Build.0 = Debug|Any CPU
		{1ADA75CC-EFB1-4BDB-A21C-304CFCE61141}.Test|x86.ActiveCfg = Debug|Any CPU
		{1ADA75CC-EFB1-4BDB-A21C-304CFCE61141}.Test|x86.Build.0 = Debug|Any CPU
		{F729322A-1327-41C5-B212-1A9CE0D73528}.Ad-Hoc|Any CPU.ActiveCfg = Debug|Any CPU
		{F729322A-1327-41C5-B212-1A9CE0D73528}.Ad-Hoc|Any CPU.Build.0 = Debug|Any CPU
		{F729322A-1327-41C5-B212-1A9CE0D73528}.Ad-Hoc|ARM.ActiveCfg = Debug|Any CPU
		{F729322A-1327-41C5-B212-1A9CE0D73528}.Ad-Hoc|ARM.Build.0 = Debug|Any CPU
		{F729322A-1327-41C5-B212-1A9CE0D73528}.Ad-Hoc|iPhone.ActiveCfg = Debug|Any CPU
		{F729322A-1327-41C5-B212-1A9CE0D73528}.Ad-Hoc|iPhone.Build.0 = Debug|Any CPU
		{F729322A-1327-41C5-B212-1A9CE0D73528}.Ad-Hoc|iPhoneSimulator.ActiveCfg = Debug|Any CPU
		{F729322A-1327-41C5-B212-1A9CE0D73528}.Ad-Hoc|iPhoneSimulator.Build.0 = Debug|Any CPU
		{F729322A-1327-41C5-B212-1A9CE0D73528}.Ad-Hoc|x64.ActiveCfg = Debug|Any CPU
		{F729322A-1327-41C5-B212-1A9CE0D73528}.Ad-Hoc|x64.Build.0 = Debug|Any CPU
		{F729322A-1327-41C5-B212-1A9CE0D73528}.Ad-Hoc|x86.ActiveCfg = Debug|Any CPU
		{F729322A-1327-41C5-B212-1A9CE0D73528}.Ad-Hoc|x86.Build.0 = Debug|Any CPU
		{F729322A-1327-41C5-B212-1A9CE0D73528}.AppStore|Any CPU.ActiveCfg = Debug|Any CPU
		{F729322A-1327-41C5-B212-1A9CE0D73528}.AppStore|Any CPU.Build.0 = Debug|Any CPU
		{F729322A-1327-41C5-B212-1A9CE0D73528}.AppStore|ARM.ActiveCfg = Debug|Any CPU
		{F729322A-1327-41C5-B212-1A9CE0D73528}.AppStore|ARM.Build.0 = Debug|Any CPU
		{F729322A-1327-41C5-B212-1A9CE0D73528}.AppStore|iPhone.ActiveCfg = Debug|Any CPU
		{F729322A-1327-41C5-B212-1A9CE0D73528}.AppStore|iPhone.Build.0 = Debug|Any CPU
		{F729322A-1327-41C5-B212-1A9CE0D73528}.AppStore|iPhoneSimulator.ActiveCfg = Debug|Any CPU
		{F729322A-1327-41C5-B212-1A9CE0D73528}.AppStore|iPhoneSimulator.Build.0 = Debug|Any CPU
		{F729322A-1327-41C5-B212-1A9CE0D73528}.AppStore|x64.ActiveCfg = Debug|Any CPU
		{F729322A-1327-41C5-B212-1A9CE0D73528}.AppStore|x64.Build.0 = Debug|Any CPU
		{F729322A-1327-41C5-B212-1A9CE0D73528}.AppStore|x86.ActiveCfg = Debug|Any CPU
		{F729322A-1327-41C5-B212-1A9CE0D73528}.AppStore|x86.Build.0 = Debug|Any CPU
		{F729322A-1327-41C5-B212-1A9CE0D73528}.Debug|Any CPU.ActiveCfg = Debug|Any CPU
		{F729322A-1327-41C5-B212-1A9CE0D73528}.Debug|Any CPU.Build.0 = Debug|Any CPU
		{F729322A-1327-41C5-B212-1A9CE0D73528}.Debug|ARM.ActiveCfg = Debug|Any CPU
		{F729322A-1327-41C5-B212-1A9CE0D73528}.Debug|ARM.Build.0 = Debug|Any CPU
		{F729322A-1327-41C5-B212-1A9CE0D73528}.Debug|iPhone.ActiveCfg = Debug|Any CPU
		{F729322A-1327-41C5-B212-1A9CE0D73528}.Debug|iPhone.Build.0 = Debug|Any CPU
		{F729322A-1327-41C5-B212-1A9CE0D73528}.Debug|iPhoneSimulator.ActiveCfg = Debug|Any CPU
		{F729322A-1327-41C5-B212-1A9CE0D73528}.Debug|iPhoneSimulator.Build.0 = Debug|Any CPU
		{F729322A-1327-41C5-B212-1A9CE0D73528}.Debug|x64.ActiveCfg = Debug|Any CPU
		{F729322A-1327-41C5-B212-1A9CE0D73528}.Debug|x64.Build.0 = Debug|Any CPU
		{F729322A-1327-41C5-B212-1A9CE0D73528}.Debug|x86.ActiveCfg = Debug|Any CPU
		{F729322A-1327-41C5-B212-1A9CE0D73528}.Debug|x86.Build.0 = Debug|Any CPU
		{F729322A-1327-41C5-B212-1A9CE0D73528}.Release|Any CPU.ActiveCfg = Release|Any CPU
		{F729322A-1327-41C5-B212-1A9CE0D73528}.Release|Any CPU.Build.0 = Release|Any CPU
		{F729322A-1327-41C5-B212-1A9CE0D73528}.Release|ARM.ActiveCfg = Release|Any CPU
		{F729322A-1327-41C5-B212-1A9CE0D73528}.Release|ARM.Build.0 = Release|Any CPU
		{F729322A-1327-41C5-B212-1A9CE0D73528}.Release|iPhone.ActiveCfg = Release|Any CPU
		{F729322A-1327-41C5-B212-1A9CE0D73528}.Release|iPhone.Build.0 = Release|Any CPU
		{F729322A-1327-41C5-B212-1A9CE0D73528}.Release|iPhoneSimulator.ActiveCfg = Release|Any CPU
		{F729322A-1327-41C5-B212-1A9CE0D73528}.Release|iPhoneSimulator.Build.0 = Release|Any CPU
		{F729322A-1327-41C5-B212-1A9CE0D73528}.Release|x64.ActiveCfg = Release|Any CPU
		{F729322A-1327-41C5-B212-1A9CE0D73528}.Release|x64.Build.0 = Release|Any CPU
		{F729322A-1327-41C5-B212-1A9CE0D73528}.Release|x86.ActiveCfg = Release|Any CPU
		{F729322A-1327-41C5-B212-1A9CE0D73528}.Release|x86.Build.0 = Release|Any CPU
		{F729322A-1327-41C5-B212-1A9CE0D73528}.Test|Any CPU.ActiveCfg = Debug|Any CPU
		{F729322A-1327-41C5-B212-1A9CE0D73528}.Test|Any CPU.Build.0 = Debug|Any CPU
		{F729322A-1327-41C5-B212-1A9CE0D73528}.Test|ARM.ActiveCfg = Debug|Any CPU
		{F729322A-1327-41C5-B212-1A9CE0D73528}.Test|ARM.Build.0 = Debug|Any CPU
		{F729322A-1327-41C5-B212-1A9CE0D73528}.Test|iPhone.ActiveCfg = Debug|Any CPU
		{F729322A-1327-41C5-B212-1A9CE0D73528}.Test|iPhone.Build.0 = Debug|Any CPU
		{F729322A-1327-41C5-B212-1A9CE0D73528}.Test|iPhoneSimulator.ActiveCfg = Debug|Any CPU
		{F729322A-1327-41C5-B212-1A9CE0D73528}.Test|iPhoneSimulator.Build.0 = Debug|Any CPU
		{F729322A-1327-41C5-B212-1A9CE0D73528}.Test|x64.ActiveCfg = Debug|Any CPU
		{F729322A-1327-41C5-B212-1A9CE0D73528}.Test|x64.Build.0 = Debug|Any CPU
		{F729322A-1327-41C5-B212-1A9CE0D73528}.Test|x86.ActiveCfg = Debug|Any CPU
		{F729322A-1327-41C5-B212-1A9CE0D73528}.Test|x86.Build.0 = Debug|Any CPU
		{9C72A32B-AA2F-422F-A01B-F461CE6B0D5A}.Ad-Hoc|Any CPU.ActiveCfg = Debug|Any CPU
		{9C72A32B-AA2F-422F-A01B-F461CE6B0D5A}.Ad-Hoc|Any CPU.Build.0 = Debug|Any CPU
		{9C72A32B-AA2F-422F-A01B-F461CE6B0D5A}.Ad-Hoc|ARM.ActiveCfg = Debug|Any CPU
		{9C72A32B-AA2F-422F-A01B-F461CE6B0D5A}.Ad-Hoc|ARM.Build.0 = Debug|Any CPU
		{9C72A32B-AA2F-422F-A01B-F461CE6B0D5A}.Ad-Hoc|iPhone.ActiveCfg = Debug|Any CPU
		{9C72A32B-AA2F-422F-A01B-F461CE6B0D5A}.Ad-Hoc|iPhone.Build.0 = Debug|Any CPU
		{9C72A32B-AA2F-422F-A01B-F461CE6B0D5A}.Ad-Hoc|iPhoneSimulator.ActiveCfg = Debug|Any CPU
		{9C72A32B-AA2F-422F-A01B-F461CE6B0D5A}.Ad-Hoc|iPhoneSimulator.Build.0 = Debug|Any CPU
		{9C72A32B-AA2F-422F-A01B-F461CE6B0D5A}.Ad-Hoc|x64.ActiveCfg = Debug|Any CPU
		{9C72A32B-AA2F-422F-A01B-F461CE6B0D5A}.Ad-Hoc|x64.Build.0 = Debug|Any CPU
		{9C72A32B-AA2F-422F-A01B-F461CE6B0D5A}.Ad-Hoc|x86.ActiveCfg = Debug|Any CPU
		{9C72A32B-AA2F-422F-A01B-F461CE6B0D5A}.Ad-Hoc|x86.Build.0 = Debug|Any CPU
		{9C72A32B-AA2F-422F-A01B-F461CE6B0D5A}.AppStore|Any CPU.ActiveCfg = Debug|Any CPU
		{9C72A32B-AA2F-422F-A01B-F461CE6B0D5A}.AppStore|Any CPU.Build.0 = Debug|Any CPU
		{9C72A32B-AA2F-422F-A01B-F461CE6B0D5A}.AppStore|ARM.ActiveCfg = Debug|Any CPU
		{9C72A32B-AA2F-422F-A01B-F461CE6B0D5A}.AppStore|ARM.Build.0 = Debug|Any CPU
		{9C72A32B-AA2F-422F-A01B-F461CE6B0D5A}.AppStore|iPhone.ActiveCfg = Debug|Any CPU
		{9C72A32B-AA2F-422F-A01B-F461CE6B0D5A}.AppStore|iPhone.Build.0 = Debug|Any CPU
		{9C72A32B-AA2F-422F-A01B-F461CE6B0D5A}.AppStore|iPhoneSimulator.ActiveCfg = Debug|Any CPU
		{9C72A32B-AA2F-422F-A01B-F461CE6B0D5A}.AppStore|iPhoneSimulator.Build.0 = Debug|Any CPU
		{9C72A32B-AA2F-422F-A01B-F461CE6B0D5A}.AppStore|x64.ActiveCfg = Debug|Any CPU
		{9C72A32B-AA2F-422F-A01B-F461CE6B0D5A}.AppStore|x64.Build.0 = Debug|Any CPU
		{9C72A32B-AA2F-422F-A01B-F461CE6B0D5A}.AppStore|x86.ActiveCfg = Debug|Any CPU
		{9C72A32B-AA2F-422F-A01B-F461CE6B0D5A}.AppStore|x86.Build.0 = Debug|Any CPU
		{9C72A32B-AA2F-422F-A01B-F461CE6B0D5A}.Debug|Any CPU.ActiveCfg = Debug|Any CPU
		{9C72A32B-AA2F-422F-A01B-F461CE6B0D5A}.Debug|Any CPU.Build.0 = Debug|Any CPU
		{9C72A32B-AA2F-422F-A01B-F461CE6B0D5A}.Debug|ARM.ActiveCfg = Debug|Any CPU
		{9C72A32B-AA2F-422F-A01B-F461CE6B0D5A}.Debug|ARM.Build.0 = Debug|Any CPU
		{9C72A32B-AA2F-422F-A01B-F461CE6B0D5A}.Debug|iPhone.ActiveCfg = Debug|Any CPU
		{9C72A32B-AA2F-422F-A01B-F461CE6B0D5A}.Debug|iPhone.Build.0 = Debug|Any CPU
		{9C72A32B-AA2F-422F-A01B-F461CE6B0D5A}.Debug|iPhoneSimulator.ActiveCfg = Debug|Any CPU
		{9C72A32B-AA2F-422F-A01B-F461CE6B0D5A}.Debug|iPhoneSimulator.Build.0 = Debug|Any CPU
		{9C72A32B-AA2F-422F-A01B-F461CE6B0D5A}.Debug|x64.ActiveCfg = Debug|Any CPU
		{9C72A32B-AA2F-422F-A01B-F461CE6B0D5A}.Debug|x64.Build.0 = Debug|Any CPU
		{9C72A32B-AA2F-422F-A01B-F461CE6B0D5A}.Debug|x86.ActiveCfg = Debug|Any CPU
		{9C72A32B-AA2F-422F-A01B-F461CE6B0D5A}.Debug|x86.Build.0 = Debug|Any CPU
		{9C72A32B-AA2F-422F-A01B-F461CE6B0D5A}.Release|Any CPU.ActiveCfg = Release|Any CPU
		{9C72A32B-AA2F-422F-A01B-F461CE6B0D5A}.Release|Any CPU.Build.0 = Release|Any CPU
		{9C72A32B-AA2F-422F-A01B-F461CE6B0D5A}.Release|ARM.ActiveCfg = Release|Any CPU
		{9C72A32B-AA2F-422F-A01B-F461CE6B0D5A}.Release|ARM.Build.0 = Release|Any CPU
		{9C72A32B-AA2F-422F-A01B-F461CE6B0D5A}.Release|iPhone.ActiveCfg = Release|Any CPU
		{9C72A32B-AA2F-422F-A01B-F461CE6B0D5A}.Release|iPhone.Build.0 = Release|Any CPU
		{9C72A32B-AA2F-422F-A01B-F461CE6B0D5A}.Release|iPhoneSimulator.ActiveCfg = Release|Any CPU
		{9C72A32B-AA2F-422F-A01B-F461CE6B0D5A}.Release|iPhoneSimulator.Build.0 = Release|Any CPU
		{9C72A32B-AA2F-422F-A01B-F461CE6B0D5A}.Release|x64.ActiveCfg = Release|Any CPU
		{9C72A32B-AA2F-422F-A01B-F461CE6B0D5A}.Release|x64.Build.0 = Release|Any CPU
		{9C72A32B-AA2F-422F-A01B-F461CE6B0D5A}.Release|x86.ActiveCfg = Release|Any CPU
		{9C72A32B-AA2F-422F-A01B-F461CE6B0D5A}.Release|x86.Build.0 = Release|Any CPU
		{9C72A32B-AA2F-422F-A01B-F461CE6B0D5A}.Test|Any CPU.ActiveCfg = Debug|Any CPU
		{9C72A32B-AA2F-422F-A01B-F461CE6B0D5A}.Test|Any CPU.Build.0 = Debug|Any CPU
		{9C72A32B-AA2F-422F-A01B-F461CE6B0D5A}.Test|ARM.ActiveCfg = Debug|Any CPU
		{9C72A32B-AA2F-422F-A01B-F461CE6B0D5A}.Test|ARM.Build.0 = Debug|Any CPU
		{9C72A32B-AA2F-422F-A01B-F461CE6B0D5A}.Test|iPhone.ActiveCfg = Debug|Any CPU
		{9C72A32B-AA2F-422F-A01B-F461CE6B0D5A}.Test|iPhone.Build.0 = Debug|Any CPU
		{9C72A32B-AA2F-422F-A01B-F461CE6B0D5A}.Test|iPhoneSimulator.ActiveCfg = Debug|Any CPU
		{9C72A32B-AA2F-422F-A01B-F461CE6B0D5A}.Test|iPhoneSimulator.Build.0 = Debug|Any CPU
		{9C72A32B-AA2F-422F-A01B-F461CE6B0D5A}.Test|x64.ActiveCfg = Debug|Any CPU
		{9C72A32B-AA2F-422F-A01B-F461CE6B0D5A}.Test|x64.Build.0 = Debug|Any CPU
		{9C72A32B-AA2F-422F-A01B-F461CE6B0D5A}.Test|x86.ActiveCfg = Debug|Any CPU
		{9C72A32B-AA2F-422F-A01B-F461CE6B0D5A}.Test|x86.Build.0 = Debug|Any CPU
		{5D2128FD-1BA6-4611-8FD1-5B7DE00E54E5}.Ad-Hoc|Any CPU.ActiveCfg = Debug|Any CPU
		{5D2128FD-1BA6-4611-8FD1-5B7DE00E54E5}.Ad-Hoc|Any CPU.Build.0 = Debug|Any CPU
		{5D2128FD-1BA6-4611-8FD1-5B7DE00E54E5}.Ad-Hoc|ARM.ActiveCfg = Debug|Any CPU
		{5D2128FD-1BA6-4611-8FD1-5B7DE00E54E5}.Ad-Hoc|ARM.Build.0 = Debug|Any CPU
		{5D2128FD-1BA6-4611-8FD1-5B7DE00E54E5}.Ad-Hoc|iPhone.ActiveCfg = Debug|Any CPU
		{5D2128FD-1BA6-4611-8FD1-5B7DE00E54E5}.Ad-Hoc|iPhone.Build.0 = Debug|Any CPU
		{5D2128FD-1BA6-4611-8FD1-5B7DE00E54E5}.Ad-Hoc|iPhoneSimulator.ActiveCfg = Debug|Any CPU
		{5D2128FD-1BA6-4611-8FD1-5B7DE00E54E5}.Ad-Hoc|iPhoneSimulator.Build.0 = Debug|Any CPU
		{5D2128FD-1BA6-4611-8FD1-5B7DE00E54E5}.Ad-Hoc|x64.ActiveCfg = Debug|Any CPU
		{5D2128FD-1BA6-4611-8FD1-5B7DE00E54E5}.Ad-Hoc|x64.Build.0 = Debug|Any CPU
		{5D2128FD-1BA6-4611-8FD1-5B7DE00E54E5}.Ad-Hoc|x86.ActiveCfg = Debug|Any CPU
		{5D2128FD-1BA6-4611-8FD1-5B7DE00E54E5}.Ad-Hoc|x86.Build.0 = Debug|Any CPU
		{5D2128FD-1BA6-4611-8FD1-5B7DE00E54E5}.AppStore|Any CPU.ActiveCfg = Debug|Any CPU
		{5D2128FD-1BA6-4611-8FD1-5B7DE00E54E5}.AppStore|Any CPU.Build.0 = Debug|Any CPU
		{5D2128FD-1BA6-4611-8FD1-5B7DE00E54E5}.AppStore|ARM.ActiveCfg = Debug|Any CPU
		{5D2128FD-1BA6-4611-8FD1-5B7DE00E54E5}.AppStore|ARM.Build.0 = Debug|Any CPU
		{5D2128FD-1BA6-4611-8FD1-5B7DE00E54E5}.AppStore|iPhone.ActiveCfg = Debug|Any CPU
		{5D2128FD-1BA6-4611-8FD1-5B7DE00E54E5}.AppStore|iPhone.Build.0 = Debug|Any CPU
		{5D2128FD-1BA6-4611-8FD1-5B7DE00E54E5}.AppStore|iPhoneSimulator.ActiveCfg = Debug|Any CPU
		{5D2128FD-1BA6-4611-8FD1-5B7DE00E54E5}.AppStore|iPhoneSimulator.Build.0 = Debug|Any CPU
		{5D2128FD-1BA6-4611-8FD1-5B7DE00E54E5}.AppStore|x64.ActiveCfg = Debug|Any CPU
		{5D2128FD-1BA6-4611-8FD1-5B7DE00E54E5}.AppStore|x64.Build.0 = Debug|Any CPU
		{5D2128FD-1BA6-4611-8FD1-5B7DE00E54E5}.AppStore|x86.ActiveCfg = Debug|Any CPU
		{5D2128FD-1BA6-4611-8FD1-5B7DE00E54E5}.AppStore|x86.Build.0 = Debug|Any CPU
		{5D2128FD-1BA6-4611-8FD1-5B7DE00E54E5}.Debug|Any CPU.ActiveCfg = Debug|Any CPU
		{5D2128FD-1BA6-4611-8FD1-5B7DE00E54E5}.Debug|Any CPU.Build.0 = Debug|Any CPU
		{5D2128FD-1BA6-4611-8FD1-5B7DE00E54E5}.Debug|ARM.ActiveCfg = Debug|Any CPU
		{5D2128FD-1BA6-4611-8FD1-5B7DE00E54E5}.Debug|ARM.Build.0 = Debug|Any CPU
		{5D2128FD-1BA6-4611-8FD1-5B7DE00E54E5}.Debug|iPhone.ActiveCfg = Debug|Any CPU
		{5D2128FD-1BA6-4611-8FD1-5B7DE00E54E5}.Debug|iPhone.Build.0 = Debug|Any CPU
		{5D2128FD-1BA6-4611-8FD1-5B7DE00E54E5}.Debug|iPhoneSimulator.ActiveCfg = Debug|Any CPU
		{5D2128FD-1BA6-4611-8FD1-5B7DE00E54E5}.Debug|iPhoneSimulator.Build.0 = Debug|Any CPU
		{5D2128FD-1BA6-4611-8FD1-5B7DE00E54E5}.Debug|x64.ActiveCfg = Debug|Any CPU
		{5D2128FD-1BA6-4611-8FD1-5B7DE00E54E5}.Debug|x64.Build.0 = Debug|Any CPU
		{5D2128FD-1BA6-4611-8FD1-5B7DE00E54E5}.Debug|x86.ActiveCfg = Debug|Any CPU
		{5D2128FD-1BA6-4611-8FD1-5B7DE00E54E5}.Debug|x86.Build.0 = Debug|Any CPU
		{5D2128FD-1BA6-4611-8FD1-5B7DE00E54E5}.Release|Any CPU.ActiveCfg = Release|Any CPU
		{5D2128FD-1BA6-4611-8FD1-5B7DE00E54E5}.Release|Any CPU.Build.0 = Release|Any CPU
		{5D2128FD-1BA6-4611-8FD1-5B7DE00E54E5}.Release|ARM.ActiveCfg = Release|Any CPU
		{5D2128FD-1BA6-4611-8FD1-5B7DE00E54E5}.Release|ARM.Build.0 = Release|Any CPU
		{5D2128FD-1BA6-4611-8FD1-5B7DE00E54E5}.Release|iPhone.ActiveCfg = Release|Any CPU
		{5D2128FD-1BA6-4611-8FD1-5B7DE00E54E5}.Release|iPhone.Build.0 = Release|Any CPU
		{5D2128FD-1BA6-4611-8FD1-5B7DE00E54E5}.Release|iPhoneSimulator.ActiveCfg = Release|Any CPU
		{5D2128FD-1BA6-4611-8FD1-5B7DE00E54E5}.Release|iPhoneSimulator.Build.0 = Release|Any CPU
		{5D2128FD-1BA6-4611-8FD1-5B7DE00E54E5}.Release|x64.ActiveCfg = Release|Any CPU
		{5D2128FD-1BA6-4611-8FD1-5B7DE00E54E5}.Release|x64.Build.0 = Release|Any CPU
		{5D2128FD-1BA6-4611-8FD1-5B7DE00E54E5}.Release|x86.ActiveCfg = Release|Any CPU
		{5D2128FD-1BA6-4611-8FD1-5B7DE00E54E5}.Release|x86.Build.0 = Release|Any CPU
		{5D2128FD-1BA6-4611-8FD1-5B7DE00E54E5}.Test|Any CPU.ActiveCfg = Debug|Any CPU
		{5D2128FD-1BA6-4611-8FD1-5B7DE00E54E5}.Test|Any CPU.Build.0 = Debug|Any CPU
		{5D2128FD-1BA6-4611-8FD1-5B7DE00E54E5}.Test|ARM.ActiveCfg = Debug|Any CPU
		{5D2128FD-1BA6-4611-8FD1-5B7DE00E54E5}.Test|ARM.Build.0 = Debug|Any CPU
		{5D2128FD-1BA6-4611-8FD1-5B7DE00E54E5}.Test|iPhone.ActiveCfg = Debug|Any CPU
		{5D2128FD-1BA6-4611-8FD1-5B7DE00E54E5}.Test|iPhone.Build.0 = Debug|Any CPU
		{5D2128FD-1BA6-4611-8FD1-5B7DE00E54E5}.Test|iPhoneSimulator.ActiveCfg = Debug|Any CPU
		{5D2128FD-1BA6-4611-8FD1-5B7DE00E54E5}.Test|iPhoneSimulator.Build.0 = Debug|Any CPU
		{5D2128FD-1BA6-4611-8FD1-5B7DE00E54E5}.Test|x64.ActiveCfg = Debug|Any CPU
		{5D2128FD-1BA6-4611-8FD1-5B7DE00E54E5}.Test|x64.Build.0 = Debug|Any CPU
		{5D2128FD-1BA6-4611-8FD1-5B7DE00E54E5}.Test|x86.ActiveCfg = Debug|Any CPU
		{5D2128FD-1BA6-4611-8FD1-5B7DE00E54E5}.Test|x86.Build.0 = Debug|Any CPU
		{4A64F7AA-C614-4A2D-B36B-8A7BC6D3EDEA}.Ad-Hoc|Any CPU.ActiveCfg = Debug|Any CPU
		{4A64F7AA-C614-4A2D-B36B-8A7BC6D3EDEA}.Ad-Hoc|Any CPU.Build.0 = Debug|Any CPU
		{4A64F7AA-C614-4A2D-B36B-8A7BC6D3EDEA}.Ad-Hoc|ARM.ActiveCfg = Debug|Any CPU
		{4A64F7AA-C614-4A2D-B36B-8A7BC6D3EDEA}.Ad-Hoc|ARM.Build.0 = Debug|Any CPU
		{4A64F7AA-C614-4A2D-B36B-8A7BC6D3EDEA}.Ad-Hoc|iPhone.ActiveCfg = Debug|Any CPU
		{4A64F7AA-C614-4A2D-B36B-8A7BC6D3EDEA}.Ad-Hoc|iPhone.Build.0 = Debug|Any CPU
		{4A64F7AA-C614-4A2D-B36B-8A7BC6D3EDEA}.Ad-Hoc|iPhoneSimulator.ActiveCfg = Debug|Any CPU
		{4A64F7AA-C614-4A2D-B36B-8A7BC6D3EDEA}.Ad-Hoc|iPhoneSimulator.Build.0 = Debug|Any CPU
		{4A64F7AA-C614-4A2D-B36B-8A7BC6D3EDEA}.Ad-Hoc|x64.ActiveCfg = Debug|Any CPU
		{4A64F7AA-C614-4A2D-B36B-8A7BC6D3EDEA}.Ad-Hoc|x64.Build.0 = Debug|Any CPU
		{4A64F7AA-C614-4A2D-B36B-8A7BC6D3EDEA}.Ad-Hoc|x86.ActiveCfg = Debug|Any CPU
		{4A64F7AA-C614-4A2D-B36B-8A7BC6D3EDEA}.Ad-Hoc|x86.Build.0 = Debug|Any CPU
		{4A64F7AA-C614-4A2D-B36B-8A7BC6D3EDEA}.AppStore|Any CPU.ActiveCfg = Debug|Any CPU
		{4A64F7AA-C614-4A2D-B36B-8A7BC6D3EDEA}.AppStore|Any CPU.Build.0 = Debug|Any CPU
		{4A64F7AA-C614-4A2D-B36B-8A7BC6D3EDEA}.AppStore|ARM.ActiveCfg = Debug|Any CPU
		{4A64F7AA-C614-4A2D-B36B-8A7BC6D3EDEA}.AppStore|ARM.Build.0 = Debug|Any CPU
		{4A64F7AA-C614-4A2D-B36B-8A7BC6D3EDEA}.AppStore|iPhone.ActiveCfg = Debug|Any CPU
		{4A64F7AA-C614-4A2D-B36B-8A7BC6D3EDEA}.AppStore|iPhone.Build.0 = Debug|Any CPU
		{4A64F7AA-C614-4A2D-B36B-8A7BC6D3EDEA}.AppStore|iPhoneSimulator.ActiveCfg = Debug|Any CPU
		{4A64F7AA-C614-4A2D-B36B-8A7BC6D3EDEA}.AppStore|iPhoneSimulator.Build.0 = Debug|Any CPU
		{4A64F7AA-C614-4A2D-B36B-8A7BC6D3EDEA}.AppStore|x64.ActiveCfg = Debug|Any CPU
		{4A64F7AA-C614-4A2D-B36B-8A7BC6D3EDEA}.AppStore|x64.Build.0 = Debug|Any CPU
		{4A64F7AA-C614-4A2D-B36B-8A7BC6D3EDEA}.AppStore|x86.ActiveCfg = Debug|Any CPU
		{4A64F7AA-C614-4A2D-B36B-8A7BC6D3EDEA}.AppStore|x86.Build.0 = Debug|Any CPU
		{4A64F7AA-C614-4A2D-B36B-8A7BC6D3EDEA}.Debug|Any CPU.ActiveCfg = Debug|Any CPU
		{4A64F7AA-C614-4A2D-B36B-8A7BC6D3EDEA}.Debug|Any CPU.Build.0 = Debug|Any CPU
		{4A64F7AA-C614-4A2D-B36B-8A7BC6D3EDEA}.Debug|ARM.ActiveCfg = Debug|Any CPU
		{4A64F7AA-C614-4A2D-B36B-8A7BC6D3EDEA}.Debug|ARM.Build.0 = Debug|Any CPU
		{4A64F7AA-C614-4A2D-B36B-8A7BC6D3EDEA}.Debug|iPhone.ActiveCfg = Debug|Any CPU
		{4A64F7AA-C614-4A2D-B36B-8A7BC6D3EDEA}.Debug|iPhone.Build.0 = Debug|Any CPU
		{4A64F7AA-C614-4A2D-B36B-8A7BC6D3EDEA}.Debug|iPhoneSimulator.ActiveCfg = Debug|Any CPU
		{4A64F7AA-C614-4A2D-B36B-8A7BC6D3EDEA}.Debug|iPhoneSimulator.Build.0 = Debug|Any CPU
		{4A64F7AA-C614-4A2D-B36B-8A7BC6D3EDEA}.Debug|x64.ActiveCfg = Debug|Any CPU
		{4A64F7AA-C614-4A2D-B36B-8A7BC6D3EDEA}.Debug|x64.Build.0 = Debug|Any CPU
		{4A64F7AA-C614-4A2D-B36B-8A7BC6D3EDEA}.Debug|x86.ActiveCfg = Debug|Any CPU
		{4A64F7AA-C614-4A2D-B36B-8A7BC6D3EDEA}.Debug|x86.Build.0 = Debug|Any CPU
		{4A64F7AA-C614-4A2D-B36B-8A7BC6D3EDEA}.Release|Any CPU.ActiveCfg = Release|Any CPU
		{4A64F7AA-C614-4A2D-B36B-8A7BC6D3EDEA}.Release|Any CPU.Build.0 = Release|Any CPU
		{4A64F7AA-C614-4A2D-B36B-8A7BC6D3EDEA}.Release|ARM.ActiveCfg = Release|Any CPU
		{4A64F7AA-C614-4A2D-B36B-8A7BC6D3EDEA}.Release|ARM.Build.0 = Release|Any CPU
		{4A64F7AA-C614-4A2D-B36B-8A7BC6D3EDEA}.Release|iPhone.ActiveCfg = Release|Any CPU
		{4A64F7AA-C614-4A2D-B36B-8A7BC6D3EDEA}.Release|iPhone.Build.0 = Release|Any CPU
		{4A64F7AA-C614-4A2D-B36B-8A7BC6D3EDEA}.Release|iPhoneSimulator.ActiveCfg = Release|Any CPU
		{4A64F7AA-C614-4A2D-B36B-8A7BC6D3EDEA}.Release|iPhoneSimulator.Build.0 = Release|Any CPU
		{4A64F7AA-C614-4A2D-B36B-8A7BC6D3EDEA}.Release|x64.ActiveCfg = Release|Any CPU
		{4A64F7AA-C614-4A2D-B36B-8A7BC6D3EDEA}.Release|x64.Build.0 = Release|Any CPU
		{4A64F7AA-C614-4A2D-B36B-8A7BC6D3EDEA}.Release|x86.ActiveCfg = Release|Any CPU
		{4A64F7AA-C614-4A2D-B36B-8A7BC6D3EDEA}.Release|x86.Build.0 = Release|Any CPU
		{4A64F7AA-C614-4A2D-B36B-8A7BC6D3EDEA}.Test|Any CPU.ActiveCfg = Debug|Any CPU
		{4A64F7AA-C614-4A2D-B36B-8A7BC6D3EDEA}.Test|Any CPU.Build.0 = Debug|Any CPU
		{4A64F7AA-C614-4A2D-B36B-8A7BC6D3EDEA}.Test|ARM.ActiveCfg = Debug|Any CPU
		{4A64F7AA-C614-4A2D-B36B-8A7BC6D3EDEA}.Test|ARM.Build.0 = Debug|Any CPU
		{4A64F7AA-C614-4A2D-B36B-8A7BC6D3EDEA}.Test|iPhone.ActiveCfg = Debug|Any CPU
		{4A64F7AA-C614-4A2D-B36B-8A7BC6D3EDEA}.Test|iPhone.Build.0 = Debug|Any CPU
		{4A64F7AA-C614-4A2D-B36B-8A7BC6D3EDEA}.Test|iPhoneSimulator.ActiveCfg = Debug|Any CPU
		{4A64F7AA-C614-4A2D-B36B-8A7BC6D3EDEA}.Test|iPhoneSimulator.Build.0 = Debug|Any CPU
		{4A64F7AA-C614-4A2D-B36B-8A7BC6D3EDEA}.Test|x64.ActiveCfg = Debug|Any CPU
		{4A64F7AA-C614-4A2D-B36B-8A7BC6D3EDEA}.Test|x64.Build.0 = Debug|Any CPU
		{4A64F7AA-C614-4A2D-B36B-8A7BC6D3EDEA}.Test|x86.ActiveCfg = Debug|Any CPU
		{4A64F7AA-C614-4A2D-B36B-8A7BC6D3EDEA}.Test|x86.Build.0 = Debug|Any CPU
		{F1D80718-D486-492D-99F7-02E767509EDF}.Ad-Hoc|Any CPU.ActiveCfg = Debug|Any CPU
		{F1D80718-D486-492D-99F7-02E767509EDF}.Ad-Hoc|Any CPU.Build.0 = Debug|Any CPU
		{F1D80718-D486-492D-99F7-02E767509EDF}.Ad-Hoc|ARM.ActiveCfg = Debug|Any CPU
		{F1D80718-D486-492D-99F7-02E767509EDF}.Ad-Hoc|ARM.Build.0 = Debug|Any CPU
		{F1D80718-D486-492D-99F7-02E767509EDF}.Ad-Hoc|iPhone.ActiveCfg = Debug|Any CPU
		{F1D80718-D486-492D-99F7-02E767509EDF}.Ad-Hoc|iPhone.Build.0 = Debug|Any CPU
		{F1D80718-D486-492D-99F7-02E767509EDF}.Ad-Hoc|iPhoneSimulator.ActiveCfg = Debug|Any CPU
		{F1D80718-D486-492D-99F7-02E767509EDF}.Ad-Hoc|iPhoneSimulator.Build.0 = Debug|Any CPU
		{F1D80718-D486-492D-99F7-02E767509EDF}.Ad-Hoc|x64.ActiveCfg = Debug|Any CPU
		{F1D80718-D486-492D-99F7-02E767509EDF}.Ad-Hoc|x64.Build.0 = Debug|Any CPU
		{F1D80718-D486-492D-99F7-02E767509EDF}.Ad-Hoc|x86.ActiveCfg = Debug|Any CPU
		{F1D80718-D486-492D-99F7-02E767509EDF}.Ad-Hoc|x86.Build.0 = Debug|Any CPU
		{F1D80718-D486-492D-99F7-02E767509EDF}.AppStore|Any CPU.ActiveCfg = Debug|Any CPU
		{F1D80718-D486-492D-99F7-02E767509EDF}.AppStore|Any CPU.Build.0 = Debug|Any CPU
		{F1D80718-D486-492D-99F7-02E767509EDF}.AppStore|ARM.ActiveCfg = Debug|Any CPU
		{F1D80718-D486-492D-99F7-02E767509EDF}.AppStore|ARM.Build.0 = Debug|Any CPU
		{F1D80718-D486-492D-99F7-02E767509EDF}.AppStore|iPhone.ActiveCfg = Debug|Any CPU
		{F1D80718-D486-492D-99F7-02E767509EDF}.AppStore|iPhone.Build.0 = Debug|Any CPU
		{F1D80718-D486-492D-99F7-02E767509EDF}.AppStore|iPhoneSimulator.ActiveCfg = Debug|Any CPU
		{F1D80718-D486-492D-99F7-02E767509EDF}.AppStore|iPhoneSimulator.Build.0 = Debug|Any CPU
		{F1D80718-D486-492D-99F7-02E767509EDF}.AppStore|x64.ActiveCfg = Debug|Any CPU
		{F1D80718-D486-492D-99F7-02E767509EDF}.AppStore|x64.Build.0 = Debug|Any CPU
		{F1D80718-D486-492D-99F7-02E767509EDF}.AppStore|x86.ActiveCfg = Debug|Any CPU
		{F1D80718-D486-492D-99F7-02E767509EDF}.AppStore|x86.Build.0 = Debug|Any CPU
		{F1D80718-D486-492D-99F7-02E767509EDF}.Debug|Any CPU.ActiveCfg = Debug|Any CPU
		{F1D80718-D486-492D-99F7-02E767509EDF}.Debug|Any CPU.Build.0 = Debug|Any CPU
		{F1D80718-D486-492D-99F7-02E767509EDF}.Debug|ARM.ActiveCfg = Debug|Any CPU
		{F1D80718-D486-492D-99F7-02E767509EDF}.Debug|ARM.Build.0 = Debug|Any CPU
		{F1D80718-D486-492D-99F7-02E767509EDF}.Debug|iPhone.ActiveCfg = Debug|Any CPU
		{F1D80718-D486-492D-99F7-02E767509EDF}.Debug|iPhone.Build.0 = Debug|Any CPU
		{F1D80718-D486-492D-99F7-02E767509EDF}.Debug|iPhoneSimulator.ActiveCfg = Debug|Any CPU
		{F1D80718-D486-492D-99F7-02E767509EDF}.Debug|iPhoneSimulator.Build.0 = Debug|Any CPU
		{F1D80718-D486-492D-99F7-02E767509EDF}.Debug|x64.ActiveCfg = Debug|Any CPU
		{F1D80718-D486-492D-99F7-02E767509EDF}.Debug|x64.Build.0 = Debug|Any CPU
		{F1D80718-D486-492D-99F7-02E767509EDF}.Debug|x86.ActiveCfg = Debug|Any CPU
		{F1D80718-D486-492D-99F7-02E767509EDF}.Debug|x86.Build.0 = Debug|Any CPU
		{F1D80718-D486-492D-99F7-02E767509EDF}.Release|Any CPU.ActiveCfg = Release|Any CPU
		{F1D80718-D486-492D-99F7-02E767509EDF}.Release|Any CPU.Build.0 = Release|Any CPU
		{F1D80718-D486-492D-99F7-02E767509EDF}.Release|ARM.ActiveCfg = Release|Any CPU
		{F1D80718-D486-492D-99F7-02E767509EDF}.Release|ARM.Build.0 = Release|Any CPU
		{F1D80718-D486-492D-99F7-02E767509EDF}.Release|iPhone.ActiveCfg = Release|Any CPU
		{F1D80718-D486-492D-99F7-02E767509EDF}.Release|iPhone.Build.0 = Release|Any CPU
		{F1D80718-D486-492D-99F7-02E767509EDF}.Release|iPhoneSimulator.ActiveCfg = Release|Any CPU
		{F1D80718-D486-492D-99F7-02E767509EDF}.Release|iPhoneSimulator.Build.0 = Release|Any CPU
		{F1D80718-D486-492D-99F7-02E767509EDF}.Release|x64.ActiveCfg = Release|Any CPU
		{F1D80718-D486-492D-99F7-02E767509EDF}.Release|x64.Build.0 = Release|Any CPU
		{F1D80718-D486-492D-99F7-02E767509EDF}.Release|x86.ActiveCfg = Release|Any CPU
		{F1D80718-D486-492D-99F7-02E767509EDF}.Release|x86.Build.0 = Release|Any CPU
		{F1D80718-D486-492D-99F7-02E767509EDF}.Test|Any CPU.ActiveCfg = Debug|Any CPU
		{F1D80718-D486-492D-99F7-02E767509EDF}.Test|Any CPU.Build.0 = Debug|Any CPU
		{F1D80718-D486-492D-99F7-02E767509EDF}.Test|ARM.ActiveCfg = Debug|Any CPU
		{F1D80718-D486-492D-99F7-02E767509EDF}.Test|ARM.Build.0 = Debug|Any CPU
		{F1D80718-D486-492D-99F7-02E767509EDF}.Test|iPhone.ActiveCfg = Debug|Any CPU
		{F1D80718-D486-492D-99F7-02E767509EDF}.Test|iPhone.Build.0 = Debug|Any CPU
		{F1D80718-D486-492D-99F7-02E767509EDF}.Test|iPhoneSimulator.ActiveCfg = Debug|Any CPU
		{F1D80718-D486-492D-99F7-02E767509EDF}.Test|iPhoneSimulator.Build.0 = Debug|Any CPU
		{F1D80718-D486-492D-99F7-02E767509EDF}.Test|x64.ActiveCfg = Debug|Any CPU
		{F1D80718-D486-492D-99F7-02E767509EDF}.Test|x64.Build.0 = Debug|Any CPU
		{F1D80718-D486-492D-99F7-02E767509EDF}.Test|x86.ActiveCfg = Debug|Any CPU
		{F1D80718-D486-492D-99F7-02E767509EDF}.Test|x86.Build.0 = Debug|Any CPU
		{624672A4-47A8-4C9E-A741-D7EE6A1661D5}.Ad-Hoc|Any CPU.ActiveCfg = Debug|Any CPU
		{624672A4-47A8-4C9E-A741-D7EE6A1661D5}.Ad-Hoc|Any CPU.Build.0 = Debug|Any CPU
		{624672A4-47A8-4C9E-A741-D7EE6A1661D5}.Ad-Hoc|ARM.ActiveCfg = Debug|Any CPU
		{624672A4-47A8-4C9E-A741-D7EE6A1661D5}.Ad-Hoc|ARM.Build.0 = Debug|Any CPU
		{624672A4-47A8-4C9E-A741-D7EE6A1661D5}.Ad-Hoc|iPhone.ActiveCfg = Debug|Any CPU
		{624672A4-47A8-4C9E-A741-D7EE6A1661D5}.Ad-Hoc|iPhone.Build.0 = Debug|Any CPU
		{624672A4-47A8-4C9E-A741-D7EE6A1661D5}.Ad-Hoc|iPhoneSimulator.ActiveCfg = Debug|Any CPU
		{624672A4-47A8-4C9E-A741-D7EE6A1661D5}.Ad-Hoc|iPhoneSimulator.Build.0 = Debug|Any CPU
		{624672A4-47A8-4C9E-A741-D7EE6A1661D5}.Ad-Hoc|x64.ActiveCfg = Debug|Any CPU
		{624672A4-47A8-4C9E-A741-D7EE6A1661D5}.Ad-Hoc|x64.Build.0 = Debug|Any CPU
		{624672A4-47A8-4C9E-A741-D7EE6A1661D5}.Ad-Hoc|x86.ActiveCfg = Debug|Any CPU
		{624672A4-47A8-4C9E-A741-D7EE6A1661D5}.Ad-Hoc|x86.Build.0 = Debug|Any CPU
		{624672A4-47A8-4C9E-A741-D7EE6A1661D5}.AppStore|Any CPU.ActiveCfg = Debug|Any CPU
		{624672A4-47A8-4C9E-A741-D7EE6A1661D5}.AppStore|Any CPU.Build.0 = Debug|Any CPU
		{624672A4-47A8-4C9E-A741-D7EE6A1661D5}.AppStore|ARM.ActiveCfg = Debug|Any CPU
		{624672A4-47A8-4C9E-A741-D7EE6A1661D5}.AppStore|ARM.Build.0 = Debug|Any CPU
		{624672A4-47A8-4C9E-A741-D7EE6A1661D5}.AppStore|iPhone.ActiveCfg = Debug|Any CPU
		{624672A4-47A8-4C9E-A741-D7EE6A1661D5}.AppStore|iPhone.Build.0 = Debug|Any CPU
		{624672A4-47A8-4C9E-A741-D7EE6A1661D5}.AppStore|iPhoneSimulator.ActiveCfg = Debug|Any CPU
		{624672A4-47A8-4C9E-A741-D7EE6A1661D5}.AppStore|iPhoneSimulator.Build.0 = Debug|Any CPU
		{624672A4-47A8-4C9E-A741-D7EE6A1661D5}.AppStore|x64.ActiveCfg = Debug|Any CPU
		{624672A4-47A8-4C9E-A741-D7EE6A1661D5}.AppStore|x64.Build.0 = Debug|Any CPU
		{624672A4-47A8-4C9E-A741-D7EE6A1661D5}.AppStore|x86.ActiveCfg = Debug|Any CPU
		{624672A4-47A8-4C9E-A741-D7EE6A1661D5}.AppStore|x86.Build.0 = Debug|Any CPU
		{624672A4-47A8-4C9E-A741-D7EE6A1661D5}.Debug|Any CPU.ActiveCfg = Debug|Any CPU
		{624672A4-47A8-4C9E-A741-D7EE6A1661D5}.Debug|Any CPU.Build.0 = Debug|Any CPU
		{624672A4-47A8-4C9E-A741-D7EE6A1661D5}.Debug|ARM.ActiveCfg = Debug|Any CPU
		{624672A4-47A8-4C9E-A741-D7EE6A1661D5}.Debug|ARM.Build.0 = Debug|Any CPU
		{624672A4-47A8-4C9E-A741-D7EE6A1661D5}.Debug|iPhone.ActiveCfg = Debug|Any CPU
		{624672A4-47A8-4C9E-A741-D7EE6A1661D5}.Debug|iPhone.Build.0 = Debug|Any CPU
		{624672A4-47A8-4C9E-A741-D7EE6A1661D5}.Debug|iPhoneSimulator.ActiveCfg = Debug|Any CPU
		{624672A4-47A8-4C9E-A741-D7EE6A1661D5}.Debug|iPhoneSimulator.Build.0 = Debug|Any CPU
		{624672A4-47A8-4C9E-A741-D7EE6A1661D5}.Debug|x64.ActiveCfg = Debug|Any CPU
		{624672A4-47A8-4C9E-A741-D7EE6A1661D5}.Debug|x64.Build.0 = Debug|Any CPU
		{624672A4-47A8-4C9E-A741-D7EE6A1661D5}.Debug|x86.ActiveCfg = Debug|Any CPU
		{624672A4-47A8-4C9E-A741-D7EE6A1661D5}.Debug|x86.Build.0 = Debug|Any CPU
		{624672A4-47A8-4C9E-A741-D7EE6A1661D5}.Release|Any CPU.ActiveCfg = Release|Any CPU
		{624672A4-47A8-4C9E-A741-D7EE6A1661D5}.Release|Any CPU.Build.0 = Release|Any CPU
		{624672A4-47A8-4C9E-A741-D7EE6A1661D5}.Release|ARM.ActiveCfg = Release|Any CPU
		{624672A4-47A8-4C9E-A741-D7EE6A1661D5}.Release|ARM.Build.0 = Release|Any CPU
		{624672A4-47A8-4C9E-A741-D7EE6A1661D5}.Release|iPhone.ActiveCfg = Release|Any CPU
		{624672A4-47A8-4C9E-A741-D7EE6A1661D5}.Release|iPhone.Build.0 = Release|Any CPU
		{624672A4-47A8-4C9E-A741-D7EE6A1661D5}.Release|iPhoneSimulator.ActiveCfg = Release|Any CPU
		{624672A4-47A8-4C9E-A741-D7EE6A1661D5}.Release|iPhoneSimulator.Build.0 = Release|Any CPU
		{624672A4-47A8-4C9E-A741-D7EE6A1661D5}.Release|x64.ActiveCfg = Release|Any CPU
		{624672A4-47A8-4C9E-A741-D7EE6A1661D5}.Release|x64.Build.0 = Release|Any CPU
		{624672A4-47A8-4C9E-A741-D7EE6A1661D5}.Release|x86.ActiveCfg = Release|Any CPU
		{624672A4-47A8-4C9E-A741-D7EE6A1661D5}.Release|x86.Build.0 = Release|Any CPU
		{624672A4-47A8-4C9E-A741-D7EE6A1661D5}.Test|Any CPU.ActiveCfg = Debug|Any CPU
		{624672A4-47A8-4C9E-A741-D7EE6A1661D5}.Test|Any CPU.Build.0 = Debug|Any CPU
		{624672A4-47A8-4C9E-A741-D7EE6A1661D5}.Test|ARM.ActiveCfg = Debug|Any CPU
		{624672A4-47A8-4C9E-A741-D7EE6A1661D5}.Test|ARM.Build.0 = Debug|Any CPU
		{624672A4-47A8-4C9E-A741-D7EE6A1661D5}.Test|iPhone.ActiveCfg = Debug|Any CPU
		{624672A4-47A8-4C9E-A741-D7EE6A1661D5}.Test|iPhone.Build.0 = Debug|Any CPU
		{624672A4-47A8-4C9E-A741-D7EE6A1661D5}.Test|iPhoneSimulator.ActiveCfg = Debug|Any CPU
		{624672A4-47A8-4C9E-A741-D7EE6A1661D5}.Test|iPhoneSimulator.Build.0 = Debug|Any CPU
		{624672A4-47A8-4C9E-A741-D7EE6A1661D5}.Test|x64.ActiveCfg = Debug|Any CPU
		{624672A4-47A8-4C9E-A741-D7EE6A1661D5}.Test|x64.Build.0 = Debug|Any CPU
		{624672A4-47A8-4C9E-A741-D7EE6A1661D5}.Test|x86.ActiveCfg = Debug|Any CPU
		{624672A4-47A8-4C9E-A741-D7EE6A1661D5}.Test|x86.Build.0 = Debug|Any CPU
		{857B47AD-6516-49CD-A3B4-314BEB66F1B9}.Ad-Hoc|Any CPU.ActiveCfg = Debug|Any CPU
		{857B47AD-6516-49CD-A3B4-314BEB66F1B9}.Ad-Hoc|Any CPU.Build.0 = Debug|Any CPU
		{857B47AD-6516-49CD-A3B4-314BEB66F1B9}.Ad-Hoc|ARM.ActiveCfg = Debug|Any CPU
		{857B47AD-6516-49CD-A3B4-314BEB66F1B9}.Ad-Hoc|ARM.Build.0 = Debug|Any CPU
		{857B47AD-6516-49CD-A3B4-314BEB66F1B9}.Ad-Hoc|iPhone.ActiveCfg = Debug|Any CPU
		{857B47AD-6516-49CD-A3B4-314BEB66F1B9}.Ad-Hoc|iPhone.Build.0 = Debug|Any CPU
		{857B47AD-6516-49CD-A3B4-314BEB66F1B9}.Ad-Hoc|iPhoneSimulator.ActiveCfg = Debug|Any CPU
		{857B47AD-6516-49CD-A3B4-314BEB66F1B9}.Ad-Hoc|iPhoneSimulator.Build.0 = Debug|Any CPU
		{857B47AD-6516-49CD-A3B4-314BEB66F1B9}.Ad-Hoc|x64.ActiveCfg = Debug|Any CPU
		{857B47AD-6516-49CD-A3B4-314BEB66F1B9}.Ad-Hoc|x64.Build.0 = Debug|Any CPU
		{857B47AD-6516-49CD-A3B4-314BEB66F1B9}.Ad-Hoc|x86.ActiveCfg = Debug|Any CPU
		{857B47AD-6516-49CD-A3B4-314BEB66F1B9}.Ad-Hoc|x86.Build.0 = Debug|Any CPU
		{857B47AD-6516-49CD-A3B4-314BEB66F1B9}.AppStore|Any CPU.ActiveCfg = Debug|Any CPU
		{857B47AD-6516-49CD-A3B4-314BEB66F1B9}.AppStore|Any CPU.Build.0 = Debug|Any CPU
		{857B47AD-6516-49CD-A3B4-314BEB66F1B9}.AppStore|ARM.ActiveCfg = Debug|Any CPU
		{857B47AD-6516-49CD-A3B4-314BEB66F1B9}.AppStore|ARM.Build.0 = Debug|Any CPU
		{857B47AD-6516-49CD-A3B4-314BEB66F1B9}.AppStore|iPhone.ActiveCfg = Debug|Any CPU
		{857B47AD-6516-49CD-A3B4-314BEB66F1B9}.AppStore|iPhone.Build.0 = Debug|Any CPU
		{857B47AD-6516-49CD-A3B4-314BEB66F1B9}.AppStore|iPhoneSimulator.ActiveCfg = Debug|Any CPU
		{857B47AD-6516-49CD-A3B4-314BEB66F1B9}.AppStore|iPhoneSimulator.Build.0 = Debug|Any CPU
		{857B47AD-6516-49CD-A3B4-314BEB66F1B9}.AppStore|x64.ActiveCfg = Debug|Any CPU
		{857B47AD-6516-49CD-A3B4-314BEB66F1B9}.AppStore|x64.Build.0 = Debug|Any CPU
		{857B47AD-6516-49CD-A3B4-314BEB66F1B9}.AppStore|x86.ActiveCfg = Debug|Any CPU
		{857B47AD-6516-49CD-A3B4-314BEB66F1B9}.AppStore|x86.Build.0 = Debug|Any CPU
		{857B47AD-6516-49CD-A3B4-314BEB66F1B9}.Debug|Any CPU.ActiveCfg = Debug|Any CPU
		{857B47AD-6516-49CD-A3B4-314BEB66F1B9}.Debug|Any CPU.Build.0 = Debug|Any CPU
		{857B47AD-6516-49CD-A3B4-314BEB66F1B9}.Debug|ARM.ActiveCfg = Debug|Any CPU
		{857B47AD-6516-49CD-A3B4-314BEB66F1B9}.Debug|ARM.Build.0 = Debug|Any CPU
		{857B47AD-6516-49CD-A3B4-314BEB66F1B9}.Debug|iPhone.ActiveCfg = Debug|Any CPU
		{857B47AD-6516-49CD-A3B4-314BEB66F1B9}.Debug|iPhone.Build.0 = Debug|Any CPU
		{857B47AD-6516-49CD-A3B4-314BEB66F1B9}.Debug|iPhoneSimulator.ActiveCfg = Debug|Any CPU
		{857B47AD-6516-49CD-A3B4-314BEB66F1B9}.Debug|iPhoneSimulator.Build.0 = Debug|Any CPU
		{857B47AD-6516-49CD-A3B4-314BEB66F1B9}.Debug|x64.ActiveCfg = Debug|Any CPU
		{857B47AD-6516-49CD-A3B4-314BEB66F1B9}.Debug|x64.Build.0 = Debug|Any CPU
		{857B47AD-6516-49CD-A3B4-314BEB66F1B9}.Debug|x86.ActiveCfg = Debug|Any CPU
		{857B47AD-6516-49CD-A3B4-314BEB66F1B9}.Debug|x86.Build.0 = Debug|Any CPU
		{857B47AD-6516-49CD-A3B4-314BEB66F1B9}.Release|Any CPU.ActiveCfg = Release|Any CPU
		{857B47AD-6516-49CD-A3B4-314BEB66F1B9}.Release|Any CPU.Build.0 = Release|Any CPU
		{857B47AD-6516-49CD-A3B4-314BEB66F1B9}.Release|ARM.ActiveCfg = Release|Any CPU
		{857B47AD-6516-49CD-A3B4-314BEB66F1B9}.Release|ARM.Build.0 = Release|Any CPU
		{857B47AD-6516-49CD-A3B4-314BEB66F1B9}.Release|iPhone.ActiveCfg = Release|Any CPU
		{857B47AD-6516-49CD-A3B4-314BEB66F1B9}.Release|iPhone.Build.0 = Release|Any CPU
		{857B47AD-6516-49CD-A3B4-314BEB66F1B9}.Release|iPhoneSimulator.ActiveCfg = Release|Any CPU
		{857B47AD-6516-49CD-A3B4-314BEB66F1B9}.Release|iPhoneSimulator.Build.0 = Release|Any CPU
		{857B47AD-6516-49CD-A3B4-314BEB66F1B9}.Release|x64.ActiveCfg = Release|Any CPU
		{857B47AD-6516-49CD-A3B4-314BEB66F1B9}.Release|x64.Build.0 = Release|Any CPU
		{857B47AD-6516-49CD-A3B4-314BEB66F1B9}.Release|x86.ActiveCfg = Release|Any CPU
		{857B47AD-6516-49CD-A3B4-314BEB66F1B9}.Release|x86.Build.0 = Release|Any CPU
		{857B47AD-6516-49CD-A3B4-314BEB66F1B9}.Test|Any CPU.ActiveCfg = Debug|Any CPU
		{857B47AD-6516-49CD-A3B4-314BEB66F1B9}.Test|Any CPU.Build.0 = Debug|Any CPU
		{857B47AD-6516-49CD-A3B4-314BEB66F1B9}.Test|ARM.ActiveCfg = Debug|Any CPU
		{857B47AD-6516-49CD-A3B4-314BEB66F1B9}.Test|ARM.Build.0 = Debug|Any CPU
		{857B47AD-6516-49CD-A3B4-314BEB66F1B9}.Test|iPhone.ActiveCfg = Debug|Any CPU
		{857B47AD-6516-49CD-A3B4-314BEB66F1B9}.Test|iPhone.Build.0 = Debug|Any CPU
		{857B47AD-6516-49CD-A3B4-314BEB66F1B9}.Test|iPhoneSimulator.ActiveCfg = Debug|Any CPU
		{857B47AD-6516-49CD-A3B4-314BEB66F1B9}.Test|iPhoneSimulator.Build.0 = Debug|Any CPU
		{857B47AD-6516-49CD-A3B4-314BEB66F1B9}.Test|x64.ActiveCfg = Debug|Any CPU
		{857B47AD-6516-49CD-A3B4-314BEB66F1B9}.Test|x64.Build.0 = Debug|Any CPU
		{857B47AD-6516-49CD-A3B4-314BEB66F1B9}.Test|x86.ActiveCfg = Debug|Any CPU
		{857B47AD-6516-49CD-A3B4-314BEB66F1B9}.Test|x86.Build.0 = Debug|Any CPU
		{4FAE6225-4B21-4B03-887E-4CE6EACDEEB5}.Ad-Hoc|Any CPU.ActiveCfg = Debug|Any CPU
		{4FAE6225-4B21-4B03-887E-4CE6EACDEEB5}.Ad-Hoc|Any CPU.Build.0 = Debug|Any CPU
		{4FAE6225-4B21-4B03-887E-4CE6EACDEEB5}.Ad-Hoc|ARM.ActiveCfg = Debug|Any CPU
		{4FAE6225-4B21-4B03-887E-4CE6EACDEEB5}.Ad-Hoc|ARM.Build.0 = Debug|Any CPU
		{4FAE6225-4B21-4B03-887E-4CE6EACDEEB5}.Ad-Hoc|iPhone.ActiveCfg = Debug|Any CPU
		{4FAE6225-4B21-4B03-887E-4CE6EACDEEB5}.Ad-Hoc|iPhone.Build.0 = Debug|Any CPU
		{4FAE6225-4B21-4B03-887E-4CE6EACDEEB5}.Ad-Hoc|iPhoneSimulator.ActiveCfg = Debug|Any CPU
		{4FAE6225-4B21-4B03-887E-4CE6EACDEEB5}.Ad-Hoc|iPhoneSimulator.Build.0 = Debug|Any CPU
		{4FAE6225-4B21-4B03-887E-4CE6EACDEEB5}.Ad-Hoc|x64.ActiveCfg = Debug|Any CPU
		{4FAE6225-4B21-4B03-887E-4CE6EACDEEB5}.Ad-Hoc|x64.Build.0 = Debug|Any CPU
		{4FAE6225-4B21-4B03-887E-4CE6EACDEEB5}.Ad-Hoc|x86.ActiveCfg = Debug|Any CPU
		{4FAE6225-4B21-4B03-887E-4CE6EACDEEB5}.Ad-Hoc|x86.Build.0 = Debug|Any CPU
		{4FAE6225-4B21-4B03-887E-4CE6EACDEEB5}.AppStore|Any CPU.ActiveCfg = Debug|Any CPU
		{4FAE6225-4B21-4B03-887E-4CE6EACDEEB5}.AppStore|Any CPU.Build.0 = Debug|Any CPU
		{4FAE6225-4B21-4B03-887E-4CE6EACDEEB5}.AppStore|ARM.ActiveCfg = Debug|Any CPU
		{4FAE6225-4B21-4B03-887E-4CE6EACDEEB5}.AppStore|ARM.Build.0 = Debug|Any CPU
		{4FAE6225-4B21-4B03-887E-4CE6EACDEEB5}.AppStore|iPhone.ActiveCfg = Debug|Any CPU
		{4FAE6225-4B21-4B03-887E-4CE6EACDEEB5}.AppStore|iPhone.Build.0 = Debug|Any CPU
		{4FAE6225-4B21-4B03-887E-4CE6EACDEEB5}.AppStore|iPhoneSimulator.ActiveCfg = Debug|Any CPU
		{4FAE6225-4B21-4B03-887E-4CE6EACDEEB5}.AppStore|iPhoneSimulator.Build.0 = Debug|Any CPU
		{4FAE6225-4B21-4B03-887E-4CE6EACDEEB5}.AppStore|x64.ActiveCfg = Debug|Any CPU
		{4FAE6225-4B21-4B03-887E-4CE6EACDEEB5}.AppStore|x64.Build.0 = Debug|Any CPU
		{4FAE6225-4B21-4B03-887E-4CE6EACDEEB5}.AppStore|x86.ActiveCfg = Debug|Any CPU
		{4FAE6225-4B21-4B03-887E-4CE6EACDEEB5}.AppStore|x86.Build.0 = Debug|Any CPU
		{4FAE6225-4B21-4B03-887E-4CE6EACDEEB5}.Debug|Any CPU.ActiveCfg = Debug|Any CPU
		{4FAE6225-4B21-4B03-887E-4CE6EACDEEB5}.Debug|Any CPU.Build.0 = Debug|Any CPU
		{4FAE6225-4B21-4B03-887E-4CE6EACDEEB5}.Debug|ARM.ActiveCfg = Debug|Any CPU
		{4FAE6225-4B21-4B03-887E-4CE6EACDEEB5}.Debug|ARM.Build.0 = Debug|Any CPU
		{4FAE6225-4B21-4B03-887E-4CE6EACDEEB5}.Debug|iPhone.ActiveCfg = Debug|Any CPU
		{4FAE6225-4B21-4B03-887E-4CE6EACDEEB5}.Debug|iPhone.Build.0 = Debug|Any CPU
		{4FAE6225-4B21-4B03-887E-4CE6EACDEEB5}.Debug|iPhoneSimulator.ActiveCfg = Debug|Any CPU
		{4FAE6225-4B21-4B03-887E-4CE6EACDEEB5}.Debug|iPhoneSimulator.Build.0 = Debug|Any CPU
		{4FAE6225-4B21-4B03-887E-4CE6EACDEEB5}.Debug|x64.ActiveCfg = Debug|Any CPU
		{4FAE6225-4B21-4B03-887E-4CE6EACDEEB5}.Debug|x64.Build.0 = Debug|Any CPU
		{4FAE6225-4B21-4B03-887E-4CE6EACDEEB5}.Debug|x86.ActiveCfg = Debug|Any CPU
		{4FAE6225-4B21-4B03-887E-4CE6EACDEEB5}.Debug|x86.Build.0 = Debug|Any CPU
		{4FAE6225-4B21-4B03-887E-4CE6EACDEEB5}.Release|Any CPU.ActiveCfg = Release|Any CPU
		{4FAE6225-4B21-4B03-887E-4CE6EACDEEB5}.Release|Any CPU.Build.0 = Release|Any CPU
		{4FAE6225-4B21-4B03-887E-4CE6EACDEEB5}.Release|ARM.ActiveCfg = Release|Any CPU
		{4FAE6225-4B21-4B03-887E-4CE6EACDEEB5}.Release|ARM.Build.0 = Release|Any CPU
		{4FAE6225-4B21-4B03-887E-4CE6EACDEEB5}.Release|iPhone.ActiveCfg = Release|Any CPU
		{4FAE6225-4B21-4B03-887E-4CE6EACDEEB5}.Release|iPhone.Build.0 = Release|Any CPU
		{4FAE6225-4B21-4B03-887E-4CE6EACDEEB5}.Release|iPhoneSimulator.ActiveCfg = Release|Any CPU
		{4FAE6225-4B21-4B03-887E-4CE6EACDEEB5}.Release|iPhoneSimulator.Build.0 = Release|Any CPU
		{4FAE6225-4B21-4B03-887E-4CE6EACDEEB5}.Release|x64.ActiveCfg = Release|Any CPU
		{4FAE6225-4B21-4B03-887E-4CE6EACDEEB5}.Release|x64.Build.0 = Release|Any CPU
		{4FAE6225-4B21-4B03-887E-4CE6EACDEEB5}.Release|x86.ActiveCfg = Release|Any CPU
		{4FAE6225-4B21-4B03-887E-4CE6EACDEEB5}.Release|x86.Build.0 = Release|Any CPU
		{4FAE6225-4B21-4B03-887E-4CE6EACDEEB5}.Test|Any CPU.ActiveCfg = Debug|Any CPU
		{4FAE6225-4B21-4B03-887E-4CE6EACDEEB5}.Test|Any CPU.Build.0 = Debug|Any CPU
		{4FAE6225-4B21-4B03-887E-4CE6EACDEEB5}.Test|ARM.ActiveCfg = Debug|Any CPU
		{4FAE6225-4B21-4B03-887E-4CE6EACDEEB5}.Test|ARM.Build.0 = Debug|Any CPU
		{4FAE6225-4B21-4B03-887E-4CE6EACDEEB5}.Test|iPhone.ActiveCfg = Debug|Any CPU
		{4FAE6225-4B21-4B03-887E-4CE6EACDEEB5}.Test|iPhone.Build.0 = Debug|Any CPU
		{4FAE6225-4B21-4B03-887E-4CE6EACDEEB5}.Test|iPhoneSimulator.ActiveCfg = Debug|Any CPU
		{4FAE6225-4B21-4B03-887E-4CE6EACDEEB5}.Test|iPhoneSimulator.Build.0 = Debug|Any CPU
		{4FAE6225-4B21-4B03-887E-4CE6EACDEEB5}.Test|x64.ActiveCfg = Debug|Any CPU
		{4FAE6225-4B21-4B03-887E-4CE6EACDEEB5}.Test|x64.Build.0 = Debug|Any CPU
		{4FAE6225-4B21-4B03-887E-4CE6EACDEEB5}.Test|x86.ActiveCfg = Debug|Any CPU
		{4FAE6225-4B21-4B03-887E-4CE6EACDEEB5}.Test|x86.Build.0 = Debug|Any CPU
		{4745E9BE-5BC0-41C7-830D-044BF9AA941C}.Ad-Hoc|Any CPU.ActiveCfg = Debug|Any CPU
		{4745E9BE-5BC0-41C7-830D-044BF9AA941C}.Ad-Hoc|Any CPU.Build.0 = Debug|Any CPU
		{4745E9BE-5BC0-41C7-830D-044BF9AA941C}.Ad-Hoc|ARM.ActiveCfg = Debug|Any CPU
		{4745E9BE-5BC0-41C7-830D-044BF9AA941C}.Ad-Hoc|ARM.Build.0 = Debug|Any CPU
		{4745E9BE-5BC0-41C7-830D-044BF9AA941C}.Ad-Hoc|iPhone.ActiveCfg = Debug|Any CPU
		{4745E9BE-5BC0-41C7-830D-044BF9AA941C}.Ad-Hoc|iPhone.Build.0 = Debug|Any CPU
		{4745E9BE-5BC0-41C7-830D-044BF9AA941C}.Ad-Hoc|iPhoneSimulator.ActiveCfg = Debug|Any CPU
		{4745E9BE-5BC0-41C7-830D-044BF9AA941C}.Ad-Hoc|iPhoneSimulator.Build.0 = Debug|Any CPU
		{4745E9BE-5BC0-41C7-830D-044BF9AA941C}.Ad-Hoc|x64.ActiveCfg = Debug|Any CPU
		{4745E9BE-5BC0-41C7-830D-044BF9AA941C}.Ad-Hoc|x64.Build.0 = Debug|Any CPU
		{4745E9BE-5BC0-41C7-830D-044BF9AA941C}.Ad-Hoc|x86.ActiveCfg = Debug|Any CPU
		{4745E9BE-5BC0-41C7-830D-044BF9AA941C}.Ad-Hoc|x86.Build.0 = Debug|Any CPU
		{4745E9BE-5BC0-41C7-830D-044BF9AA941C}.AppStore|Any CPU.ActiveCfg = Debug|Any CPU
		{4745E9BE-5BC0-41C7-830D-044BF9AA941C}.AppStore|Any CPU.Build.0 = Debug|Any CPU
		{4745E9BE-5BC0-41C7-830D-044BF9AA941C}.AppStore|ARM.ActiveCfg = Debug|Any CPU
		{4745E9BE-5BC0-41C7-830D-044BF9AA941C}.AppStore|ARM.Build.0 = Debug|Any CPU
		{4745E9BE-5BC0-41C7-830D-044BF9AA941C}.AppStore|iPhone.ActiveCfg = Debug|Any CPU
		{4745E9BE-5BC0-41C7-830D-044BF9AA941C}.AppStore|iPhone.Build.0 = Debug|Any CPU
		{4745E9BE-5BC0-41C7-830D-044BF9AA941C}.AppStore|iPhoneSimulator.ActiveCfg = Debug|Any CPU
		{4745E9BE-5BC0-41C7-830D-044BF9AA941C}.AppStore|iPhoneSimulator.Build.0 = Debug|Any CPU
		{4745E9BE-5BC0-41C7-830D-044BF9AA941C}.AppStore|x64.ActiveCfg = Debug|Any CPU
		{4745E9BE-5BC0-41C7-830D-044BF9AA941C}.AppStore|x64.Build.0 = Debug|Any CPU
		{4745E9BE-5BC0-41C7-830D-044BF9AA941C}.AppStore|x86.ActiveCfg = Debug|Any CPU
		{4745E9BE-5BC0-41C7-830D-044BF9AA941C}.AppStore|x86.Build.0 = Debug|Any CPU
		{4745E9BE-5BC0-41C7-830D-044BF9AA941C}.Debug|Any CPU.ActiveCfg = Debug|Any CPU
		{4745E9BE-5BC0-41C7-830D-044BF9AA941C}.Debug|Any CPU.Build.0 = Debug|Any CPU
		{4745E9BE-5BC0-41C7-830D-044BF9AA941C}.Debug|ARM.ActiveCfg = Debug|Any CPU
		{4745E9BE-5BC0-41C7-830D-044BF9AA941C}.Debug|ARM.Build.0 = Debug|Any CPU
		{4745E9BE-5BC0-41C7-830D-044BF9AA941C}.Debug|iPhone.ActiveCfg = Debug|Any CPU
		{4745E9BE-5BC0-41C7-830D-044BF9AA941C}.Debug|iPhone.Build.0 = Debug|Any CPU
		{4745E9BE-5BC0-41C7-830D-044BF9AA941C}.Debug|iPhoneSimulator.ActiveCfg = Debug|Any CPU
		{4745E9BE-5BC0-41C7-830D-044BF9AA941C}.Debug|iPhoneSimulator.Build.0 = Debug|Any CPU
		{4745E9BE-5BC0-41C7-830D-044BF9AA941C}.Debug|x64.ActiveCfg = Debug|Any CPU
		{4745E9BE-5BC0-41C7-830D-044BF9AA941C}.Debug|x64.Build.0 = Debug|Any CPU
		{4745E9BE-5BC0-41C7-830D-044BF9AA941C}.Debug|x86.ActiveCfg = Debug|Any CPU
		{4745E9BE-5BC0-41C7-830D-044BF9AA941C}.Debug|x86.Build.0 = Debug|Any CPU
		{4745E9BE-5BC0-41C7-830D-044BF9AA941C}.Release|Any CPU.ActiveCfg = Release|Any CPU
		{4745E9BE-5BC0-41C7-830D-044BF9AA941C}.Release|Any CPU.Build.0 = Release|Any CPU
		{4745E9BE-5BC0-41C7-830D-044BF9AA941C}.Release|ARM.ActiveCfg = Release|Any CPU
		{4745E9BE-5BC0-41C7-830D-044BF9AA941C}.Release|ARM.Build.0 = Release|Any CPU
		{4745E9BE-5BC0-41C7-830D-044BF9AA941C}.Release|iPhone.ActiveCfg = Release|Any CPU
		{4745E9BE-5BC0-41C7-830D-044BF9AA941C}.Release|iPhone.Build.0 = Release|Any CPU
		{4745E9BE-5BC0-41C7-830D-044BF9AA941C}.Release|iPhoneSimulator.ActiveCfg = Release|Any CPU
		{4745E9BE-5BC0-41C7-830D-044BF9AA941C}.Release|iPhoneSimulator.Build.0 = Release|Any CPU
		{4745E9BE-5BC0-41C7-830D-044BF9AA941C}.Release|x64.ActiveCfg = Release|Any CPU
		{4745E9BE-5BC0-41C7-830D-044BF9AA941C}.Release|x64.Build.0 = Release|Any CPU
		{4745E9BE-5BC0-41C7-830D-044BF9AA941C}.Release|x86.ActiveCfg = Release|Any CPU
		{4745E9BE-5BC0-41C7-830D-044BF9AA941C}.Release|x86.Build.0 = Release|Any CPU
		{4745E9BE-5BC0-41C7-830D-044BF9AA941C}.Test|Any CPU.ActiveCfg = Debug|Any CPU
		{4745E9BE-5BC0-41C7-830D-044BF9AA941C}.Test|Any CPU.Build.0 = Debug|Any CPU
		{4745E9BE-5BC0-41C7-830D-044BF9AA941C}.Test|ARM.ActiveCfg = Debug|Any CPU
		{4745E9BE-5BC0-41C7-830D-044BF9AA941C}.Test|ARM.Build.0 = Debug|Any CPU
		{4745E9BE-5BC0-41C7-830D-044BF9AA941C}.Test|iPhone.ActiveCfg = Debug|Any CPU
		{4745E9BE-5BC0-41C7-830D-044BF9AA941C}.Test|iPhone.Build.0 = Debug|Any CPU
		{4745E9BE-5BC0-41C7-830D-044BF9AA941C}.Test|iPhoneSimulator.ActiveCfg = Debug|Any CPU
		{4745E9BE-5BC0-41C7-830D-044BF9AA941C}.Test|iPhoneSimulator.Build.0 = Debug|Any CPU
		{4745E9BE-5BC0-41C7-830D-044BF9AA941C}.Test|x64.ActiveCfg = Debug|Any CPU
		{4745E9BE-5BC0-41C7-830D-044BF9AA941C}.Test|x64.Build.0 = Debug|Any CPU
		{4745E9BE-5BC0-41C7-830D-044BF9AA941C}.Test|x86.ActiveCfg = Debug|Any CPU
		{4745E9BE-5BC0-41C7-830D-044BF9AA941C}.Test|x86.Build.0 = Debug|Any CPU
		{12E18208-D84D-4CBB-AFE2-0D340263B156}.Ad-Hoc|Any CPU.ActiveCfg = Debug|Any CPU
		{12E18208-D84D-4CBB-AFE2-0D340263B156}.Ad-Hoc|Any CPU.Build.0 = Debug|Any CPU
		{12E18208-D84D-4CBB-AFE2-0D340263B156}.Ad-Hoc|ARM.ActiveCfg = Debug|Any CPU
		{12E18208-D84D-4CBB-AFE2-0D340263B156}.Ad-Hoc|ARM.Build.0 = Debug|Any CPU
		{12E18208-D84D-4CBB-AFE2-0D340263B156}.Ad-Hoc|iPhone.ActiveCfg = Debug|Any CPU
		{12E18208-D84D-4CBB-AFE2-0D340263B156}.Ad-Hoc|iPhone.Build.0 = Debug|Any CPU
		{12E18208-D84D-4CBB-AFE2-0D340263B156}.Ad-Hoc|iPhoneSimulator.ActiveCfg = Debug|Any CPU
		{12E18208-D84D-4CBB-AFE2-0D340263B156}.Ad-Hoc|iPhoneSimulator.Build.0 = Debug|Any CPU
		{12E18208-D84D-4CBB-AFE2-0D340263B156}.Ad-Hoc|x64.ActiveCfg = Debug|Any CPU
		{12E18208-D84D-4CBB-AFE2-0D340263B156}.Ad-Hoc|x64.Build.0 = Debug|Any CPU
		{12E18208-D84D-4CBB-AFE2-0D340263B156}.Ad-Hoc|x86.ActiveCfg = Debug|Any CPU
		{12E18208-D84D-4CBB-AFE2-0D340263B156}.Ad-Hoc|x86.Build.0 = Debug|Any CPU
		{12E18208-D84D-4CBB-AFE2-0D340263B156}.AppStore|Any CPU.ActiveCfg = Debug|Any CPU
		{12E18208-D84D-4CBB-AFE2-0D340263B156}.AppStore|Any CPU.Build.0 = Debug|Any CPU
		{12E18208-D84D-4CBB-AFE2-0D340263B156}.AppStore|ARM.ActiveCfg = Debug|Any CPU
		{12E18208-D84D-4CBB-AFE2-0D340263B156}.AppStore|ARM.Build.0 = Debug|Any CPU
		{12E18208-D84D-4CBB-AFE2-0D340263B156}.AppStore|iPhone.ActiveCfg = Debug|Any CPU
		{12E18208-D84D-4CBB-AFE2-0D340263B156}.AppStore|iPhone.Build.0 = Debug|Any CPU
		{12E18208-D84D-4CBB-AFE2-0D340263B156}.AppStore|iPhoneSimulator.ActiveCfg = Debug|Any CPU
		{12E18208-D84D-4CBB-AFE2-0D340263B156}.AppStore|iPhoneSimulator.Build.0 = Debug|Any CPU
		{12E18208-D84D-4CBB-AFE2-0D340263B156}.AppStore|x64.ActiveCfg = Debug|Any CPU
		{12E18208-D84D-4CBB-AFE2-0D340263B156}.AppStore|x64.Build.0 = Debug|Any CPU
		{12E18208-D84D-4CBB-AFE2-0D340263B156}.AppStore|x86.ActiveCfg = Debug|Any CPU
		{12E18208-D84D-4CBB-AFE2-0D340263B156}.AppStore|x86.Build.0 = Debug|Any CPU
		{12E18208-D84D-4CBB-AFE2-0D340263B156}.Debug|Any CPU.ActiveCfg = Debug|Any CPU
		{12E18208-D84D-4CBB-AFE2-0D340263B156}.Debug|Any CPU.Build.0 = Debug|Any CPU
		{12E18208-D84D-4CBB-AFE2-0D340263B156}.Debug|ARM.ActiveCfg = Debug|Any CPU
		{12E18208-D84D-4CBB-AFE2-0D340263B156}.Debug|ARM.Build.0 = Debug|Any CPU
		{12E18208-D84D-4CBB-AFE2-0D340263B156}.Debug|iPhone.ActiveCfg = Debug|Any CPU
		{12E18208-D84D-4CBB-AFE2-0D340263B156}.Debug|iPhone.Build.0 = Debug|Any CPU
		{12E18208-D84D-4CBB-AFE2-0D340263B156}.Debug|iPhoneSimulator.ActiveCfg = Debug|Any CPU
		{12E18208-D84D-4CBB-AFE2-0D340263B156}.Debug|iPhoneSimulator.Build.0 = Debug|Any CPU
		{12E18208-D84D-4CBB-AFE2-0D340263B156}.Debug|x64.ActiveCfg = Debug|Any CPU
		{12E18208-D84D-4CBB-AFE2-0D340263B156}.Debug|x64.Build.0 = Debug|Any CPU
		{12E18208-D84D-4CBB-AFE2-0D340263B156}.Debug|x86.ActiveCfg = Debug|Any CPU
		{12E18208-D84D-4CBB-AFE2-0D340263B156}.Debug|x86.Build.0 = Debug|Any CPU
		{12E18208-D84D-4CBB-AFE2-0D340263B156}.Release|Any CPU.ActiveCfg = Release|Any CPU
		{12E18208-D84D-4CBB-AFE2-0D340263B156}.Release|Any CPU.Build.0 = Release|Any CPU
		{12E18208-D84D-4CBB-AFE2-0D340263B156}.Release|ARM.ActiveCfg = Release|Any CPU
		{12E18208-D84D-4CBB-AFE2-0D340263B156}.Release|ARM.Build.0 = Release|Any CPU
		{12E18208-D84D-4CBB-AFE2-0D340263B156}.Release|iPhone.ActiveCfg = Release|Any CPU
		{12E18208-D84D-4CBB-AFE2-0D340263B156}.Release|iPhone.Build.0 = Release|Any CPU
		{12E18208-D84D-4CBB-AFE2-0D340263B156}.Release|iPhoneSimulator.ActiveCfg = Release|Any CPU
		{12E18208-D84D-4CBB-AFE2-0D340263B156}.Release|iPhoneSimulator.Build.0 = Release|Any CPU
		{12E18208-D84D-4CBB-AFE2-0D340263B156}.Release|x64.ActiveCfg = Release|Any CPU
		{12E18208-D84D-4CBB-AFE2-0D340263B156}.Release|x64.Build.0 = Release|Any CPU
		{12E18208-D84D-4CBB-AFE2-0D340263B156}.Release|x86.ActiveCfg = Release|Any CPU
		{12E18208-D84D-4CBB-AFE2-0D340263B156}.Release|x86.Build.0 = Release|Any CPU
		{12E18208-D84D-4CBB-AFE2-0D340263B156}.Test|Any CPU.ActiveCfg = Debug|Any CPU
		{12E18208-D84D-4CBB-AFE2-0D340263B156}.Test|Any CPU.Build.0 = Debug|Any CPU
		{12E18208-D84D-4CBB-AFE2-0D340263B156}.Test|ARM.ActiveCfg = Debug|Any CPU
		{12E18208-D84D-4CBB-AFE2-0D340263B156}.Test|ARM.Build.0 = Debug|Any CPU
		{12E18208-D84D-4CBB-AFE2-0D340263B156}.Test|iPhone.ActiveCfg = Debug|Any CPU
		{12E18208-D84D-4CBB-AFE2-0D340263B156}.Test|iPhone.Build.0 = Debug|Any CPU
		{12E18208-D84D-4CBB-AFE2-0D340263B156}.Test|iPhoneSimulator.ActiveCfg = Debug|Any CPU
		{12E18208-D84D-4CBB-AFE2-0D340263B156}.Test|iPhoneSimulator.Build.0 = Debug|Any CPU
		{12E18208-D84D-4CBB-AFE2-0D340263B156}.Test|x64.ActiveCfg = Debug|Any CPU
		{12E18208-D84D-4CBB-AFE2-0D340263B156}.Test|x64.Build.0 = Debug|Any CPU
		{12E18208-D84D-4CBB-AFE2-0D340263B156}.Test|x86.ActiveCfg = Debug|Any CPU
		{12E18208-D84D-4CBB-AFE2-0D340263B156}.Test|x86.Build.0 = Debug|Any CPU
	EndGlobalSection
	GlobalSection(SolutionProperties) = preSolution
		HideSolutionNode = FALSE
	EndGlobalSection
	GlobalSection(NestedProjects) = preSolution
		{8FBA811F-DBD7-43F1-8F61-615CCCBCD357} = {315A57C2-2AB1-4D88-8505-9E28EFE514D9}
		{CB757FF5-EC69-4C6B-8A2F-922D2DBEE646} = {315A57C2-2AB1-4D88-8505-9E28EFE514D9}
		{337E970F-3244-44AC-B9F3-17B3FDB48EE6} = {315A57C2-2AB1-4D88-8505-9E28EFE514D9}
		{800D23EA-76AA-48ED-BA76-37E1A3106EAC} = {315A57C2-2AB1-4D88-8505-9E28EFE514D9}
		{9B77832F-F802-4A70-AD1F-3E9F010947DE} = {61987F64-E278-41CF-A541-80D891263570}
		{624672A4-47A8-4C9E-A741-D7EE6A1661D5} = {61987F64-E278-41CF-A541-80D891263570}
		{12E18208-D84D-4CBB-AFE2-0D340263B156} = {61987F64-E278-41CF-A541-80D891263570}
	EndGlobalSection
	GlobalSection(ExtensibilityGlobals) = postSolution
		SolutionGuid = {7F09451C-9AB3-4FB6-95C0-CB1CFD9160B4}
	EndGlobalSection
EndGlobal
