
Microsoft Visual Studio Solution File, Format Version 12.00
# Visual Studio 15
VisualStudioVersion = 15.0.27703.2026
MinimumVisualStudioVersion = 10.0.40219.1
Project("{FAE04EC0-301F-11D3-BF4B-00C04F79EFBC}") = "XamarinFormsSample.Android", "XFSample\XFSample.Android\XFSample.Android.csproj", "{0E4E18D0-E609-4781-8B5E-8F0CE30948FE}"
EndProject
Project("{FAE04EC0-301F-11D3-BF4B-00C04F79EFBC}") = "XamarinFormsSample.iOS", "XFSample\XFSample.iOS\XFSample.iOS.csproj", "{4FD64A76-1B4B-4505-A27F-0A4E91AF320D}"
EndProject
Project("{FAE04EC0-301F-11D3-BF4B-00C04F79EFBC}") = "XamarinFormsSample.UWP", "XFSample\XFSample.UWP\XFSample.UWP.csproj", "{67DF4896-BF95-406C-822E-42EEF5F342EA}"
EndProject
Project("{FAE04EC0-301F-11D3-BF4B-00C04F79EFBC}") = "XamarinFormsSample", "XFSample\XFSample\XFSample.csproj", "{EA3D97E8-476F-440C-AA7A-814983FA0D94}"
EndProject
Global
	GlobalSection(SolutionConfigurationPlatforms) = preSolution
		Debug|Any CPU = Debug|Any CPU
		Debug|ARM = Debug|ARM
		Debug|iPhone = Debug|iPhone
		Debug|iPhoneSimulator = Debug|iPhoneSimulator
		Debug|x64 = Debug|x64
		Debug|x86 = Debug|x86
		Release|Any CPU = Release|Any CPU
		Release|ARM = Release|ARM
		Release|iPhone = Release|iPhone
		Release|iPhoneSimulator = Release|iPhoneSimulator
		Release|x64 = Release|x64
		Release|x86 = Release|x86
	EndGlobalSection
	GlobalSection(ProjectConfigurationPlatforms) = postSolution
		{0E4E18D0-E609-4781-8B5E-8F0CE30948FE}.Debug|Any CPU.ActiveCfg = Debug|Any CPU
		{0E4E18D0-E609-4781-8B5E-8F0CE30948FE}.Debug|Any CPU.Build.0 = Debug|Any CPU
		{0E4E18D0-E609-4781-8B5E-8F0CE30948FE}.Debug|Any CPU.Deploy.0 = Debug|Any CPU
		{0E4E18D0-E609-4781-8B5E-8F0CE30948FE}.Debug|ARM.ActiveCfg = Debug|Any CPU
		{0E4E18D0-E609-4781-8B5E-8F0CE30948FE}.Debug|ARM.Build.0 = Debug|Any CPU
		{0E4E18D0-E609-4781-8B5E-8F0CE30948FE}.Debug|ARM.Deploy.0 = Debug|Any CPU
		{0E4E18D0-E609-4781-8B5E-8F0CE30948FE}.Debug|iPhone.ActiveCfg = Debug|Any CPU
		{0E4E18D0-E609-4781-8B5E-8F0CE30948FE}.Debug|iPhone.Build.0 = Debug|Any CPU
		{0E4E18D0-E609-4781-8B5E-8F0CE30948FE}.Debug|iPhone.Deploy.0 = Debug|Any CPU
		{0E4E18D0-E609-4781-8B5E-8F0CE30948FE}.Debug|iPhoneSimulator.ActiveCfg = Debug|Any CPU
		{0E4E18D0-E609-4781-8B5E-8F0CE30948FE}.Debug|iPhoneSimulator.Build.0 = Debug|Any CPU
		{0E4E18D0-E609-4781-8B5E-8F0CE30948FE}.Debug|iPhoneSimulator.Deploy.0 = Debug|Any CPU
		{0E4E18D0-E609-4781-8B5E-8F0CE30948FE}.Debug|x64.ActiveCfg = Debug|Any CPU
		{0E4E18D0-E609-4781-8B5E-8F0CE30948FE}.Debug|x64.Build.0 = Debug|Any CPU
		{0E4E18D0-E609-4781-8B5E-8F0CE30948FE}.Debug|x64.Deploy.0 = Debug|Any CPU
		{0E4E18D0-E609-4781-8B5E-8F0CE30948FE}.Debug|x86.ActiveCfg = Debug|Any CPU
		{0E4E18D0-E609-4781-8B5E-8F0CE30948FE}.Debug|x86.Build.0 = Debug|Any CPU
		{0E4E18D0-E609-4781-8B5E-8F0CE30948FE}.Debug|x86.Deploy.0 = Debug|Any CPU
		{0E4E18D0-E609-4781-8B5E-8F0CE30948FE}.Release|Any CPU.ActiveCfg = Release|Any CPU
		{0E4E18D0-E609-4781-8B5E-8F0CE30948FE}.Release|Any CPU.Build.0 = Release|Any CPU
		{0E4E18D0-E609-4781-8B5E-8F0CE30948FE}.Release|Any CPU.Deploy.0 = Release|Any CPU
		{0E4E18D0-E609-4781-8B5E-8F0CE30948FE}.Release|ARM.ActiveCfg = Release|Any CPU
		{0E4E18D0-E609-4781-8B5E-8F0CE30948FE}.Release|ARM.Build.0 = Release|Any CPU
		{0E4E18D0-E609-4781-8B5E-8F0CE30948FE}.Release|ARM.Deploy.0 = Release|Any CPU
		{0E4E18D0-E609-4781-8B5E-8F0CE30948FE}.Release|iPhone.ActiveCfg = Release|Any CPU
		{0E4E18D0-E609-4781-8B5E-8F0CE30948FE}.Release|iPhone.Build.0 = Release|Any CPU
		{0E4E18D0-E609-4781-8B5E-8F0CE30948FE}.Release|iPhone.Deploy.0 = Release|Any CPU
		{0E4E18D0-E609-4781-8B5E-8F0CE30948FE}.Release|iPhoneSimulator.ActiveCfg = Release|Any CPU
		{0E4E18D0-E609-4781-8B5E-8F0CE30948FE}.Release|iPhoneSimulator.Build.0 = Release|Any CPU
		{0E4E18D0-E609-4781-8B5E-8F0CE30948FE}.Release|iPhoneSimulator.Deploy.0 = Release|Any CPU
		{0E4E18D0-E609-4781-8B5E-8F0CE30948FE}.Release|x64.ActiveCfg = Release|Any CPU
		{0E4E18D0-E609-4781-8B5E-8F0CE30948FE}.Release|x64.Build.0 = Release|Any CPU
		{0E4E18D0-E609-4781-8B5E-8F0CE30948FE}.Release|x64.Deploy.0 = Release|Any CPU
		{0E4E18D0-E609-4781-8B5E-8F0CE30948FE}.Release|x86.ActiveCfg = Release|Any CPU
		{0E4E18D0-E609-4781-8B5E-8F0CE30948FE}.Release|x86.Build.0 = Release|Any CPU
		{0E4E18D0-E609-4781-8B5E-8F0CE30948FE}.Release|x86.Deploy.0 = Release|Any CPU
		{4FD64A76-1B4B-4505-A27F-0A4E91AF320D}.Debug|Any CPU.ActiveCfg = Debug|iPhoneSimulator
		{4FD64A76-1B4B-4505-A27F-0A4E91AF320D}.Debug|Any CPU.Build.0 = Debug|iPhoneSimulator
		{4FD64A76-1B4B-4505-A27F-0A4E91AF320D}.Debug|Any CPU.Deploy.0 = Debug|iPhoneSimulator
		{4FD64A76-1B4B-4505-A27F-0A4E91AF320D}.Debug|ARM.ActiveCfg = Debug|iPhone
		{4FD64A76-1B4B-4505-A27F-0A4E91AF320D}.Debug|ARM.Build.0 = Debug|iPhone
		{4FD64A76-1B4B-4505-A27F-0A4E91AF320D}.Debug|ARM.Deploy.0 = Debug|iPhone
		{4FD64A76-1B4B-4505-A27F-0A4E91AF320D}.Debug|iPhone.ActiveCfg = Debug|iPhone
		{4FD64A76-1B4B-4505-A27F-0A4E91AF320D}.Debug|iPhone.Build.0 = Debug|iPhone
		{4FD64A76-1B4B-4505-A27F-0A4E91AF320D}.Debug|iPhone.Deploy.0 = Debug|iPhone
		{4FD64A76-1B4B-4505-A27F-0A4E91AF320D}.Debug|iPhoneSimulator.ActiveCfg = Debug|iPhoneSimulator
		{4FD64A76-1B4B-4505-A27F-0A4E91AF320D}.Debug|iPhoneSimulator.Build.0 = Debug|iPhoneSimulator
		{4FD64A76-1B4B-4505-A27F-0A4E91AF320D}.Debug|iPhoneSimulator.Deploy.0 = Debug|iPhoneSimulator
		{4FD64A76-1B4B-4505-A27F-0A4E91AF320D}.Debug|x64.ActiveCfg = Debug|iPhone
		{4FD64A76-1B4B-4505-A27F-0A4E91AF320D}.Debug|x64.Build.0 = Debug|iPhone
		{4FD64A76-1B4B-4505-A27F-0A4E91AF320D}.Debug|x64.Deploy.0 = Debug|iPhone
		{4FD64A76-1B4B-4505-A27F-0A4E91AF320D}.Debug|x86.ActiveCfg = Debug|iPhone
		{4FD64A76-1B4B-4505-A27F-0A4E91AF320D}.Debug|x86.Build.0 = Debug|iPhone
		{4FD64A76-1B4B-4505-A27F-0A4E91AF320D}.Debug|x86.Deploy.0 = Debug|iPhone
		{4FD64A76-1B4B-4505-A27F-0A4E91AF320D}.Release|Any CPU.ActiveCfg = Release|iPhone
		{4FD64A76-1B4B-4505-A27F-0A4E91AF320D}.Release|Any CPU.Build.0 = Release|iPhone
		{4FD64A76-1B4B-4505-A27F-0A4E91AF320D}.Release|Any CPU.Deploy.0 = Release|iPhone
		{4FD64A76-1B4B-4505-A27F-0A4E91AF320D}.Release|ARM.ActiveCfg = Release|iPhone
		{4FD64A76-1B4B-4505-A27F-0A4E91AF320D}.Release|ARM.Build.0 = Release|iPhone
		{4FD64A76-1B4B-4505-A27F-0A4E91AF320D}.Release|ARM.Deploy.0 = Release|iPhone
		{4FD64A76-1B4B-4505-A27F-0A4E91AF320D}.Release|iPhone.ActiveCfg = Release|iPhone
		{4FD64A76-1B4B-4505-A27F-0A4E91AF320D}.Release|iPhone.Build.0 = Release|iPhone
		{4FD64A76-1B4B-4505-A27F-0A4E91AF320D}.Release|iPhone.Deploy.0 = Release|iPhone
		{4FD64A76-1B4B-4505-A27F-0A4E91AF320D}.Release|iPhoneSimulator.ActiveCfg = Release|iPhoneSimulator
		{4FD64A76-1B4B-4505-A27F-0A4E91AF320D}.Release|iPhoneSimulator.Build.0 = Release|iPhoneSimulator
		{4FD64A76-1B4B-4505-A27F-0A4E91AF320D}.Release|iPhoneSimulator.Deploy.0 = Release|iPhoneSimulator
		{4FD64A76-1B4B-4505-A27F-0A4E91AF320D}.Release|x64.ActiveCfg = Release|iPhone
		{4FD64A76-1B4B-4505-A27F-0A4E91AF320D}.Release|x64.Build.0 = Release|iPhone
		{4FD64A76-1B4B-4505-A27F-0A4E91AF320D}.Release|x64.Deploy.0 = Release|iPhone
		{4FD64A76-1B4B-4505-A27F-0A4E91AF320D}.Release|x86.ActiveCfg = Release|iPhone
		{4FD64A76-1B4B-4505-A27F-0A4E91AF320D}.Release|x86.Build.0 = Release|iPhone
		{4FD64A76-1B4B-4505-A27F-0A4E91AF320D}.Release|x86.Deploy.0 = Release|iPhone
		{67DF4896-BF95-406C-822E-42EEF5F342EA}.Debug|Any CPU.ActiveCfg = Debug|x86
		{67DF4896-BF95-406C-822E-42EEF5F342EA}.Debug|Any CPU.Build.0 = Debug|x86
		{67DF4896-BF95-406C-822E-42EEF5F342EA}.Debug|Any CPU.Deploy.0 = Debug|x86
		{67DF4896-BF95-406C-822E-42EEF5F342EA}.Debug|ARM.ActiveCfg = Debug|ARM
		{67DF4896-BF95-406C-822E-42EEF5F342EA}.Debug|ARM.Build.0 = Debug|ARM
		{67DF4896-BF95-406C-822E-42EEF5F342EA}.Debug|ARM.Deploy.0 = Debug|ARM
		{67DF4896-BF95-406C-822E-42EEF5F342EA}.Debug|iPhone.ActiveCfg = Debug|x86
		{67DF4896-BF95-406C-822E-42EEF5F342EA}.Debug|iPhone.Build.0 = Debug|x86
		{67DF4896-BF95-406C-822E-42EEF5F342EA}.Debug|iPhone.Deploy.0 = Debug|x86
		{67DF4896-BF95-406C-822E-42EEF5F342EA}.Debug|iPhoneSimulator.ActiveCfg = Debug|x86
		{67DF4896-BF95-406C-822E-42EEF5F342EA}.Debug|iPhoneSimulator.Build.0 = Debug|x86
		{67DF4896-BF95-406C-822E-42EEF5F342EA}.Debug|iPhoneSimulator.Deploy.0 = Debug|x86
		{67DF4896-BF95-406C-822E-42EEF5F342EA}.Debug|x64.ActiveCfg = Debug|x64
		{67DF4896-BF95-406C-822E-42EEF5F342EA}.Debug|x64.Build.0 = Debug|x64
		{67DF4896-BF95-406C-822E-42EEF5F342EA}.Debug|x64.Deploy.0 = Debug|x64
		{67DF4896-BF95-406C-822E-42EEF5F342EA}.Debug|x86.ActiveCfg = Debug|x86
		{67DF4896-BF95-406C-822E-42EEF5F342EA}.Debug|x86.Build.0 = Debug|x86
		{67DF4896-BF95-406C-822E-42EEF5F342EA}.Debug|x86.Deploy.0 = Debug|x86
		{67DF4896-BF95-406C-822E-42EEF5F342EA}.Release|Any CPU.ActiveCfg = Release|x86
		{67DF4896-BF95-406C-822E-42EEF5F342EA}.Release|Any CPU.Build.0 = Release|x86
		{67DF4896-BF95-406C-822E-42EEF5F342EA}.Release|Any CPU.Deploy.0 = Release|x86
		{67DF4896-BF95-406C-822E-42EEF5F342EA}.Release|ARM.ActiveCfg = Release|ARM
		{67DF4896-BF95-406C-822E-42EEF5F342EA}.Release|ARM.Build.0 = Release|ARM
		{67DF4896-BF95-406C-822E-42EEF5F342EA}.Release|ARM.Deploy.0 = Release|ARM
		{67DF4896-BF95-406C-822E-42EEF5F342EA}.Release|iPhone.ActiveCfg = Release|x86
		{67DF4896-BF95-406C-822E-42EEF5F342EA}.Release|iPhone.Build.0 = Release|x86
		{67DF4896-BF95-406C-822E-42EEF5F342EA}.Release|iPhone.Deploy.0 = Release|x86
		{67DF4896-BF95-406C-822E-42EEF5F342EA}.Release|iPhoneSimulator.ActiveCfg = Release|x86
		{67DF4896-BF95-406C-822E-42EEF5F342EA}.Release|iPhoneSimulator.Build.0 = Release|x86
		{67DF4896-BF95-406C-822E-42EEF5F342EA}.Release|iPhoneSimulator.Deploy.0 = Release|x86
		{67DF4896-BF95-406C-822E-42EEF5F342EA}.Release|x64.ActiveCfg = Release|x64
		{67DF4896-BF95-406C-822E-42EEF5F342EA}.Release|x64.Build.0 = Release|x64
		{67DF4896-BF95-406C-822E-42EEF5F342EA}.Release|x64.Deploy.0 = Release|x64
		{67DF4896-BF95-406C-822E-42EEF5F342EA}.Release|x86.ActiveCfg = Release|x86
		{67DF4896-BF95-406C-822E-42EEF5F342EA}.Release|x86.Build.0 = Release|x86
		{67DF4896-BF95-406C-822E-42EEF5F342EA}.Release|x86.Deploy.0 = Release|x86
		{EA3D97E8-476F-440C-AA7A-814983FA0D94}.Debug|Any CPU.ActiveCfg = Debug|Any CPU
		{EA3D97E8-476F-440C-AA7A-814983FA0D94}.Debug|Any CPU.Build.0 = Debug|Any CPU
		{EA3D97E8-476F-440C-AA7A-814983FA0D94}.Debug|Any CPU.Deploy.0 = Debug|Any CPU
		{EA3D97E8-476F-440C-AA7A-814983FA0D94}.Debug|ARM.ActiveCfg = Debug|Any CPU
		{EA3D97E8-476F-440C-AA7A-814983FA0D94}.Debug|ARM.Build.0 = Debug|Any CPU
		{EA3D97E8-476F-440C-AA7A-814983FA0D94}.Debug|ARM.Deploy.0 = Debug|Any CPU
		{EA3D97E8-476F-440C-AA7A-814983FA0D94}.Debug|iPhone.ActiveCfg = Debug|Any CPU
		{EA3D97E8-476F-440C-AA7A-814983FA0D94}.Debug|iPhone.Build.0 = Debug|Any CPU
		{EA3D97E8-476F-440C-AA7A-814983FA0D94}.Debug|iPhone.Deploy.0 = Debug|Any CPU
		{EA3D97E8-476F-440C-AA7A-814983FA0D94}.Debug|iPhoneSimulator.ActiveCfg = Debug|Any CPU
		{EA3D97E8-476F-440C-AA7A-814983FA0D94}.Debug|iPhoneSimulator.Build.0 = Debug|Any CPU
		{EA3D97E8-476F-440C-AA7A-814983FA0D94}.Debug|iPhoneSimulator.Deploy.0 = Debug|Any CPU
		{EA3D97E8-476F-440C-AA7A-814983FA0D94}.Debug|x64.ActiveCfg = Debug|Any CPU
		{EA3D97E8-476F-440C-AA7A-814983FA0D94}.Debug|x64.Build.0 = Debug|Any CPU
		{EA3D97E8-476F-440C-AA7A-814983FA0D94}.Debug|x64.Deploy.0 = Debug|Any CPU
		{EA3D97E8-476F-440C-AA7A-814983FA0D94}.Debug|x86.ActiveCfg = Debug|Any CPU
		{EA3D97E8-476F-440C-AA7A-814983FA0D94}.Debug|x86.Build.0 = Debug|Any CPU
		{EA3D97E8-476F-440C-AA7A-814983FA0D94}.Debug|x86.Deploy.0 = Debug|Any CPU
		{EA3D97E8-476F-440C-AA7A-814983FA0D94}.Release|Any CPU.ActiveCfg = Release|Any CPU
		{EA3D97E8-476F-440C-AA7A-814983FA0D94}.Release|Any CPU.Build.0 = Release|Any CPU
		{EA3D97E8-476F-440C-AA7A-814983FA0D94}.Release|Any CPU.Deploy.0 = Release|Any CPU
		{EA3D97E8-476F-440C-AA7A-814983FA0D94}.Release|ARM.ActiveCfg = Release|Any CPU
		{EA3D97E8-476F-440C-AA7A-814983FA0D94}.Release|ARM.Build.0 = Release|Any CPU
		{EA3D97E8-476F-440C-AA7A-814983FA0D94}.Release|ARM.Deploy.0 = Release|Any CPU
		{EA3D97E8-476F-440C-AA7A-814983FA0D94}.Release|iPhone.ActiveCfg = Release|Any CPU
		{EA3D97E8-476F-440C-AA7A-814983FA0D94}.Release|iPhone.Build.0 = Release|Any CPU
		{EA3D97E8-476F-440C-AA7A-814983FA0D94}.Release|iPhone.Deploy.0 = Release|Any CPU
		{EA3D97E8-476F-440C-AA7A-814983FA0D94}.Release|iPhoneSimulator.ActiveCfg = Release|Any CPU
		{EA3D97E8-476F-440C-AA7A-814983FA0D94}.Release|iPhoneSimulator.Build.0 = Release|Any CPU
		{EA3D97E8-476F-440C-AA7A-814983FA0D94}.Release|iPhoneSimulator.Deploy.0 = Release|Any CPU
		{EA3D97E8-476F-440C-AA7A-814983FA0D94}.Release|x64.ActiveCfg = Release|Any CPU
		{EA3D97E8-476F-440C-AA7A-814983FA0D94}.Release|x64.Build.0 = Release|Any CPU
		{EA3D97E8-476F-440C-AA7A-814983FA0D94}.Release|x64.Deploy.0 = Release|Any CPU
		{EA3D97E8-476F-440C-AA7A-814983FA0D94}.Release|x86.ActiveCfg = Release|Any CPU
		{EA3D97E8-476F-440C-AA7A-814983FA0D94}.Release|x86.Build.0 = Release|Any CPU
		{EA3D97E8-476F-440C-AA7A-814983FA0D94}.Release|x86.Deploy.0 = Release|Any CPU
	EndGlobalSection
	GlobalSection(SolutionProperties) = preSolution
		HideSolutionNode = FALSE
	EndGlobalSection
	GlobalSection(ExtensibilityGlobals) = postSolution
		SolutionGuid = {E02AC6BF-BF5C-4456-B413-92B1FC27FC98}
	EndGlobalSection
EndGlobal
