
Microsoft Visual Studio Solution File, Format Version 12.00
# Visual Studio 15
VisualStudioVersion = 15.0.27703.2026
MinimumVisualStudioVersion = 10.0.40219.1
Project("{FAE04EC0-301F-11D3-BF4B-00C04F79EFBC}") = "LiveSharp.CoreConsoleSample", "LiveSharp.CoreConsoleSample\LiveSharp.CoreConsoleSample.csproj", "{BB986F16-7731-484F-B068-6F2F8328739D}"
EndProject
Global
	GlobalSection(SolutionConfigurationPlatforms) = preSolution
		Debug|Any CPU = Debug|Any CPU
		Release|Any CPU = Release|Any CPU
	EndGlobalSection
	GlobalSection(ProjectConfigurationPlatforms) = postSolution
		{BB986F16-7731-484F-B068-6F2F8328739D}.Debug|Any CPU.ActiveCfg = Debug|Any CPU
		{BB986F16-7731-484F-B068-6F2F8328739D}.Debug|Any CPU.Build.0 = Debug|Any CPU
		{BB986F16-7731-484F-B068-6F2F8328739D}.Release|Any CPU.ActiveCfg = Release|Any CPU
		{BB986F16-7731-484F-B068-6F2F8328739D}.Release|Any CPU.Build.0 = Release|Any CPU
	EndGlobalSection
	GlobalSection(SolutionProperties) = preSolution
		HideSolutionNode = FALSE
	EndGlobalSection
	GlobalSection(ExtensibilityGlobals) = postSolution
		SolutionGuid = {0FF676A7-E39C-4DE4-8D29-0FE59B5110B3}
	EndGlobalSection
EndGlobal
