
Microsoft Visual Studio Solution File, Format Version 12.00
# Visual Studio 15
VisualStudioVersion = 15.0.27703.2026
MinimumVisualStudioVersion = 10.0.40219.1
Project("{FAE04EC0-301F-11D3-BF4B-00C04F79EFBC}") = "ConsoleSample", "ConsoleSample\ConsoleSample.csproj", "{B1A0872F-D825-45DD-8D8C-A58B758EF77C}"
EndProject
Global
	GlobalSection(SolutionConfigurationPlatforms) = preSolution
		Debug|Any CPU = Debug|Any CPU
		Release|Any CPU = Release|Any CPU
	EndGlobalSection
	GlobalSection(ProjectConfigurationPlatforms) = postSolution
		{B1A0872F-D825-45DD-8D8C-A58B758EF77C}.Debug|Any CPU.ActiveCfg = Debug|Any CPU
		{B1A0872F-D825-45DD-8D8C-A58B758EF77C}.Debug|Any CPU.Build.0 = Debug|Any CPU
		{B1A0872F-D825-45DD-8D8C-A58B758EF77C}.Release|Any CPU.ActiveCfg = Release|Any CPU
		{B1A0872F-D825-45DD-8D8C-A58B758EF77C}.Release|Any CPU.Build.0 = Release|Any CPU
	EndGlobalSection
	GlobalSection(SolutionProperties) = preSolution
		HideSolutionNode = FALSE
	EndGlobalSection
	GlobalSection(ExtensibilityGlobals) = postSolution
		SolutionGuid = {A7A4AFFA-6F94-4E02-B9E1-FA8ACBE54FB3}
	EndGlobalSection
EndGlobal
